<?xml version="1.0" encoding="utf-8"?>
<Project ToolsVersion="4.0" xmlns="http://schemas.microsoft.com/developer/msbuild/2003">
  <ItemGroup>
    <Filter Include="リソース ファイル">
      <UniqueIdentifier>{67DA6AB6-F800-4c08-8B7A-83BB121AAD01}</UniqueIdentifier>
      <Extensions>rc;ico;cur;bmp;dlg;rc2;rct;bin;rgs;gif;jpg;jpeg;jpe;resx;tiff;tif;png;wav;mfcribbon-ms</Extensions>
    </Filter>
    <Filter Include="MyEngine">
      <UniqueIdentifier>{d0c548e8-1e8d-4fa8-af3e-514db00c514c}</UniqueIdentifier>
    </Filter>
    <Filter Include="MyEngine\Function">
      <UniqueIdentifier>{ad63e3c9-e19c-4445-b7d7-07349a5183ef}</UniqueIdentifier>
    </Filter>
    <Filter Include="MyEngine\ソース ファイル">
      <UniqueIdentifier>{4FC737F1-C7A5-4376-A066-2A32D752A2FF}</UniqueIdentifier>
      <Extensions>cpp;c;cc;cxx;c++;cppm;ixx;def;odl;idl;hpj;bat;asm;asmx</Extensions>
    </Filter>
    <Filter Include="MyEngine\ヘッダー ファイル">
      <UniqueIdentifier>{93995380-89BD-4b04-88EB-625FBE52EBFB}</UniqueIdentifier>
      <Extensions>h;hh;hpp;hxx;h++;hm;inl;inc;ipp;xsd</Extensions>
    </Filter>
    <Filter Include="MyEngine\Adapter">
      <UniqueIdentifier>{8986ede4-fff3-408a-b286-3a64b9b00598}</UniqueIdentifier>
    </Filter>
    <Filter Include="imgui">
      <UniqueIdentifier>{8ed0676c-f1d0-4af2-96bc-4c2c8c07c532}</UniqueIdentifier>
    </Filter>
    <Filter Include="MyEngine\struct">
      <UniqueIdentifier>{a9f6920f-f492-4ef2-bb87-6d5e97cbbbdd}</UniqueIdentifier>
    </Filter>
  </ItemGroup>
  <ItemGroup>
    <ClCompile Include="main.cpp">
      <Filter>MyEngine\ソース ファイル</Filter>
    </ClCompile>
    <ClCompile Include="Convert.cpp">
      <Filter>MyEngine\Function</Filter>
    </ClCompile>
    <ClCompile Include="WinApp.cpp">
      <Filter>MyEngine\ソース ファイル</Filter>
    </ClCompile>
    <ClCompile Include="DirectXCommon.cpp">
      <Filter>MyEngine\ソース ファイル</Filter>
    </ClCompile>
    <ClCompile Include="Keta.cpp">
      <Filter>MyEngine\Adapter</Filter>
    </ClCompile>
    <ClCompile Include="Matrix4x4.cpp">
      <Filter>MyEngine\ソース ファイル</Filter>
    </ClCompile>
    <ClCompile Include="externals\imgui\imgui.cpp">
      <Filter>imgui</Filter>
    </ClCompile>
    <ClCompile Include="externals\imgui\imgui_demo.cpp">
      <Filter>imgui</Filter>
    </ClCompile>
    <ClCompile Include="externals\imgui\imgui_draw.cpp">
      <Filter>imgui</Filter>
    </ClCompile>
    <ClCompile Include="externals\imgui\imgui_impl_dx12.cpp">
      <Filter>imgui</Filter>
    </ClCompile>
    <ClCompile Include="externals\imgui\imgui_impl_win32.cpp">
      <Filter>imgui</Filter>
    </ClCompile>
    <ClCompile Include="externals\imgui\imgui_tables.cpp">
      <Filter>imgui</Filter>
    </ClCompile>
    <ClCompile Include="externals\imgui\imgui_widgets.cpp">
      <Filter>imgui</Filter>
    </ClCompile>
    <ClCompile Include="TextureManager.cpp">
      <Filter>MyEngine\ソース ファイル</Filter>
    </ClCompile>
    <ClCompile Include="ImGuiManager.cpp">
      <Filter>MyEngine\ソース ファイル</Filter>
    </ClCompile>
  </ItemGroup>
  <ItemGroup>
    <ClInclude Include="Convert.h">
      <Filter>MyEngine\Function</Filter>
    </ClInclude>
    <ClInclude Include="WinApp.h">
      <Filter>MyEngine\ヘッダー ファイル</Filter>
    </ClInclude>
    <ClInclude Include="DirectXCommon.h">
      <Filter>MyEngine\ヘッダー ファイル</Filter>
    </ClInclude>
    <ClInclude Include="Keta.h">
      <Filter>MyEngine\Adapter</Filter>
    </ClInclude>
    <ClInclude Include="externals\imgui\imconfig.h">
      <Filter>imgui</Filter>
    </ClInclude>
    <ClInclude Include="externals\imgui\imgui.h">
      <Filter>imgui</Filter>
    </ClInclude>
    <ClInclude Include="externals\imgui\imgui_impl_dx12.h">
      <Filter>imgui</Filter>
    </ClInclude>
    <ClInclude Include="externals\imgui\imgui_impl_win32.h">
      <Filter>imgui</Filter>
    </ClInclude>
    <ClInclude Include="externals\imgui\imgui_internal.h">
      <Filter>imgui</Filter>
    </ClInclude>
    <ClInclude Include="externals\imgui\imstb_rectpack.h">
      <Filter>imgui</Filter>
    </ClInclude>
    <ClInclude Include="externals\imgui\imstb_textedit.h">
      <Filter>imgui</Filter>
    </ClInclude>
    <ClInclude Include="externals\imgui\imstb_truetype.h">
      <Filter>imgui</Filter>
    </ClInclude>
    <ClInclude Include="TextureManager.h">
      <Filter>MyEngine\ヘッダー ファイル</Filter>
    </ClInclude>
    <ClInclude Include="Vector3.h">
      <Filter>MyEngine\struct</Filter>
    </ClInclude>
    <ClInclude Include="Vector4.h">
      <Filter>MyEngine\struct</Filter>
    </ClInclude>
    <ClInclude Include="Transform.h">
      <Filter>MyEngine\struct</Filter>
    </ClInclude>
    <ClInclude Include="Matrix4x4.h">
      <Filter>MyEngine\ヘッダー ファイル</Filter>
    </ClInclude>
    <ClInclude Include="ImGuiManager.h">
      <Filter>MyEngine\ヘッダー ファイル</Filter>
    </ClInclude>
    <ClInclude Include="VertexData.h">
      <Filter>MyEngine\struct</Filter>
    </ClInclude>
    <ClInclude Include="Vector2.h">
      <Filter>MyEngine\struct</Filter>
    </ClInclude>
  </ItemGroup>
  <ItemGroup>
    <FxCompile Include="Object3d.VS.hlsl" />
    <FxCompile Include="Object3d.PS.hlsl" />
  </ItemGroup>
  <ItemGroup>
    <Text Include="externals\imgui\LICENSE.txt">
      <Filter>imgui</Filter>
    </Text>
  </ItemGroup>
  <ItemGroup>
    <None Include="Object3d.hlsli" />
  </ItemGroup>
</Project>