<?xml version="1.0" encoding="utf-8"?>
<Project ToolsVersion="4.0" xmlns="http://schemas.microsoft.com/developer/msbuild/2003">
  <ItemGroup>
    <Filter Include="MyEngine">
      <UniqueIdentifier>{d0c548e8-1e8d-4fa8-af3e-514db00c514c}</UniqueIdentifier>
    </Filter>
    <Filter Include="MyEngine\Function">
      <UniqueIdentifier>{ad63e3c9-e19c-4445-b7d7-07349a5183ef}</UniqueIdentifier>
    </Filter>
    <Filter Include="MyEngine\ソース ファイル">
      <UniqueIdentifier>{4FC737F1-C7A5-4376-A066-2A32D752A2FF}</UniqueIdentifier>
      <Extensions>cpp;c;cc;cxx;c++;cppm;ixx;def;odl;idl;hpj;bat;asm;asmx</Extensions>
    </Filter>
    <Filter Include="MyEngine\ヘッダー ファイル">
      <UniqueIdentifier>{93995380-89BD-4b04-88EB-625FBE52EBFB}</UniqueIdentifier>
      <Extensions>h;hh;hpp;hxx;h++;hm;inl;inc;ipp;xsd</Extensions>
    </Filter>
    <Filter Include="MyEngine\Adapter">
      <UniqueIdentifier>{8986ede4-fff3-408a-b286-3a64b9b00598}</UniqueIdentifier>
    </Filter>
    <Filter Include="imgui">
      <UniqueIdentifier>{8ed0676c-f1d0-4af2-96bc-4c2c8c07c532}</UniqueIdentifier>
    </Filter>
    <Filter Include="math">
      <UniqueIdentifier>{d10818ef-728c-44dd-95e8-9e6de9fc0533}</UniqueIdentifier>
    </Filter>
    <Filter Include="MyEngine\struct">
      <UniqueIdentifier>{652ad917-7098-4697-8956-5714f98e5ed8}</UniqueIdentifier>
    </Filter>
    <Filter Include="リソースファイル">
      <UniqueIdentifier>{21fc63fa-76a7-4761-a85a-64f85e5ca5ab}</UniqueIdentifier>
    </Filter>
    <Filter Include="Scene">
      <UniqueIdentifier>{139ed3c3-bba9-47d7-a283-e1947b0bd5fb}</UniqueIdentifier>
    </Filter>
  </ItemGroup>
  <ItemGroup>
    <ClCompile Include="externals\imgui\imgui.cpp">
      <Filter>imgui</Filter>
    </ClCompile>
    <ClCompile Include="externals\imgui\imgui_demo.cpp">
      <Filter>imgui</Filter>
    </ClCompile>
    <ClCompile Include="externals\imgui\imgui_draw.cpp">
      <Filter>imgui</Filter>
    </ClCompile>
    <ClCompile Include="externals\imgui\imgui_impl_dx12.cpp">
      <Filter>imgui</Filter>
    </ClCompile>
    <ClCompile Include="externals\imgui\imgui_impl_win32.cpp">
      <Filter>imgui</Filter>
    </ClCompile>
    <ClCompile Include="externals\imgui\imgui_tables.cpp">
      <Filter>imgui</Filter>
    </ClCompile>
    <ClCompile Include="externals\imgui\imgui_widgets.cpp">
      <Filter>imgui</Filter>
    </ClCompile>
    <ClCompile Include="Engine\Keta.cpp">
      <Filter>MyEngine\Adapter</Filter>
    </ClCompile>
    <ClCompile Include="Engine\Function\Convert.cpp">
      <Filter>MyEngine\Function</Filter>
    </ClCompile>
    <ClCompile Include="math\Matrix3x3.cpp">
      <Filter>math</Filter>
    </ClCompile>
    <ClCompile Include="math\Matrix4x4.cpp">
      <Filter>math</Filter>
    </ClCompile>
    <ClCompile Include="math\Vector3.cpp">
      <Filter>math</Filter>
    </ClCompile>
    <ClCompile Include="Engine\Audio.cpp">
      <Filter>MyEngine\ソース ファイル</Filter>
    </ClCompile>
    <ClCompile Include="Engine\DebugCamera.cpp">
      <Filter>MyEngine\ソース ファイル</Filter>
    </ClCompile>
    <ClCompile Include="Engine\DirectXCommon.cpp">
      <Filter>MyEngine\ソース ファイル</Filter>
    </ClCompile>
    <ClCompile Include="Engine\ImGuiManager.cpp">
      <Filter>MyEngine\ソース ファイル</Filter>
    </ClCompile>
    <ClCompile Include="Engine\Input.cpp">
      <Filter>MyEngine\ソース ファイル</Filter>
    </ClCompile>
    <ClCompile Include="Engine\Mesh.cpp">
      <Filter>MyEngine\ソース ファイル</Filter>
    </ClCompile>
    <ClCompile Include="Engine\Model.cpp">
      <Filter>MyEngine\ソース ファイル</Filter>
    </ClCompile>
    <ClCompile Include="Engine\SoundManager.cpp">
      <Filter>MyEngine\ソース ファイル</Filter>
    </ClCompile>
    <ClCompile Include="Engine\Sprite.cpp">
      <Filter>MyEngine\ソース ファイル</Filter>
    </ClCompile>
    <ClCompile Include="Engine\TextureManager.cpp">
      <Filter>MyEngine\ソース ファイル</Filter>
    </ClCompile>
    <ClCompile Include="Engine\ViewProjection.cpp">
      <Filter>MyEngine\ソース ファイル</Filter>
    </ClCompile>
    <ClCompile Include="Engine\WinApp.cpp">
      <Filter>MyEngine\ソース ファイル</Filter>
    </ClCompile>
    <ClCompile Include="Engine\WorldTransform.cpp">
      <Filter>MyEngine\ソース ファイル</Filter>
    </ClCompile>
    <ClCompile Include="Engine\WorldTransformManager.cpp">
      <Filter>MyEngine\ソース ファイル</Filter>
    </ClCompile>
    <ClCompile Include="main.cpp">
      <Filter>MyEngine\ソース ファイル</Filter>
    </ClCompile>
    <ClCompile Include="Game\Scene\GameScene.cpp">
      <Filter>Scene</Filter>
    </ClCompile>
    <ClCompile Include="Engine\Light.cpp">
      <Filter>MyEngine\ソース ファイル</Filter>
    </ClCompile>
  </ItemGroup>
  <ItemGroup>
    <ClInclude Include="externals\imgui\imconfig.h">
      <Filter>imgui</Filter>
    </ClInclude>
    <ClInclude Include="externals\imgui\imgui.h">
      <Filter>imgui</Filter>
    </ClInclude>
    <ClInclude Include="externals\imgui\imgui_impl_dx12.h">
      <Filter>imgui</Filter>
    </ClInclude>
    <ClInclude Include="externals\imgui\imgui_impl_win32.h">
      <Filter>imgui</Filter>
    </ClInclude>
    <ClInclude Include="externals\imgui\imgui_internal.h">
      <Filter>imgui</Filter>
    </ClInclude>
    <ClInclude Include="externals\imgui\imstb_rectpack.h">
      <Filter>imgui</Filter>
    </ClInclude>
    <ClInclude Include="externals\imgui\imstb_textedit.h">
      <Filter>imgui</Filter>
    </ClInclude>
    <ClInclude Include="externals\imgui\imstb_truetype.h">
      <Filter>imgui</Filter>
    </ClInclude>
    <ClInclude Include="Engine\Keta.h">
      <Filter>MyEngine\Adapter</Filter>
    </ClInclude>
    <ClInclude Include="Engine\Function\Convert.h">
      <Filter>MyEngine\Function</Filter>
    </ClInclude>
    <ClInclude Include="math\Matrix3x3.h">
      <Filter>math</Filter>
    </ClInclude>
    <ClInclude Include="math\Matrix4x4.h">
      <Filter>math</Filter>
    </ClInclude>
    <ClInclude Include="math\Vector2.h">
      <Filter>math</Filter>
    </ClInclude>
    <ClInclude Include="math\Vector3.h">
      <Filter>math</Filter>
    </ClInclude>
    <ClInclude Include="math\Vector4.h">
      <Filter>math</Filter>
    </ClInclude>
    <ClInclude Include="Engine\struct\D3DResourceLeakCheck.h">
      <Filter>MyEngine\struct</Filter>
    </ClInclude>
    <ClInclude Include="Engine\struct\DirectionalLight.h">
      <Filter>MyEngine\struct</Filter>
    </ClInclude>
    <ClInclude Include="Engine\struct\Material.h">
      <Filter>MyEngine\struct</Filter>
    </ClInclude>
    <ClInclude Include="Engine\struct\MaterialData.h">
      <Filter>MyEngine\struct</Filter>
    </ClInclude>
    <ClInclude Include="Engine\struct\ModelData.h">
      <Filter>MyEngine\struct</Filter>
    </ClInclude>
    <ClInclude Include="Engine\struct\SoundData.h">
      <Filter>MyEngine\struct</Filter>
    </ClInclude>
    <ClInclude Include="Engine\struct\Transform.h">
      <Filter>MyEngine\struct</Filter>
    </ClInclude>
    <ClInclude Include="Engine\struct\TransformationMatrix.h">
      <Filter>MyEngine\struct</Filter>
    </ClInclude>
    <ClInclude Include="Engine\struct\VertexData.h">
      <Filter>MyEngine\struct</Filter>
    </ClInclude>
    <ClInclude Include="Engine\Audio.h">
      <Filter>MyEngine\ヘッダー ファイル</Filter>
    </ClInclude>
    <ClInclude Include="Engine\DebugCamera.h">
      <Filter>MyEngine\ヘッダー ファイル</Filter>
    </ClInclude>
    <ClInclude Include="Engine\DirectXCommon.h">
      <Filter>MyEngine\ヘッダー ファイル</Filter>
    </ClInclude>
    <ClInclude Include="Engine\ImGuiManager.h">
      <Filter>MyEngine\ヘッダー ファイル</Filter>
    </ClInclude>
    <ClInclude Include="Engine\Input.h">
      <Filter>MyEngine\ヘッダー ファイル</Filter>
    </ClInclude>
    <ClInclude Include="Engine\Mesh.h">
      <Filter>MyEngine\ヘッダー ファイル</Filter>
    </ClInclude>
    <ClInclude Include="Engine\Model.h">
      <Filter>MyEngine\ヘッダー ファイル</Filter>
    </ClInclude>
    <ClInclude Include="Engine\SoundManager.h">
      <Filter>MyEngine\ヘッダー ファイル</Filter>
    </ClInclude>
    <ClInclude Include="Engine\Sprite.h">
      <Filter>MyEngine\ヘッダー ファイル</Filter>
    </ClInclude>
    <ClInclude Include="Engine\TextureManager.h">
      <Filter>MyEngine\ヘッダー ファイル</Filter>
    </ClInclude>
    <ClInclude Include="Engine\ViewProjection.h">
      <Filter>MyEngine\ヘッダー ファイル</Filter>
    </ClInclude>
    <ClInclude Include="Engine\WinApp.h">
      <Filter>MyEngine\ヘッダー ファイル</Filter>
    </ClInclude>
    <ClInclude Include="Engine\WorldTransform.h">
      <Filter>MyEngine\ヘッダー ファイル</Filter>
    </ClInclude>
    <ClInclude Include="Engine\WorldTransformManager.h">
      <Filter>MyEngine\ヘッダー ファイル</Filter>
    </ClInclude>
    <ClInclude Include="Game\Scene\GameScene.h">
      <Filter>Scene</Filter>
    </ClInclude>
    <ClInclude Include="Engine\struct\CameraForGPU.h">
      <Filter>MyEngine\struct</Filter>
    </ClInclude>
    <ClInclude Include="Engine\struct\PointLight.h">
      <Filter>MyEngine\struct</Filter>
    </ClInclude>
    <ClInclude Include="Engine\Light.h">
      <Filter>MyEngine\ヘッダー ファイル</Filter>
    </ClInclude>
  </ItemGroup>
  <ItemGroup>
    <Text Include="externals\imgui\LICENSE.txt">
      <Filter>imgui</Filter>
    </Text>
  </ItemGroup>
  <ItemGroup>
    <None Include=".editorconfig" />
    <None Include="Engine\Object3d.hlsli">
      <Filter>リソースファイル</Filter>
    </None>
    <None Include="Engine\Particle.hlsli">
      <Filter>リソースファイル</Filter>
    </None>
  </ItemGroup>
  <ItemGroup>
    <FxCompile Include="Engine\Object3d.PS.hlsl">
      <Filter>リソースファイル</Filter>
    </FxCompile>
    <FxCompile Include="Engine\Object3d.VS.hlsl">
      <Filter>リソースファイル</Filter>
    </FxCompile>
    <FxCompile Include="Engine\Particle.PS.hlsl">
      <Filter>リソースファイル</Filter>
    </FxCompile>
    <FxCompile Include="Engine\Particle.VS.hlsl">
      <Filter>リソースファイル</Filter>
    </FxCompile>
  </ItemGroup>
</Project>