<?xml version="1.0" encoding="utf-8"?>
<Project ToolsVersion="4.0" xmlns="http://schemas.microsoft.com/developer/msbuild/2003">
  <ItemGroup>
    <Filter Include="MyEngine">
      <UniqueIdentifier>{d0c548e8-1e8d-4fa8-af3e-514db00c514c}</UniqueIdentifier>
    </Filter>
    <Filter Include="リソースファイル">
      <UniqueIdentifier>{c2339910-3950-41dd-b9f7-ea5e25aeeb2e}</UniqueIdentifier>
    </Filter>
    <Filter Include="Game">
      <UniqueIdentifier>{adacdffd-d6a9-4d0b-884a-77c132a957b8}</UniqueIdentifier>
    </Filter>
    <Filter Include="MyEngine\.cpp">
      <UniqueIdentifier>{1e67bb20-3562-4679-8c7d-458c14e08be0}</UniqueIdentifier>
    </Filter>
    <Filter Include="MyEngine\.cpp\2d">
      <UniqueIdentifier>{5dcb23b3-f528-445a-8d42-15128d79d561}</UniqueIdentifier>
    </Filter>
    <Filter Include="MyEngine\.cpp\3d">
      <UniqueIdentifier>{78571433-9ad5-43f2-b220-1fc58f13b48f}</UniqueIdentifier>
    </Filter>
    <Filter Include="MyEngine\.cpp\audio">
      <UniqueIdentifier>{91a80052-ed7e-4720-9c49-d32679f21c8c}</UniqueIdentifier>
    </Filter>
    <Filter Include="MyEngine\.cpp\base">
      <UniqueIdentifier>{b81a7c3b-ec8e-4436-a843-f092a6639246}</UniqueIdentifier>
    </Filter>
    <Filter Include="MyEngine\.cpp\function">
      <UniqueIdentifier>{7affc605-8391-44b2-9ee0-8036a209cc43}</UniqueIdentifier>
    </Filter>
    <Filter Include="MyEngine\.cpp\input">
      <UniqueIdentifier>{ad63e3c9-e19c-4445-b7d7-07349a5183ef}</UniqueIdentifier>
    </Filter>
    <Filter Include="MyEngine\.h">
      <UniqueIdentifier>{6b2f8646-1513-4eb8-b7ab-91b2754e232d}</UniqueIdentifier>
    </Filter>
    <Filter Include="MyEngine\.h\2d">
      <UniqueIdentifier>{efa403df-dc30-4839-9c95-529f5eb288e1}</UniqueIdentifier>
    </Filter>
    <Filter Include="MyEngine\.h\3d">
      <UniqueIdentifier>{50134a3f-02fa-4ca4-b41c-ba321129c8f3}</UniqueIdentifier>
    </Filter>
    <Filter Include="MyEngine\.h\base">
      <UniqueIdentifier>{b1ba5475-800f-4254-a92a-8b0253724e38}</UniqueIdentifier>
    </Filter>
    <Filter Include="MyEngine\.h\audio">
      <UniqueIdentifier>{0e02dec0-79f4-4a98-bb17-13f5f059d318}</UniqueIdentifier>
    </Filter>
    <Filter Include="MyEngine\.h\input">
      <UniqueIdentifier>{d5aea933-7fdb-4b37-9f21-73a197e150ea}</UniqueIdentifier>
    </Filter>
    <Filter Include="MyEngine\.h\function">
      <UniqueIdentifier>{cf6f3ae1-1c73-4b3c-862b-18eb24d951f9}</UniqueIdentifier>
    </Filter>
    <Filter Include="MyEngine\.h\struct">
      <UniqueIdentifier>{652ad917-7098-4697-8956-5714f98e5ed8}</UniqueIdentifier>
    </Filter>
    <Filter Include="liberary">
      <UniqueIdentifier>{93a5209c-1414-4f22-87c2-dfbef50762c0}</UniqueIdentifier>
    </Filter>
    <Filter Include="liberary\.cpp">
      <UniqueIdentifier>{96a774f6-d531-4f64-b2be-54499da5d154}</UniqueIdentifier>
    </Filter>
    <Filter Include="liberary\.h">
      <UniqueIdentifier>{5cf3dd84-f1f4-4d11-b337-2e269c86331e}</UniqueIdentifier>
    </Filter>
    <Filter Include="MyEngine\.cpp\Frame">
      <UniqueIdentifier>{cf59ecf4-d58d-4e27-87b7-73bca57fcde7}</UniqueIdentifier>
    </Filter>
    <Filter Include="MyEngine\.h\Frame">
      <UniqueIdentifier>{ec415833-3b92-41b0-ae0c-fe524996c0ed}</UniqueIdentifier>
    </Filter>
    <Filter Include="Game\Scene">
      <UniqueIdentifier>{0ad7b046-7871-4240-ada7-d821a24ed507}</UniqueIdentifier>
    </Filter>
    <Filter Include="MyEngine\.cpp\Collider">
      <UniqueIdentifier>{31794c82-90f5-4d92-8da2-666292754e5b}</UniqueIdentifier>
    </Filter>
    <Filter Include="MyEngine\.cpp\Core">
      <UniqueIdentifier>{b79d053e-0a76-457f-9fe2-ce730fecf455}</UniqueIdentifier>
    </Filter>
    <Filter Include="MyEngine\.h\Core">
      <UniqueIdentifier>{b3d46e0a-491e-4e47-a811-29112d68ed2c}</UniqueIdentifier>
    </Filter>
    <Filter Include="MyEngine\.cpp\utility">
      <UniqueIdentifier>{84912fec-8032-437b-8169-b12e5883cda4}</UniqueIdentifier>
    </Filter>
    <Filter Include="MyEngine\.cpp\utility\Debug">
      <UniqueIdentifier>{8c4bbc4a-e367-4978-b4c5-734f1ee6cb61}</UniqueIdentifier>
    </Filter>
    <Filter Include="MyEngine\.h\utility">
      <UniqueIdentifier>{ba7b0919-2c62-43e1-b233-9024bf672fdf}</UniqueIdentifier>
    </Filter>
    <Filter Include="MyEngine\.h\utility\Debug">
      <UniqueIdentifier>{20818b80-a58e-4c65-84c7-f8fe2b0bdb85}</UniqueIdentifier>
    </Filter>
    <Filter Include="MyEngine\.h\Light">
      <UniqueIdentifier>{628ab431-7495-4a04-bd50-fe846b42960d}</UniqueIdentifier>
    </Filter>
    <Filter Include="MyEngine\.cpp\Light">
      <UniqueIdentifier>{5396bc61-e016-4b3e-8707-c28cc9c03b94}</UniqueIdentifier>
    </Filter>
    <Filter Include="MyEngine\.cpp\Primitive">
      <UniqueIdentifier>{a660c6f0-a988-46d1-bca0-d2fc5408ee78}</UniqueIdentifier>
    </Filter>
    <Filter Include="MyEngine\.h\Primitive">
      <UniqueIdentifier>{0015d049-85db-4bcb-ab82-220bbf98f1a9}</UniqueIdentifier>
    </Filter>
    <Filter Include="Game\SkyBox">
      <UniqueIdentifier>{3d0b4b8b-8120-4479-a6ad-221fde23fe75}</UniqueIdentifier>
    </Filter>
    <Filter Include="MyEngine\.cpp\Dx">
      <UniqueIdentifier>{34ce3bfb-c05b-4164-b44d-fc55288d76bd}</UniqueIdentifier>
    </Filter>
    <Filter Include="MyEngine\.h\Dx">
      <UniqueIdentifier>{5c4df9ce-5898-4e5a-904d-92a5d05b34f1}</UniqueIdentifier>
    </Filter>
    <Filter Include="Game\EasingTestObj">
      <UniqueIdentifier>{96300e85-6295-42ec-a337-bdd4de702a7c}</UniqueIdentifier>
    </Filter>
    <Filter Include="MyEngine\.cpp\Animation">
      <UniqueIdentifier>{f84405b2-ba15-4fcd-9d2f-c731c2e277d1}</UniqueIdentifier>
    </Filter>
    <Filter Include="MyEngine\.h\Animation">
      <UniqueIdentifier>{f713b9a0-da3f-43be-b0fa-f9350a0b4541}</UniqueIdentifier>
    </Filter>
    <Filter Include="MyEngine\.cpp\Pileline">
      <UniqueIdentifier>{5eb1bdab-ff68-4792-ac57-ea6c03c5d934}</UniqueIdentifier>
    </Filter>
    <Filter Include="MyEngine\.h\Pipeline">
      <UniqueIdentifier>{e76999fe-1cc2-4cd6-af36-5b79ea707f3e}</UniqueIdentifier>
    </Filter>
    <Filter Include="リソースファイル\Lighting">
      <UniqueIdentifier>{d46e4630-16da-4bbb-b721-ea22f9c06320}</UniqueIdentifier>
    </Filter>
    <Filter Include="リソースファイル\ShadowMap">
      <UniqueIdentifier>{94a13b1b-2318-4ca0-b545-9919bc8fb376}</UniqueIdentifier>
    </Filter>
    <Filter Include="MyEngine\.cpp\ShadowMap">
      <UniqueIdentifier>{894a6aae-3db2-473e-b754-d02e1b291d06}</UniqueIdentifier>
    </Filter>
    <Filter Include="MyEngine\.h\ShadowMap">
      <UniqueIdentifier>{be7dc1d9-2066-4322-9d22-0b7e1ff7be19}</UniqueIdentifier>
    </Filter>
    <Filter Include="MyEngine\.cpp\Material">
      <UniqueIdentifier>{7779383f-1ab1-4d1c-8bef-41c69101e697}</UniqueIdentifier>
    </Filter>
    <Filter Include="MyEngine\.h\Material">
      <UniqueIdentifier>{ac3b0ce8-5003-4ba0-ade7-feb53bf1b6c1}</UniqueIdentifier>
    </Filter>
    <Filter Include="MyEngine\.cpp\PostEffect">
      <UniqueIdentifier>{e38b2556-769e-4783-b129-5409cf0747e8}</UniqueIdentifier>
    </Filter>
    <Filter Include="リソースファイル\PostEffect">
      <UniqueIdentifier>{3bf652c4-db9d-4e96-aa0f-177270e2226e}</UniqueIdentifier>
    </Filter>
    <Filter Include="MyEngine\.h\PostEffect">
      <UniqueIdentifier>{0e04b71b-66a2-4664-b8b2-e3e21a1ebbb6}</UniqueIdentifier>
    </Filter>
    <Filter Include="MyEngine\.cpp\Easing">
      <UniqueIdentifier>{3581332b-e060-496a-b36f-0aba5e0083dd}</UniqueIdentifier>
    </Filter>
    <Filter Include="MyEngine\.h\Easing">
      <UniqueIdentifier>{ce843212-e137-46ed-a1bf-e96161e40e87}</UniqueIdentifier>
    </Filter>
    <Filter Include="リソースファイル\Skinning">
      <UniqueIdentifier>{15836091-162c-440d-9b7f-062994c31720}</UniqueIdentifier>
    </Filter>
    <Filter Include="MyEngine\.cpp\Pileline\Skinning">
      <UniqueIdentifier>{395f5edb-84d8-4faa-8985-79981b659958}</UniqueIdentifier>
    </Filter>
    <Filter Include="MyEngine\.h\Pipeline\Skinning">
      <UniqueIdentifier>{867a20e9-e469-424a-b5e4-e91d7432bc9f}</UniqueIdentifier>
    </Filter>
    <Filter Include="MyEngine\.cpp\Pileline\Line3D">
      <UniqueIdentifier>{9a4e1779-89f1-4370-8ad1-b2f59945ad5f}</UniqueIdentifier>
    </Filter>
    <Filter Include="MyEngine\.cpp\Pileline\Object3D">
      <UniqueIdentifier>{a5f25bbc-83ff-4ad0-80ce-9de41f0e9297}</UniqueIdentifier>
    </Filter>
    <Filter Include="MyEngine\.cpp\Pileline\Particle">
      <UniqueIdentifier>{1ffbd815-882b-4538-ad07-e3fd6d7fe864}</UniqueIdentifier>
    </Filter>
    <Filter Include="MyEngine\.cpp\Pileline\ShadowMap">
      <UniqueIdentifier>{dc27f95d-5f4a-4057-9d6c-6bd348c3e882}</UniqueIdentifier>
    </Filter>
    <Filter Include="MyEngine\.cpp\Pileline\Sprite">
      <UniqueIdentifier>{b0639d10-8633-4916-9137-b1cc58bdceec}</UniqueIdentifier>
    </Filter>
    <Filter Include="MyEngine\.h\Pipeline\Line3D">
      <UniqueIdentifier>{8e48f525-48d0-48b1-967a-e73c384d8adb}</UniqueIdentifier>
    </Filter>
    <Filter Include="MyEngine\.h\Pipeline\Sprite">
      <UniqueIdentifier>{dbfa1082-6913-4de7-890a-736053fb72ef}</UniqueIdentifier>
    </Filter>
    <Filter Include="MyEngine\.h\Pipeline\ShadowMap">
      <UniqueIdentifier>{7185db5c-c011-4bed-8272-2659e9d38186}</UniqueIdentifier>
    </Filter>
    <Filter Include="MyEngine\.h\Pipeline\Particle">
      <UniqueIdentifier>{1fd60901-89e0-4f20-84f6-44a03af70679}</UniqueIdentifier>
    </Filter>
    <Filter Include="MyEngine\.h\Pipeline\Object3D">
      <UniqueIdentifier>{04a2f136-8d68-4619-b049-b4aa822d1f21}</UniqueIdentifier>
    </Filter>
    <Filter Include="リソースファイル\Particle">
      <UniqueIdentifier>{22f1abac-a706-47e8-a915-8827c3f81cfe}</UniqueIdentifier>
    </Filter>
    <Filter Include="リソースファイル\Particle\CS">
      <UniqueIdentifier>{1010e4d4-4406-448a-8efe-28d430a3f08e}</UniqueIdentifier>
    </Filter>
    <Filter Include="MyEngine\.cpp\GPUParticle">
      <UniqueIdentifier>{051197de-2a91-4aae-ab14-f617f4b1a001}</UniqueIdentifier>
    </Filter>
    <Filter Include="MyEngine\.h\Collider">
      <UniqueIdentifier>{261d89ef-d3f4-4da1-aa9e-bfd6e260bf1a}</UniqueIdentifier>
    </Filter>
    <Filter Include="MyEngine\.cpp\Pileline\Particle\CS">
      <UniqueIdentifier>{49fbe573-8201-4664-bf09-70d368e295a0}</UniqueIdentifier>
    </Filter>
    <Filter Include="MyEngine\.h\Pipeline\Particle\CS">
      <UniqueIdentifier>{ce505e37-05b2-45a2-89c7-c84d80609328}</UniqueIdentifier>
    </Filter>
    <Filter Include="MyEngine\.h\GPUParticle">
      <UniqueIdentifier>{aa8b0c32-c9be-42e4-8baf-99d6d906a8ba}</UniqueIdentifier>
    </Filter>
    <Filter Include="MyEngine\.h\GPUParticle\Data">
      <UniqueIdentifier>{8f64a725-dbc0-4270-8781-dc3c43090878}</UniqueIdentifier>
    </Filter>
    <Filter Include="MyEngine\.h\Pipeline\SkyBox">
      <UniqueIdentifier>{a3f5d430-ae61-4fa0-9c39-eb32dd1a8a2b}</UniqueIdentifier>
    </Filter>
    <Filter Include="MyEngine\.cpp\Pileline\SkyBox">
      <UniqueIdentifier>{7292d38d-6fd7-4091-a848-0f04f8b9aa65}</UniqueIdentifier>
    </Filter>
    <Filter Include="リソースファイル\Library">
      <UniqueIdentifier>{fcc4b6ae-10b4-4328-b879-0e4426af45ab}</UniqueIdentifier>
    </Filter>
    <Filter Include="MyEngine\.cpp\GPUParticle\ResourceData">
      <UniqueIdentifier>{340244ac-4add-4b95-bc0d-743d48896fbd}</UniqueIdentifier>
    </Filter>
    <Filter Include="MyEngine\.h\GPUParticle\ResourceData">
      <UniqueIdentifier>{00ef74a7-6b08-427e-8cd8-e40d2599bd7a}</UniqueIdentifier>
    </Filter>
    <Filter Include="MyEngine\.cpp\utility\FileSelector">
      <UniqueIdentifier>{3a1b69a4-6e07-40d8-8e60-4be87d850710}</UniqueIdentifier>
    </Filter>
    <Filter Include="MyEngine\.h\utility\FileSelector">
      <UniqueIdentifier>{0a9f8023-eea7-44d2-a542-a2ca47a48fd5}</UniqueIdentifier>
    </Filter>
    <Filter Include="MyEngine\.cpp\Line3D">
      <UniqueIdentifier>{544ae49e-d1f3-44f8-9497-a58fe21a8777}</UniqueIdentifier>
    </Filter>
    <Filter Include="MyEngine\.h\Line3D">
      <UniqueIdentifier>{7990ad44-c6c2-4468-9a24-0eb238145bbd}</UniqueIdentifier>
    </Filter>
    <Filter Include="MyEngine\.cpp\Editor">
      <UniqueIdentifier>{0676b50a-8d3b-4d2d-bf6a-89fa05b063a8}</UniqueIdentifier>
    </Filter>
    <Filter Include="MyEngine\.cpp\Editor\CameraEditor">
      <UniqueIdentifier>{7ff1fcef-200f-4f44-9d0b-2cc5e237686d}</UniqueIdentifier>
    </Filter>
    <Filter Include="MyEngine\.cpp\Editor\DissolveEditor">
      <UniqueIdentifier>{78acc7c9-b041-45d7-a84f-a85e75e2755f}</UniqueIdentifier>
    </Filter>
    <Filter Include="MyEngine\.cpp\Editor\EasingCreator">
      <UniqueIdentifier>{407ebb1a-3954-4162-b7ea-af0d1db90731}</UniqueIdentifier>
    </Filter>
    <Filter Include="MyEngine\.cpp\Editor\ParameterEditor">
      <UniqueIdentifier>{c77b02e3-7e6e-47c2-96b6-027952dccbc6}</UniqueIdentifier>
    </Filter>
    <Filter Include="MyEngine\.cpp\Editor\PostEffectEditor">
      <UniqueIdentifier>{52fc72c3-c38b-47a4-9cdb-a7d5c409752b}</UniqueIdentifier>
    </Filter>
    <Filter Include="MyEngine\.cpp\Editor\ParticleEditor">
      <UniqueIdentifier>{e160a169-d446-4008-85cf-77b40545199e}</UniqueIdentifier>
    </Filter>
    <Filter Include="MyEngine\.cpp\Editor\RailEditor">
      <UniqueIdentifier>{38b63eec-6feb-456d-8ec6-809cc5cedf01}</UniqueIdentifier>
    </Filter>
    <Filter Include="MyEngine\.cpp\Editor\ShakeEditor">
      <UniqueIdentifier>{54cd1afe-91ee-4208-8d44-5e3f9d0d2fc1}</UniqueIdentifier>
    </Filter>
    <Filter Include="MyEngine\.cpp\Editor\TimeScaleEditor">
      <UniqueIdentifier>{db86007f-edfe-471b-9800-4bb32187b5fa}</UniqueIdentifier>
    </Filter>
    <Filter Include="MyEngine\.h\Editor">
      <UniqueIdentifier>{f3891d94-8baa-4132-bd00-8ba65e416422}</UniqueIdentifier>
    </Filter>
    <Filter Include="MyEngine\.cpp\Editor\ObjEaseAnimation">
      <UniqueIdentifier>{fd6fb531-3099-409e-a70e-278e6e14999e}</UniqueIdentifier>
    </Filter>
    <Filter Include="MyEngine\.h\Editor\CameraEditor">
      <UniqueIdentifier>{86745219-1af0-46bf-8773-dc4c8f0b1461}</UniqueIdentifier>
    </Filter>
    <Filter Include="MyEngine\.h\Editor\DissolveEditor">
      <UniqueIdentifier>{409b413e-b3ca-43a6-80e4-09e2600ca98e}</UniqueIdentifier>
    </Filter>
    <Filter Include="MyEngine\.h\Editor\EasingCreator">
      <UniqueIdentifier>{fd45ac81-3519-4403-ad3b-c42be8a0eed2}</UniqueIdentifier>
    </Filter>
    <Filter Include="MyEngine\.h\Editor\ObjEaseAnimation">
      <UniqueIdentifier>{c42f835d-ce70-4ff5-af6d-b3553ea25a77}</UniqueIdentifier>
    </Filter>
    <Filter Include="MyEngine\.h\Editor\ParameterEditor">
      <UniqueIdentifier>{308716b1-61b9-4593-8d69-0efe690d1ff1}</UniqueIdentifier>
    </Filter>
    <Filter Include="MyEngine\.h\Editor\ParticleEditor">
      <UniqueIdentifier>{4b1e989d-a14e-4aab-8692-e2fbb2059019}</UniqueIdentifier>
    </Filter>
    <Filter Include="MyEngine\.h\Editor\RailEditor">
      <UniqueIdentifier>{fd8669ab-e586-4603-8989-fde63074b7f4}</UniqueIdentifier>
    </Filter>
    <Filter Include="MyEngine\.h\Editor\TimeScaleEditor">
      <UniqueIdentifier>{316afbc6-e343-4113-808b-6fa6e3216164}</UniqueIdentifier>
    </Filter>
    <Filter Include="MyEngine\.h\Editor\ShakeEditor">
      <UniqueIdentifier>{b598867d-1557-4204-8949-7f620bc285d1}</UniqueIdentifier>
    </Filter>
    <Filter Include="MyEngine\.h\Editor\PostEffectEditor">
      <UniqueIdentifier>{23cd0615-ea1f-489b-b444-d020879100e7}</UniqueIdentifier>
    </Filter>
    <Filter Include="MyEngine\.h\Editor\BaseEffectEditor">
      <UniqueIdentifier>{89671226-8576-4501-a77f-e235cfd7400d}</UniqueIdentifier>
    </Filter>
    <Filter Include="MyEngine\.cpp\Editor\BaseEffectEditor">
      <UniqueIdentifier>{81ea0af1-4eee-4903-9473-1904adec97fe}</UniqueIdentifier>
    </Filter>
    <Filter Include="MyEngine\.cpp\Editor\EffectEditorSuite">
      <UniqueIdentifier>{5450a5bf-189d-4e33-a506-f7a5d5a57b27}</UniqueIdentifier>
    </Filter>
    <Filter Include="MyEngine\.h\Editor\EffectEditorSuite">
      <UniqueIdentifier>{88afa0cc-2cac-4965-869e-c3e4c0de169d}</UniqueIdentifier>
    </Filter>
    <Filter Include="MyEngine\.cpp\utility\TimeModeSelector">
      <UniqueIdentifier>{39a265fb-35aa-4d1a-b9c7-603351ef6910}</UniqueIdentifier>
    </Filter>
    <Filter Include="MyEngine\.h\utility\TimeModeSelector">
      <UniqueIdentifier>{03c50b4d-e92c-4dad-91f1-1e665d26cfc8}</UniqueIdentifier>
    </Filter>
    <Filter Include="MyEngine\.h\Editor\GPUParticleEditor">
      <UniqueIdentifier>{f243c575-978d-4ae9-8871-1dd9359ecb6c}</UniqueIdentifier>
    </Filter>
    <Filter Include="MyEngine\.cpp\Editor\GPUParticleEditor">
      <UniqueIdentifier>{891cf9dc-1516-4ccb-812e-32cadcff9d26}</UniqueIdentifier>
    </Filter>
    <Filter Include="MyEngine\.cpp\Scene">
      <UniqueIdentifier>{026655db-74a6-47d8-8a1f-7aa7e01f04b1}</UniqueIdentifier>
    </Filter>
    <Filter Include="MyEngine\.h\Scene">
      <UniqueIdentifier>{dde66375-3e0a-45fa-9e33-f83fb68b8b5b}</UniqueIdentifier>
    </Filter>
    <Filter Include="MyEngine\.h\Scene\Factory">
      <UniqueIdentifier>{c4c1dae2-abc6-448c-a253-3fdcdbc1fde5}</UniqueIdentifier>
    </Filter>
    <Filter Include="MyEngine\.h\Scene\Manager">
      <UniqueIdentifier>{3c92dabf-e233-45c2-802c-30eaf967702d}</UniqueIdentifier>
    </Filter>
    <Filter Include="MyEngine\.cpp\Scene\Factory">
      <UniqueIdentifier>{6decb64d-417a-4649-aa95-8a30faa375cd}</UniqueIdentifier>
    </Filter>
    <Filter Include="MyEngine\.cpp\Scene\Manager">
      <UniqueIdentifier>{716432aa-8f34-4922-935a-5ae2c4a5d1e9}</UniqueIdentifier>
    </Filter>
    <Filter Include="MyEngine\.h\Editor\ParticleEditor\Parameter">
      <UniqueIdentifier>{eb7fc28f-f28e-49a3-b41a-7f24e507947a}</UniqueIdentifier>
    </Filter>
    <Filter Include="MyEngine\.h\utility\ObjectFromBlender">
      <UniqueIdentifier>{62c9232b-f990-4975-bd38-e118668e5483}</UniqueIdentifier>
    </Filter>
    <Filter Include="MyEngine\.cpp\utility\ObjectFromBlender">
      <UniqueIdentifier>{5a7933a1-28a8-444f-a670-3cdef98bd738}</UniqueIdentifier>
    </Filter>
    <Filter Include="MyEngine\.h\Editor\ParticleEditor\SectionParameters">
      <UniqueIdentifier>{09b73346-fe6a-489b-84ae-0f9684180666}</UniqueIdentifier>
    </Filter>
    <Filter Include="MyEngine\.cpp\Editor\ParticleEditor\SectionParameters">
      <UniqueIdentifier>{f1c25686-c9ff-49ac-8f42-985ccef6443e}</UniqueIdentifier>
    </Filter>
  </ItemGroup>
  <ItemGroup>
    <ClCompile Include="Engine\2d\ImGuiManager.cpp">
      <Filter>MyEngine\.cpp\2d</Filter>
    </ClCompile>
    <ClCompile Include="Engine\2d\Sprite.cpp">
      <Filter>MyEngine\.cpp\2d</Filter>
    </ClCompile>
    <ClCompile Include="Engine\3d\Model.cpp">
      <Filter>MyEngine\.cpp\3d</Filter>
    </ClCompile>
    <ClCompile Include="Engine\3d\ViewProjection.cpp">
      <Filter>MyEngine\.cpp\3d</Filter>
    </ClCompile>
    <ClCompile Include="Engine\3d\WorldTransform.cpp">
      <Filter>MyEngine\.cpp\3d</Filter>
    </ClCompile>
    <ClCompile Include="Engine\3d\Object3d.cpp">
      <Filter>MyEngine\.cpp\3d</Filter>
    </ClCompile>
    <ClCompile Include="Engine\3d\BaseObject3d.cpp">
      <Filter>MyEngine\.cpp\3d</Filter>
    </ClCompile>
    <ClCompile Include="Engine\3d\ModelManager.cpp">
      <Filter>MyEngine\.cpp\3d</Filter>
    </ClCompile>
    <ClCompile Include="Engine\base\TextureManager.cpp">
      <Filter>MyEngine\.cpp\base</Filter>
    </ClCompile>
    <ClCompile Include="Engine\base\WinApp.cpp">
      <Filter>MyEngine\.cpp\base</Filter>
    </ClCompile>
    <ClCompile Include="Engine\input\Input.cpp">
      <Filter>MyEngine\.cpp\input</Filter>
    </ClCompile>
    <ClCompile Include="Engine\Function\Convert.cpp">
      <Filter>MyEngine\.cpp\function</Filter>
    </ClCompile>
    <ClCompile Include="Engine\audio\Audio.cpp">
      <Filter>MyEngine\.cpp\audio</Filter>
    </ClCompile>
    <ClCompile Include="Game\Scene\GameScene.cpp">
      <Filter>Game\Scene</Filter>
    </ClCompile>
    <ClCompile Include="Engine\input\Mouse.cpp">
      <Filter>MyEngine\.cpp\input</Filter>
    </ClCompile>
    <ClCompile Include="math\MathFunction.cpp">
      <Filter>liberary\.cpp</Filter>
    </ClCompile>
    <ClCompile Include="math\Matrix3x3.cpp">
      <Filter>liberary\.cpp</Filter>
    </ClCompile>
    <ClCompile Include="math\Matrix4x4.cpp">
      <Filter>liberary\.cpp</Filter>
    </ClCompile>
    <ClCompile Include="math\random.cpp">
      <Filter>liberary\.cpp</Filter>
    </ClCompile>
    <ClCompile Include="math\Vector3.cpp">
      <Filter>liberary\.cpp</Filter>
    </ClCompile>
    <ClCompile Include="math\Vector4.cpp">
      <Filter>liberary\.cpp</Filter>
    </ClCompile>
    <ClCompile Include="math\Box.cpp">
      <Filter>liberary\.cpp</Filter>
    </ClCompile>
    <ClCompile Include="Engine\3d\ObjectColor.cpp">
      <Filter>MyEngine\.cpp\3d</Filter>
    </ClCompile>
    <ClCompile Include="Engine\base\SpriteMaterial.cpp">
      <Filter>MyEngine\.cpp\base</Filter>
    </ClCompile>
    <ClCompile Include="Engine\Frame\Frame.cpp">
      <Filter>MyEngine\.cpp\Frame</Filter>
    </ClCompile>
    <ClCompile Include="main.cpp" />
    <ClCompile Include="Engine\Collider\AABBCollider.cpp">
      <Filter>MyEngine\.cpp\Collider</Filter>
    </ClCompile>
    <ClCompile Include="Engine\Collider\BaseCollider.cpp">
      <Filter>MyEngine\.cpp\Collider</Filter>
    </ClCompile>
    <ClCompile Include="Engine\Collider\CollisionManager.cpp">
      <Filter>MyEngine\.cpp\Collider</Filter>
    </ClCompile>
    <ClCompile Include="Engine\Collider\OBBCollider.cpp">
      <Filter>MyEngine\.cpp\Collider</Filter>
    </ClCompile>
    <ClCompile Include="Engine\Core\KTGame.cpp">
      <Filter>MyEngine\.cpp\Core</Filter>
    </ClCompile>
    <ClCompile Include="Engine\Core\KTFramework.cpp">
      <Filter>MyEngine\.cpp\Core</Filter>
    </ClCompile>
    <ClCompile Include="Engine\base\SrvManager.cpp">
      <Filter>MyEngine\.cpp\base</Filter>
    </ClCompile>
    <ClCompile Include="Engine\utility\Debug\DebugCamera.cpp">
      <Filter>MyEngine\.cpp\utility\Debug</Filter>
    </ClCompile>
    <ClCompile Include="Game\Scene\TitleScene.cpp">
      <Filter>Game\Scene</Filter>
    </ClCompile>
    <ClCompile Include="Game\Scene\BaseScene.cpp">
      <Filter>Game\Scene</Filter>
    </ClCompile>
    <ClCompile Include="math\Shake.cpp">
      <Filter>liberary\.cpp</Filter>
    </ClCompile>
    <ClCompile Include="math\Quaternion.cpp">
      <Filter>liberary\.cpp</Filter>
    </ClCompile>
    <ClCompile Include="Engine\Lighrt\Light.cpp">
      <Filter>MyEngine\.cpp\Light</Filter>
    </ClCompile>
    <ClCompile Include="Engine\Lighrt\DirectionalLight.cpp">
      <Filter>MyEngine\.cpp\Light</Filter>
    </ClCompile>
    <ClCompile Include="Engine\Lighrt\PointLight.cpp">
      <Filter>MyEngine\.cpp\Light</Filter>
    </ClCompile>
    <ClCompile Include="Engine\Lighrt\SpotLight.cpp">
      <Filter>MyEngine\.cpp\Light</Filter>
    </ClCompile>
    <ClCompile Include="Engine\Lighrt\PointLightManager.cpp">
      <Filter>MyEngine\.cpp\Light</Filter>
    </ClCompile>
    <ClCompile Include="Engine\Lighrt\SpotLightManager.cpp">
      <Filter>MyEngine\.cpp\Light</Filter>
    </ClCompile>
    <ClCompile Include="Engine\Lighrt\AreaLightManager.cpp">
      <Filter>MyEngine\.cpp\Light</Filter>
    </ClCompile>
    <ClCompile Include="Engine\Lighrt\AreaLight.cpp">
      <Filter>MyEngine\.cpp\Light</Filter>
    </ClCompile>
    <ClCompile Include="Engine\Lighrt\AmbientLight.cpp">
      <Filter>MyEngine\.cpp\Light</Filter>
    </ClCompile>
    <ClCompile Include="Engine\Function\GetFile.cpp">
      <Filter>MyEngine\.cpp\function</Filter>
    </ClCompile>
    <ClCompile Include="Engine\input\GamePad.cpp">
      <Filter>MyEngine\.cpp\input</Filter>
    </ClCompile>
    <ClCompile Include="math\Vector2.cpp">
      <Filter>liberary\.cpp</Filter>
    </ClCompile>
    <ClCompile Include="Engine\Primitive\PrimitivePlane.cpp">
      <Filter>MyEngine\.cpp\Primitive</Filter>
    </ClCompile>
    <ClCompile Include="Engine\Primitive\IPrimitive.cpp">
      <Filter>MyEngine\.cpp\Primitive</Filter>
    </ClCompile>
    <ClCompile Include="Engine\3d\Mesh.cpp">
      <Filter>MyEngine\.cpp\3d</Filter>
    </ClCompile>
    <ClCompile Include="Engine\Primitive\PrimitiveRing.cpp">
      <Filter>MyEngine\.cpp\Primitive</Filter>
    </ClCompile>
    <ClCompile Include="Engine\Primitive\PrimitiveCylinder.cpp">
      <Filter>MyEngine\.cpp\Primitive</Filter>
    </ClCompile>
    <ClCompile Include="Engine\Primitive\PrimitiveBox.cpp">
      <Filter>MyEngine\.cpp\Primitive</Filter>
    </ClCompile>
    <ClCompile Include="Game\SkyBox\SkyBox.cpp">
      <Filter>Game\SkyBox</Filter>
    </ClCompile>
    <ClCompile Include="Engine\Dx\DxReleaseChecker.cpp">
      <Filter>MyEngine\.cpp\Dx</Filter>
    </ClCompile>
    <ClCompile Include="Engine\Dx\DirectXCommon.cpp">
      <Filter>MyEngine\.cpp\Dx</Filter>
    </ClCompile>
    <ClCompile Include="Engine\Core\EngineCore.cpp">
      <Filter>MyEngine\.cpp\Core</Filter>
    </ClCompile>
    <ClCompile Include="Game\Scene\EditorScene.cpp">
      <Filter>Game\Scene</Filter>
    </ClCompile>
    <ClCompile Include="Game\EasingTestObj\EasingTestObj.cpp">
      <Filter>Game\EasingTestObj</Filter>
    </ClCompile>
    <ClCompile Include="math\Vector2Proxy.cpp">
      <Filter>liberary\.cpp</Filter>
    </ClCompile>
    <ClCompile Include="Engine\Animation\ModelAnimation.cpp">
      <Filter>MyEngine\.cpp\Animation</Filter>
    </ClCompile>
    <ClCompile Include="Engine\base\RtvManager.cpp">
      <Filter>MyEngine\.cpp\base</Filter>
    </ClCompile>
    <ClCompile Include="Engine\Dx\DxCommand.cpp">
      <Filter>MyEngine\.cpp\Dx</Filter>
    </ClCompile>
    <ClCompile Include="Engine\Dx\DxSwapChain.cpp">
      <Filter>MyEngine\.cpp\Dx</Filter>
    </ClCompile>
    <ClCompile Include="Engine\Dx\DxRenderTarget.cpp">
      <Filter>MyEngine\.cpp\Dx</Filter>
    </ClCompile>
    <ClCompile Include="Engine\Dx\DxCompiler.cpp">
      <Filter>MyEngine\.cpp\Dx</Filter>
    </ClCompile>
    <ClCompile Include="Engine\Dx\DxDevice.cpp">
      <Filter>MyEngine\.cpp\Dx</Filter>
    </ClCompile>
    <ClCompile Include="Engine\ShadowMap\ShadowMap.cpp">
      <Filter>MyEngine\.cpp\ShadowMap</Filter>
    </ClCompile>
    <ClCompile Include="Engine\base\DsvManager.cpp">
      <Filter>MyEngine\.cpp\base</Filter>
    </ClCompile>
    <ClCompile Include="Engine\Dx\DxDepthBuffer.cpp">
      <Filter>MyEngine\.cpp\Dx</Filter>
    </ClCompile>
    <ClCompile Include="Engine\Material\ModelMaterial.cpp">
      <Filter>MyEngine\.cpp\Material</Filter>
    </ClCompile>
    <ClCompile Include="Engine\Material\MeshMaterial.cpp">
      <Filter>MyEngine\.cpp\Material</Filter>
    </ClCompile>
    <ClCompile Include="Engine\Material\ParticleMaterial.cpp">
      <Filter>MyEngine\.cpp\Material</Filter>
    </ClCompile>
    <ClCompile Include="Engine\Material\SkyBoxMaterial.cpp">
      <Filter>MyEngine\.cpp\Material</Filter>
    </ClCompile>
    <ClCompile Include="Engine\Material\BaseMaterial.cpp">
      <Filter>MyEngine\.cpp\Material</Filter>
    </ClCompile>
    <ClCompile Include="Engine\PostEffect\NormalScreen.cpp">
      <Filter>MyEngine\.cpp\PostEffect</Filter>
    </ClCompile>
    <ClCompile Include="Engine\PostEffect\Outline.cpp">
      <Filter>MyEngine\.cpp\PostEffect</Filter>
    </ClCompile>
    <ClCompile Include="Engine\PostEffect\PostEffectRenderer.cpp">
      <Filter>MyEngine\.cpp\PostEffect</Filter>
    </ClCompile>
    <ClCompile Include="Engine\PostEffect\RadialBlur.cpp">
      <Filter>MyEngine\.cpp\PostEffect</Filter>
    </ClCompile>
    <ClCompile Include="Engine\PostEffect\RandomNoize.cpp">
      <Filter>MyEngine\.cpp\PostEffect</Filter>
    </ClCompile>
    <ClCompile Include="Engine\PostEffect\Vignette.cpp">
      <Filter>MyEngine\.cpp\PostEffect</Filter>
    </ClCompile>
    <ClCompile Include="Engine\PostEffect\BasePostEffect.cpp">
      <Filter>MyEngine\.cpp\PostEffect</Filter>
    </ClCompile>
    <ClCompile Include="Engine\PostEffect\BoxFilter.cpp">
      <Filter>MyEngine\.cpp\PostEffect</Filter>
    </ClCompile>
    <ClCompile Include="Engine\PostEffect\Dissolve.cpp">
      <Filter>MyEngine\.cpp\PostEffect</Filter>
    </ClCompile>
    <ClCompile Include="Engine\PostEffect\GaussianFilter.cpp">
      <Filter>MyEngine\.cpp\PostEffect</Filter>
    </ClCompile>
    <ClCompile Include="Engine\PostEffect\GrayScale.cpp">
      <Filter>MyEngine\.cpp\PostEffect</Filter>
    </ClCompile>
    <ClCompile Include="Engine\PostEffect\LuminanceBasedOutline.cpp">
      <Filter>MyEngine\.cpp\PostEffect</Filter>
    </ClCompile>
    <ClCompile Include="Engine\3d\Object3DRegistry.cpp">
      <Filter>MyEngine\.cpp\3d</Filter>
    </ClCompile>
    <ClCompile Include="Engine\Animation\AnimationRegistry.cpp">
      <Filter>MyEngine\.cpp\Animation</Filter>
    </ClCompile>
    <ClCompile Include="Engine\Animation\Object3DAnimation.cpp">
      <Filter>MyEngine\.cpp\Animation</Filter>
    </ClCompile>
    <ClCompile Include="Engine\Easing\EasingFunction.cpp">
      <Filter>MyEngine\.cpp\Easing</Filter>
    </ClCompile>
    <ClCompile Include="Engine\Easing\EasingSequence.cpp">
      <Filter>MyEngine\.cpp\Easing</Filter>
    </ClCompile>
    <ClCompile Include="Engine\Easing\Easing.cpp">
      <Filter>MyEngine\.cpp\Easing</Filter>
    </ClCompile>
    <ClCompile Include="Engine\Easing\EasingStep.cpp">
      <Filter>MyEngine\.cpp\Easing</Filter>
    </ClCompile>
    <ClCompile Include="Engine\Pipeline\Skinning\SkinningObject3DPipeline.cpp">
      <Filter>MyEngine\.cpp\Pileline\Skinning</Filter>
    </ClCompile>
    <ClCompile Include="Engine\Pipeline\Skinning\SkinningCSPipeline.cpp">
      <Filter>MyEngine\.cpp\Pileline\Skinning</Filter>
    </ClCompile>
    <ClCompile Include="Engine\Pipeline\Sprite\SpritePipeline.cpp">
      <Filter>MyEngine\.cpp\Pileline\Sprite</Filter>
    </ClCompile>
    <ClCompile Include="Engine\Pipeline\Line3D\Line3DPipeline.cpp">
      <Filter>MyEngine\.cpp\Pileline\Line3D</Filter>
    </ClCompile>
    <ClCompile Include="Engine\Pipeline\ShadowMap\ShadowMapPipeline.cpp">
      <Filter>MyEngine\.cpp\Pileline\ShadowMap</Filter>
    </ClCompile>
    <ClCompile Include="Engine\Pipeline\Particle\ParticlePipeline.cpp">
      <Filter>MyEngine\.cpp\Pileline\Particle</Filter>
    </ClCompile>
    <ClCompile Include="Engine\Pipeline\Object3D\Object3DPipeline.cpp">
      <Filter>MyEngine\.cpp\Pileline\Object3D</Filter>
    </ClCompile>
    <ClCompile Include="Engine\Pipeline\BasePipeline.cpp">
      <Filter>MyEngine\.cpp\Pileline</Filter>
    </ClCompile>
    <ClCompile Include="Engine\Pipeline\PipelineManager.cpp">
      <Filter>MyEngine\.cpp\Pileline</Filter>
    </ClCompile>
    <ClCompile Include="Engine\Pipeline\BaseCSPipeline.cpp">
      <Filter>MyEngine\.cpp\Pileline</Filter>
    </ClCompile>
    <ClCompile Include="Engine\Pipeline\CSPipelineManager.cpp">
      <Filter>MyEngine\.cpp\Pileline</Filter>
    </ClCompile>
    <ClCompile Include="Engine\2d\SpriteRegistry.cpp">
      <Filter>MyEngine\.cpp\2d</Filter>
    </ClCompile>
    <ClCompile Include="Engine\Pipeline\Particle\CS\EmitParticlePipeline.cpp">
      <Filter>MyEngine\.cpp\Pileline\Particle\CS</Filter>
    </ClCompile>
    <ClCompile Include="Engine\Pipeline\Particle\CS\InitParticlePipeline.cpp">
      <Filter>MyEngine\.cpp\Pileline\Particle\CS</Filter>
    </ClCompile>
    <ClCompile Include="Engine\Pipeline\Particle\GPUParticlePipeline.cpp">
      <Filter>MyEngine\.cpp\Pileline\Particle</Filter>
    </ClCompile>
    <ClCompile Include="Engine\GPUParticle\GPUParticleManager.cpp">
      <Filter>MyEngine\.cpp\GPUParticle</Filter>
    </ClCompile>
    <ClCompile Include="Engine\Material\GPUParticleMaterial.cpp">
      <Filter>MyEngine\.cpp\Material</Filter>
    </ClCompile>
    <ClCompile Include="Engine\Pipeline\SkyBox\SkyBoxPipeline.cpp">
      <Filter>MyEngine\.cpp\Pileline\SkyBox</Filter>
    </ClCompile>
    <ClCompile Include="Engine\Pipeline\Particle\CS\UpdateParticlePipeline.cpp">
      <Filter>MyEngine\.cpp\Pileline\Particle\CS</Filter>
    </ClCompile>
    <ClCompile Include="Engine\Dx\DxResourceBarrier.cpp">
      <Filter>MyEngine\.cpp\Dx</Filter>
    </ClCompile>
    <ClCompile Include="Engine\GPUParticle\ResourceData\GPUParticleResourceData.cpp">
      <Filter>MyEngine\.cpp\GPUParticle\ResourceData</Filter>
    </ClCompile>
    <ClCompile Include="Engine\GPUParticle\ResourceData\GPUParticleCommandExecutor.cpp">
      <Filter>MyEngine\.cpp\GPUParticle\ResourceData</Filter>
    </ClCompile>
    <ClCompile Include="Engine\input\InputData.cpp">
      <Filter>MyEngine\.cpp\input</Filter>
    </ClCompile>
    <ClCompile Include="Engine\utility\FileSelector\FileSelector.cpp">
      <Filter>MyEngine\.cpp\utility\FileSelector</Filter>
    </ClCompile>
    <ClCompile Include="Engine\Line3D\Line3DManager.cpp">
      <Filter>MyEngine\.cpp\Line3D</Filter>
    </ClCompile>
    <ClCompile Include="Engine\Line3D\Line3d.cpp">
      <Filter>MyEngine\.cpp\Line3D</Filter>
    </ClCompile>
    <ClCompile Include="Engine\Editor\CameraEditor\CameraKeyFrame.cpp">
      <Filter>MyEngine\.cpp\Editor\CameraEditor</Filter>
    </ClCompile>
    <ClCompile Include="Engine\Editor\CameraEditor\CameraAnimation.cpp">
      <Filter>MyEngine\.cpp\Editor\CameraEditor</Filter>
    </ClCompile>
    <ClCompile Include="Engine\Editor\CameraEditor\CameraAnimationData.cpp">
      <Filter>MyEngine\.cpp\Editor\CameraEditor</Filter>
    </ClCompile>
    <ClCompile Include="Engine\Editor\CameraEditor\CameraEditor.cpp">
      <Filter>MyEngine\.cpp\Editor\CameraEditor</Filter>
    </ClCompile>
    <ClCompile Include="Engine\Editor\DissolveEditor\DissolveEditor.cpp">
      <Filter>MyEngine\.cpp\Editor\DissolveEditor</Filter>
    </ClCompile>
    <ClCompile Include="Engine\Editor\DissolveEditor\DissolvePlayer.cpp">
      <Filter>MyEngine\.cpp\Editor\DissolveEditor</Filter>
    </ClCompile>
    <ClCompile Include="Engine\Editor\DissolveEditor\DissolveData.cpp">
      <Filter>MyEngine\.cpp\Editor\DissolveEditor</Filter>
    </ClCompile>
    <ClCompile Include="Engine\Editor\EasingCreator\EasingCreator.cpp">
      <Filter>MyEngine\.cpp\Editor\EasingCreator</Filter>
    </ClCompile>
    <ClCompile Include="Engine\Editor\EasingCreator\EasingEditor.cpp">
      <Filter>MyEngine\.cpp\Editor\EasingCreator</Filter>
    </ClCompile>
    <ClCompile Include="Engine\Editor\EasingCreator\EasingParameterData.cpp">
      <Filter>MyEngine\.cpp\Editor\EasingCreator</Filter>
    </ClCompile>
    <ClCompile Include="Engine\Editor\ObjEaseAnimation\ObjEaseAnimationData.cpp">
      <Filter>MyEngine\.cpp\Editor\ObjEaseAnimation</Filter>
    </ClCompile>
    <ClCompile Include="Engine\Editor\ObjEaseAnimation\ObjEaseAnimationEditor.cpp">
      <Filter>MyEngine\.cpp\Editor\ObjEaseAnimation</Filter>
    </ClCompile>
    <ClCompile Include="Engine\Editor\ObjEaseAnimation\ObjEaseAnimationPlayer.cpp">
      <Filter>MyEngine\.cpp\Editor\ObjEaseAnimation</Filter>
    </ClCompile>
    <ClCompile Include="Engine\Editor\ParameterEditor\GlobalParameter.cpp">
      <Filter>MyEngine\.cpp\Editor\ParameterEditor</Filter>
    </ClCompile>
    <ClCompile Include="Engine\Editor\ParticleEditor\ParticleEmitter.cpp">
      <Filter>MyEngine\.cpp\Editor\ParticleEditor</Filter>
    </ClCompile>
    <ClCompile Include="Engine\Editor\ParticleEditor\ParticleManager.cpp">
      <Filter>MyEngine\.cpp\Editor\ParticleEditor</Filter>
    </ClCompile>
    <ClCompile Include="Engine\Editor\ParticleEditor\ParticleParameter.cpp">
      <Filter>MyEngine\.cpp\Editor\ParticleEditor</Filter>
    </ClCompile>
    <ClCompile Include="Engine\Editor\PostEffectEditor\PostEffectController.cpp">
      <Filter>MyEngine\.cpp\Editor\PostEffectEditor</Filter>
    </ClCompile>
    <ClCompile Include="Engine\Editor\PostEffectEditor\PostEffectData.cpp">
      <Filter>MyEngine\.cpp\Editor\PostEffectEditor</Filter>
    </ClCompile>
    <ClCompile Include="Engine\Editor\RailEditor\RailManager.cpp">
      <Filter>MyEngine\.cpp\Editor\RailEditor</Filter>
    </ClCompile>
    <ClCompile Include="Engine\Editor\RailEditor\RailPlayer.cpp">
      <Filter>MyEngine\.cpp\Editor\RailEditor</Filter>
    </ClCompile>
    <ClCompile Include="Engine\Editor\RailEditor\ControlPosManager.cpp">
      <Filter>MyEngine\.cpp\Editor\RailEditor</Filter>
    </ClCompile>
    <ClCompile Include="Engine\Editor\RailEditor\Rail.cpp">
      <Filter>MyEngine\.cpp\Editor\RailEditor</Filter>
    </ClCompile>
    <ClCompile Include="Engine\Editor\RailEditor\RailControlPoint.cpp">
      <Filter>MyEngine\.cpp\Editor\RailEditor</Filter>
    </ClCompile>
    <ClCompile Include="Engine\Editor\RailEditor\RailData.cpp">
      <Filter>MyEngine\.cpp\Editor\RailEditor</Filter>
    </ClCompile>
    <ClCompile Include="Engine\Editor\RailEditor\RailEditor.cpp">
      <Filter>MyEngine\.cpp\Editor\RailEditor</Filter>
    </ClCompile>
    <ClCompile Include="Engine\Editor\ShakeEditor\ShakeData.cpp">
      <Filter>MyEngine\.cpp\Editor\ShakeEditor</Filter>
    </ClCompile>
    <ClCompile Include="Engine\Editor\ShakeEditor\ShakeEditor.cpp">
      <Filter>MyEngine\.cpp\Editor\ShakeEditor</Filter>
    </ClCompile>
    <ClCompile Include="Engine\Editor\ShakeEditor\ShakePlayer.cpp">
      <Filter>MyEngine\.cpp\Editor\ShakeEditor</Filter>
    </ClCompile>
    <ClCompile Include="Engine\Editor\TimeScaleEditor\TimeScaleController.cpp">
      <Filter>MyEngine\.cpp\Editor\TimeScaleEditor</Filter>
    </ClCompile>
    <ClCompile Include="Engine\Editor\TimeScaleEditor\TimeScaleData.cpp">
      <Filter>MyEngine\.cpp\Editor\TimeScaleEditor</Filter>
    </ClCompile>
    <ClCompile Include="Engine\Editor\ObjEaseAnimation\ObjEaseAnimationSection.cpp">
      <Filter>MyEngine\.cpp\Editor\ObjEaseAnimation</Filter>
    </ClCompile>
    <ClCompile Include="Engine\Editor\BaseEffectEditor\BaseEffectData.cpp">
      <Filter>MyEngine\.cpp\Editor\BaseEffectEditor</Filter>
    </ClCompile>
    <ClCompile Include="Engine\Editor\BaseEffectEditor\BaseEffectEditor.cpp">
      <Filter>MyEngine\.cpp\Editor\BaseEffectEditor</Filter>
    </ClCompile>
    <ClCompile Include="Engine\Editor\BaseEffectEditor\BaseEffectPlayer.cpp">
      <Filter>MyEngine\.cpp\Editor\BaseEffectEditor</Filter>
    </ClCompile>
    <ClCompile Include="Engine\Editor\BaseEffectEditor\BaseSequenceEffectData.cpp">
      <Filter>MyEngine\.cpp\Editor\BaseEffectEditor</Filter>
    </ClCompile>
    <ClCompile Include="Engine\Editor\EffectEditorSuite\EffectEditorSuite.cpp">
      <Filter>MyEngine\.cpp\Editor\EffectEditorSuite</Filter>
    </ClCompile>
    <ClCompile Include="Engine\utility\TimeModeSelector\TimeModeSelector.cpp">
      <Filter>MyEngine\.cpp\utility\TimeModeSelector</Filter>
    </ClCompile>
    <ClCompile Include="Engine\Editor\GPUParticleEditor\GPUParticleData.cpp">
      <Filter>MyEngine\.cpp\Editor\GPUParticleEditor</Filter>
    </ClCompile>
    <ClCompile Include="Engine\Editor\GPUParticleEditor\GPUParticleEditor.cpp">
      <Filter>MyEngine\.cpp\Editor\GPUParticleEditor</Filter>
    </ClCompile>
    <ClCompile Include="Engine\Editor\GPUParticleEditor\GPUParticlePlayer.cpp">
      <Filter>MyEngine\.cpp\Editor\GPUParticleEditor</Filter>
    </ClCompile>
    <ClCompile Include="Engine\Editor\ParticleEditor\ParticleData.cpp">
      <Filter>MyEngine\.cpp\Editor\ParticleEditor</Filter>
    </ClCompile>
    <ClCompile Include="Engine\Editor\ParticleEditor\ParticleEditor.cpp">
      <Filter>MyEngine\.cpp\Editor\ParticleEditor</Filter>
    </ClCompile>
    <ClCompile Include="Engine\Editor\ParticleEditor\ParticlePlayer.cpp">
      <Filter>MyEngine\.cpp\Editor\ParticleEditor</Filter>
    </ClCompile>
    <ClCompile Include="Engine\Editor\ParticleEditor\ParticleSection.cpp">
      <Filter>MyEngine\.cpp\Editor\ParticleEditor</Filter>
    </ClCompile>
    <ClCompile Include="Engine\Scene\Manager\SceneManager.cpp">
      <Filter>MyEngine\.cpp\Scene\Manager</Filter>
    </ClCompile>
    <ClCompile Include="Engine\Scene\Factory\SceneFactory.cpp">
      <Filter>MyEngine\.cpp\Scene\Factory</Filter>
    </ClCompile>
    <ClCompile Include="Engine\Editor\GPUParticleEditor\GPUParticleSection.cpp">
      <Filter>MyEngine\.cpp\Editor\GPUParticleEditor</Filter>
    </ClCompile>
    <ClCompile Include="Engine\Collider\SpatialGrid\SpatialGrid.cpp">
      <Filter>MyEngine\.cpp\Collider</Filter>
    </ClCompile>
    <ClCompile Include="Engine\Primitive\PrimitiveSphere.cpp">
      <Filter>MyEngine\.cpp\Primitive</Filter>
    </ClCompile>
    <ClCompile Include="Engine\utility\ObjectFromBlender\ObjectFromBlender.cpp">
      <Filter>MyEngine\.cpp\utility\ObjectFromBlender</Filter>
    </ClCompile>
    <ClCompile Include="Engine\Editor\ParticleEditor\SectionParameters\BehaviorParameters.cpp">
      <Filter>MyEngine\.cpp\Editor\ParticleEditor\SectionParameters</Filter>
    </ClCompile>
    <ClCompile Include="Engine\Editor\ParticleEditor\SectionParameters\ParticleSectionParameter.cpp">
      <Filter>MyEngine\.cpp\Editor\ParticleEditor\SectionParameters</Filter>
    </ClCompile>
    <ClCompile Include="Engine\Editor\ParticleEditor\SectionParameters\SRTParameters.cpp">
      <Filter>MyEngine\.cpp\Editor\ParticleEditor\SectionParameters</Filter>
    </ClCompile>
    <ClCompile Include="Engine\Editor\ParticleEditor\SectionParameters\VisualParameters.cpp">
      <Filter>MyEngine\.cpp\Editor\ParticleEditor\SectionParameters</Filter>
    </ClCompile>
  </ItemGroup>
  <ItemGroup>
    <ClInclude Include="Engine\struct\D3DResourceLeakCheck.h">
      <Filter>MyEngine\.h\struct</Filter>
    </ClInclude>
    <ClInclude Include="Engine\struct\MaterialData.h">
      <Filter>MyEngine\.h\struct</Filter>
    </ClInclude>
    <ClInclude Include="Engine\struct\ModelData.h">
      <Filter>MyEngine\.h\struct</Filter>
    </ClInclude>
    <ClInclude Include="Engine\struct\Transform.h">
      <Filter>MyEngine\.h\struct</Filter>
    </ClInclude>
    <ClInclude Include="Engine\struct\TransformationMatrix.h">
      <Filter>MyEngine\.h\struct</Filter>
    </ClInclude>
    <ClInclude Include="Engine\struct\VertexData.h">
      <Filter>MyEngine\.h\struct</Filter>
    </ClInclude>
    <ClInclude Include="Engine\struct\ParticleForGPU.h">
      <Filter>MyEngine\.h\struct</Filter>
    </ClInclude>
    <ClInclude Include="Engine\2d\ImGuiManager.h">
      <Filter>MyEngine\.h\2d</Filter>
    </ClInclude>
    <ClInclude Include="Engine\2d\Sprite.h">
      <Filter>MyEngine\.h\2d</Filter>
    </ClInclude>
    <ClInclude Include="Engine\3d\BaseObject3d.h">
      <Filter>MyEngine\.h\3d</Filter>
    </ClInclude>
    <ClInclude Include="Engine\3d\Mesh.h">
      <Filter>MyEngine\.h\3d</Filter>
    </ClInclude>
    <ClInclude Include="Engine\3d\Model.h">
      <Filter>MyEngine\.h\3d</Filter>
    </ClInclude>
    <ClInclude Include="Engine\3d\Object3d.h">
      <Filter>MyEngine\.h\3d</Filter>
    </ClInclude>
    <ClInclude Include="Engine\3d\ModelManager.h">
      <Filter>MyEngine\.h\3d</Filter>
    </ClInclude>
    <ClInclude Include="Engine\3d\WorldTransform.h">
      <Filter>MyEngine\.h\3d</Filter>
    </ClInclude>
    <ClInclude Include="Engine\audio\Audio.h">
      <Filter>MyEngine\.h\audio</Filter>
    </ClInclude>
    <ClInclude Include="Engine\base\TextureManager.h">
      <Filter>MyEngine\.h\base</Filter>
    </ClInclude>
    <ClInclude Include="Engine\base\WinApp.h">
      <Filter>MyEngine\.h\base</Filter>
    </ClInclude>
    <ClInclude Include="Engine\input\Input.h">
      <Filter>MyEngine\.h\input</Filter>
    </ClInclude>
    <ClInclude Include="Engine\Function\Convert.h">
      <Filter>MyEngine\.h\function</Filter>
    </ClInclude>
    <ClInclude Include="Engine\Function\Log.h">
      <Filter>MyEngine\.h\function</Filter>
    </ClInclude>
    <ClInclude Include="Engine\3d\ViewProjection.h">
      <Filter>MyEngine\.h\3d</Filter>
    </ClInclude>
    <ClInclude Include="Engine\input\Mouse.h">
      <Filter>MyEngine\.h\input</Filter>
    </ClInclude>
    <ClInclude Include="math\MinMax.h">
      <Filter>liberary\.h</Filter>
    </ClInclude>
    <ClInclude Include="math\MathFunction.h">
      <Filter>liberary\.h</Filter>
    </ClInclude>
    <ClInclude Include="math\Matrix3x3.h">
      <Filter>liberary\.h</Filter>
    </ClInclude>
    <ClInclude Include="math\Matrix4x4.h">
      <Filter>liberary\.h</Filter>
    </ClInclude>
    <ClInclude Include="math\random.h">
      <Filter>liberary\.h</Filter>
    </ClInclude>
    <ClInclude Include="math\Vector2.h">
      <Filter>liberary\.h</Filter>
    </ClInclude>
    <ClInclude Include="math\Vector3.h">
      <Filter>liberary\.h</Filter>
    </ClInclude>
    <ClInclude Include="math\Vector4.h">
      <Filter>liberary\.h</Filter>
    </ClInclude>
    <ClInclude Include="math\Box.h">
      <Filter>liberary\.h</Filter>
    </ClInclude>
    <ClInclude Include="Engine\3d\ObjectColor.h">
      <Filter>MyEngine\.h\3d</Filter>
    </ClInclude>
    <ClInclude Include="Engine\base\SpriteMaterial.h">
      <Filter>MyEngine\.h\base</Filter>
    </ClInclude>
    <ClInclude Include="Engine\Frame\Frame.h">
      <Filter>MyEngine\.h\Frame</Filter>
    </ClInclude>
    <ClInclude Include="Game\Scene\GameScene.h">
      <Filter>Game\Scene</Filter>
    </ClInclude>
    <ClInclude Include="Engine\Collider\OBBCollider.h">
      <Filter>MyEngine\.h\Collider</Filter>
    </ClInclude>
    <ClInclude Include="Engine\Collider\AABBCollider.h">
      <Filter>MyEngine\.h\Collider</Filter>
    </ClInclude>
    <ClInclude Include="Engine\Collider\BaseCollider.h">
      <Filter>MyEngine\.h\Collider</Filter>
    </ClInclude>
    <ClInclude Include="Engine\Collider\CollisionManager.h">
      <Filter>MyEngine\.h\Collider</Filter>
    </ClInclude>
    <ClInclude Include="Engine\Core\KTGame.h">
      <Filter>MyEngine\.h\Core</Filter>
    </ClInclude>
    <ClInclude Include="Engine\Core\KTFramework.h">
      <Filter>MyEngine\.h\Core</Filter>
    </ClInclude>
    <ClInclude Include="Engine\base\SrvManager.h">
      <Filter>MyEngine\.h\base</Filter>
    </ClInclude>
    <ClInclude Include="Engine\utility\Debug\DebugCamera.h">
      <Filter>MyEngine\.h\utility\Debug</Filter>
    </ClInclude>
    <ClInclude Include="Game\Scene\TitleScene.h">
      <Filter>Game\Scene</Filter>
    </ClInclude>
    <ClInclude Include="Game\Scene\BaseScene.h">
      <Filter>Game\Scene</Filter>
    </ClInclude>
    <ClInclude Include="math\Shake.h">
      <Filter>liberary\.h</Filter>
    </ClInclude>
    <ClInclude Include="math\Quaternion.h">
      <Filter>liberary\.h</Filter>
    </ClInclude>
    <ClInclude Include="Engine\Lighrt\PointLight.h">
      <Filter>MyEngine\.h\Light</Filter>
    </ClInclude>
    <ClInclude Include="Engine\Lighrt\SpotLight.h">
      <Filter>MyEngine\.h\Light</Filter>
    </ClInclude>
    <ClInclude Include="Engine\Lighrt\DirectionalLight.h">
      <Filter>MyEngine\.h\Light</Filter>
    </ClInclude>
    <ClInclude Include="Engine\Lighrt\Light.h">
      <Filter>MyEngine\.h\Light</Filter>
    </ClInclude>
    <ClInclude Include="Engine\Lighrt\PointLightManager.h">
      <Filter>MyEngine\.h\Light</Filter>
    </ClInclude>
    <ClInclude Include="Engine\Lighrt\SpotLightManager.h">
      <Filter>MyEngine\.h\Light</Filter>
    </ClInclude>
    <ClInclude Include="Engine\Lighrt\AreaLightManager.h">
      <Filter>MyEngine\.h\Light</Filter>
    </ClInclude>
    <ClInclude Include="Engine\Lighrt\AreaLight.h">
      <Filter>MyEngine\.h\Light</Filter>
    </ClInclude>
    <ClInclude Include="Engine\Lighrt\AmbientLight.h">
      <Filter>MyEngine\.h\Light</Filter>
    </ClInclude>
    <ClInclude Include="Engine\Function\GetFile.h">
      <Filter>MyEngine\.h\function</Filter>
    </ClInclude>
    <ClInclude Include="Engine\input\GamePad.h">
      <Filter>MyEngine\.h\input</Filter>
    </ClInclude>
    <ClInclude Include="Engine\Primitive\PrimitivePlane.h">
      <Filter>MyEngine\.h\Primitive</Filter>
    </ClInclude>
    <ClInclude Include="Engine\Primitive\IPrimitive.h">
      <Filter>MyEngine\.h\Primitive</Filter>
    </ClInclude>
    <ClInclude Include="Engine\Primitive\PrimitiveRing.h">
      <Filter>MyEngine\.h\Primitive</Filter>
    </ClInclude>
    <ClInclude Include="Engine\Primitive\PrimitiveCylinder.h">
      <Filter>MyEngine\.h\Primitive</Filter>
    </ClInclude>
    <ClInclude Include="Engine\Primitive\PrimitiveBox.h">
      <Filter>MyEngine\.h\Primitive</Filter>
    </ClInclude>
    <ClInclude Include="Game\SkyBox\SkyBox.h">
      <Filter>Game\SkyBox</Filter>
    </ClInclude>
    <ClInclude Include="Engine\Dx\DxReleaseChecker.h">
      <Filter>MyEngine\.h\Dx</Filter>
    </ClInclude>
    <ClInclude Include="Engine\Dx\DirectXCommon.h">
      <Filter>MyEngine\.h\Dx</Filter>
    </ClInclude>
    <ClInclude Include="Engine\Core\EngineCore.h">
      <Filter>MyEngine\.h\Core</Filter>
    </ClInclude>
    <ClInclude Include="Game\Scene\EditorScene.h">
      <Filter>Game\Scene</Filter>
    </ClInclude>
    <ClInclude Include="Game\EasingTestObj\EasingTestObj.h">
      <Filter>Game\EasingTestObj</Filter>
    </ClInclude>
    <ClInclude Include="math\Vector2Proxy.h">
      <Filter>liberary\.h</Filter>
    </ClInclude>
    <ClInclude Include="Engine\Animation\AnimationData.h">
      <Filter>MyEngine\.h\Animation</Filter>
    </ClInclude>
    <ClInclude Include="Engine\Animation\ModelAnimation.h">
      <Filter>MyEngine\.h\Animation</Filter>
    </ClInclude>
    <ClInclude Include="Engine\Animation\SkeletonData.h">
      <Filter>MyEngine\.h\Animation</Filter>
    </ClInclude>
    <ClInclude Include="Engine\Animation\SkinCluster.h">
      <Filter>MyEngine\.h\Animation</Filter>
    </ClInclude>
    <ClInclude Include="Engine\base\RtvManager.h">
      <Filter>MyEngine\.h\base</Filter>
    </ClInclude>
    <ClInclude Include="Engine\ShadowMap\ShadowMapData.h">
      <Filter>MyEngine\.h\ShadowMap</Filter>
    </ClInclude>
    <ClInclude Include="Engine\Dx\DxSwapChain.h">
      <Filter>MyEngine\.h\Dx</Filter>
    </ClInclude>
    <ClInclude Include="Engine\Dx\DxRenderTarget.h">
      <Filter>MyEngine\.h\Dx</Filter>
    </ClInclude>
    <ClInclude Include="Engine\Dx\DxCompiler.h">
      <Filter>MyEngine\.h\Dx</Filter>
    </ClInclude>
    <ClInclude Include="Engine\Dx\DxDevice.h">
      <Filter>MyEngine\.h\Dx</Filter>
    </ClInclude>
    <ClInclude Include="Engine\Dx\DxCommand.h">
      <Filter>MyEngine\.h\Dx</Filter>
    </ClInclude>
    <ClInclude Include="Engine\ShadowMap\ShadowMap.h">
      <Filter>MyEngine\.h\ShadowMap</Filter>
    </ClInclude>
    <ClInclude Include="Engine\base\DsvManager.h">
      <Filter>MyEngine\.h\base</Filter>
    </ClInclude>
    <ClInclude Include="Engine\Dx\DxDepthBuffer.h">
      <Filter>MyEngine\.h\Dx</Filter>
    </ClInclude>
    <ClInclude Include="Engine\Material\MeshMaterial.h">
      <Filter>MyEngine\.h\Material</Filter>
    </ClInclude>
    <ClInclude Include="Engine\Material\ModelMaterial.h">
      <Filter>MyEngine\.h\Material</Filter>
    </ClInclude>
    <ClInclude Include="Engine\Material\BaseMaterial.h">
      <Filter>MyEngine\.h\Material</Filter>
    </ClInclude>
    <ClInclude Include="Engine\Material\ParticleMaterial.h">
      <Filter>MyEngine\.h\Material</Filter>
    </ClInclude>
    <ClInclude Include="Engine\Material\SkyBoxMaterial.h">
      <Filter>MyEngine\.h\Material</Filter>
    </ClInclude>
    <ClInclude Include="Engine\PostEffect\RandomNoize.h">
      <Filter>MyEngine\.h\PostEffect</Filter>
    </ClInclude>
    <ClInclude Include="Engine\PostEffect\Vignette.h">
      <Filter>MyEngine\.h\PostEffect</Filter>
    </ClInclude>
    <ClInclude Include="Engine\PostEffect\BasePostEffect.h">
      <Filter>MyEngine\.h\PostEffect</Filter>
    </ClInclude>
    <ClInclude Include="Engine\PostEffect\BoxFilter.h">
      <Filter>MyEngine\.h\PostEffect</Filter>
    </ClInclude>
    <ClInclude Include="Engine\PostEffect\Dissolve.h">
      <Filter>MyEngine\.h\PostEffect</Filter>
    </ClInclude>
    <ClInclude Include="Engine\PostEffect\GaussianFilter.h">
      <Filter>MyEngine\.h\PostEffect</Filter>
    </ClInclude>
    <ClInclude Include="Engine\PostEffect\GrayScale.h">
      <Filter>MyEngine\.h\PostEffect</Filter>
    </ClInclude>
    <ClInclude Include="Engine\PostEffect\LuminanceBasedOutline.h">
      <Filter>MyEngine\.h\PostEffect</Filter>
    </ClInclude>
    <ClInclude Include="Engine\PostEffect\NormalScreen.h">
      <Filter>MyEngine\.h\PostEffect</Filter>
    </ClInclude>
    <ClInclude Include="Engine\PostEffect\Outline.h">
      <Filter>MyEngine\.h\PostEffect</Filter>
    </ClInclude>
    <ClInclude Include="Engine\PostEffect\PostEffectRenderer.h">
      <Filter>MyEngine\.h\PostEffect</Filter>
    </ClInclude>
    <ClInclude Include="Engine\PostEffect\RadialBlur.h">
      <Filter>MyEngine\.h\PostEffect</Filter>
    </ClInclude>
    <ClInclude Include="Engine\3d\Object3DRegistry.h">
      <Filter>MyEngine\.h\3d</Filter>
    </ClInclude>
    <ClInclude Include="Engine\Animation\Object3DAnimation.h">
      <Filter>MyEngine\.h\Animation</Filter>
    </ClInclude>
    <ClInclude Include="Engine\Animation\AnimationRegistry.h">
      <Filter>MyEngine\.h\Animation</Filter>
    </ClInclude>
    <ClInclude Include="Engine\Easing\EasingFunction.h">
      <Filter>MyEngine\.h\Easing</Filter>
    </ClInclude>
    <ClInclude Include="Engine\Easing\EasingSequence.h">
      <Filter>MyEngine\.h\Easing</Filter>
    </ClInclude>
    <ClInclude Include="Engine\Easing\Easing.h">
      <Filter>MyEngine\.h\Easing</Filter>
    </ClInclude>
    <ClInclude Include="Engine\Easing\EasingStep.h">
      <Filter>MyEngine\.h\Easing</Filter>
    </ClInclude>
    <ClInclude Include="Engine\Pipeline\Skinning\SkinningObject3DPipeline.h">
      <Filter>MyEngine\.h\Pipeline\Skinning</Filter>
    </ClInclude>
    <ClInclude Include="Engine\Pipeline\Skinning\SkinningCSPipeline.h">
      <Filter>MyEngine\.h\Pipeline\Skinning</Filter>
    </ClInclude>
    <ClInclude Include="Engine\Pipeline\Sprite\SpritePipeline.h">
      <Filter>MyEngine\.h\Pipeline\Sprite</Filter>
    </ClInclude>
    <ClInclude Include="Engine\Pipeline\ShadowMap\ShadowMapPipeline.h">
      <Filter>MyEngine\.h\Pipeline\ShadowMap</Filter>
    </ClInclude>
    <ClInclude Include="Engine\Pipeline\Particle\ParticlePipeline.h">
      <Filter>MyEngine\.h\Pipeline\Particle</Filter>
    </ClInclude>
    <ClInclude Include="Engine\Pipeline\Object3D\Object3DPipeline.h">
      <Filter>MyEngine\.h\Pipeline\Object3D</Filter>
    </ClInclude>
    <ClInclude Include="Engine\Pipeline\Line3D\Line3DPipeline.h">
      <Filter>MyEngine\.h\Pipeline\Line3D</Filter>
    </ClInclude>
    <ClInclude Include="Engine\Pipeline\BasePipeline.h">
      <Filter>MyEngine\.h\Pipeline</Filter>
    </ClInclude>
    <ClInclude Include="Engine\Pipeline\PipelineManager.h">
      <Filter>MyEngine\.h\Pipeline</Filter>
    </ClInclude>
    <ClInclude Include="Engine\Pipeline\BaseCSPipeline.h">
      <Filter>MyEngine\.h\Pipeline</Filter>
    </ClInclude>
    <ClInclude Include="Engine\Pipeline\CSPipelineManager.h">
      <Filter>MyEngine\.h\Pipeline</Filter>
    </ClInclude>
    <ClInclude Include="Engine\2d\SpriteRegistry.h">
      <Filter>MyEngine\.h\2d</Filter>
    </ClInclude>
    <ClInclude Include="Engine\GPUParticle\Data\GPUParticleEmitterData.h">
      <Filter>MyEngine\.h\GPUParticle\Data</Filter>
    </ClInclude>
    <ClInclude Include="Engine\GPUParticle\Data\ParticleCSData.h">
      <Filter>MyEngine\.h\GPUParticle\Data</Filter>
    </ClInclude>
    <ClInclude Include="Engine\Pipeline\Particle\CS\EmitParticlePipeline.h">
      <Filter>MyEngine\.h\Pipeline\Particle\CS</Filter>
    </ClInclude>
    <ClInclude Include="Engine\Pipeline\Particle\CS\InitParticlePipeline.h">
      <Filter>MyEngine\.h\Pipeline\Particle\CS</Filter>
    </ClInclude>
    <ClInclude Include="Engine\Pipeline\Particle\GPUParticlePipeline.h">
      <Filter>MyEngine\.h\Pipeline\Particle</Filter>
    </ClInclude>
    <ClInclude Include="Engine\GPUParticle\GPUParticleManager.h">
      <Filter>MyEngine\.h\GPUParticle</Filter>
    </ClInclude>
    <ClInclude Include="Engine\Material\GPUParticleMaterial.h">
      <Filter>MyEngine\.h\Material</Filter>
    </ClInclude>
    <ClInclude Include="Engine\Pipeline\SkyBox\SkyBoxPipeline.h">
      <Filter>MyEngine\.h\Pipeline\SkyBox</Filter>
    </ClInclude>
    <ClInclude Include="Engine\Pipeline\Particle\CS\UpdateParticlePipeline.h">
      <Filter>MyEngine\.h\Pipeline\Particle\CS</Filter>
    </ClInclude>
    <ClInclude Include="Engine\Dx\DxResourceBarrier.h">
      <Filter>MyEngine\.h\Dx</Filter>
    </ClInclude>
    <ClInclude Include="Engine\GPUParticle\ResourceData\GPUParticleResourceData.h">
      <Filter>MyEngine\.h\GPUParticle\ResourceData</Filter>
    </ClInclude>
    <ClInclude Include="Engine\GPUParticle\ResourceData\GPUParticleCommandExecutor.h">
      <Filter>MyEngine\.h\GPUParticle\ResourceData</Filter>
    </ClInclude>
    <ClInclude Include="Engine\input\InputData.h">
      <Filter>MyEngine\.h\input</Filter>
    </ClInclude>
    <ClInclude Include="Engine\utility\FileSelector\FileSelector.h">
      <Filter>MyEngine\.h\utility\FileSelector</Filter>
    </ClInclude>
    <ClInclude Include="Engine\Line3D\Line3DManager.h">
      <Filter>MyEngine\.h\Line3D</Filter>
    </ClInclude>
    <ClInclude Include="Engine\Line3D\Line3d.h">
      <Filter>MyEngine\.h\Line3D</Filter>
    </ClInclude>
    <ClInclude Include="Engine\Editor\TimeScaleEditor\TimeScaleData.h">
      <Filter>MyEngine\.h\Editor\TimeScaleEditor</Filter>
    </ClInclude>
    <ClInclude Include="Engine\Editor\TimeScaleEditor\TimeScaleController.h">
      <Filter>MyEngine\.h\Editor\TimeScaleEditor</Filter>
    </ClInclude>
    <ClInclude Include="Engine\Editor\ShakeEditor\ShakePlayer.h">
      <Filter>MyEngine\.h\Editor\ShakeEditor</Filter>
    </ClInclude>
    <ClInclude Include="Engine\Editor\ShakeEditor\ShakeData.h">
      <Filter>MyEngine\.h\Editor\ShakeEditor</Filter>
    </ClInclude>
    <ClInclude Include="Engine\Editor\ShakeEditor\ShakeEditor.h">
      <Filter>MyEngine\.h\Editor\ShakeEditor</Filter>
    </ClInclude>
    <ClInclude Include="Engine\Editor\CameraEditor\CameraEditor.h">
      <Filter>MyEngine\.h\Editor\CameraEditor</Filter>
    </ClInclude>
    <ClInclude Include="Engine\Editor\CameraEditor\CameraKeyFrame.h">
      <Filter>MyEngine\.h\Editor\CameraEditor</Filter>
    </ClInclude>
    <ClInclude Include="Engine\Editor\CameraEditor\CameraAnimation.h">
      <Filter>MyEngine\.h\Editor\CameraEditor</Filter>
    </ClInclude>
    <ClInclude Include="Engine\Editor\CameraEditor\CameraAnimationData.h">
      <Filter>MyEngine\.h\Editor\CameraEditor</Filter>
    </ClInclude>
    <ClInclude Include="Engine\Editor\DissolveEditor\DissolvePlayer.h">
      <Filter>MyEngine\.h\Editor\DissolveEditor</Filter>
    </ClInclude>
    <ClInclude Include="Engine\Editor\DissolveEditor\DissolveData.h">
      <Filter>MyEngine\.h\Editor\DissolveEditor</Filter>
    </ClInclude>
    <ClInclude Include="Engine\Editor\DissolveEditor\DissolveEditor.h">
      <Filter>MyEngine\.h\Editor\DissolveEditor</Filter>
    </ClInclude>
    <ClInclude Include="Engine\Editor\EasingCreator\EasingEditor.h">
      <Filter>MyEngine\.h\Editor\EasingCreator</Filter>
    </ClInclude>
    <ClInclude Include="Engine\Editor\EasingCreator\EasingParameterData.h">
      <Filter>MyEngine\.h\Editor\EasingCreator</Filter>
    </ClInclude>
    <ClInclude Include="Engine\Editor\EasingCreator\EasingCreator.h">
      <Filter>MyEngine\.h\Editor\EasingCreator</Filter>
    </ClInclude>
    <ClInclude Include="Engine\Editor\ObjEaseAnimation\ObjEaseAnimationPlayer.h">
      <Filter>MyEngine\.h\Editor\ObjEaseAnimation</Filter>
    </ClInclude>
    <ClInclude Include="Engine\Editor\ObjEaseAnimation\ObjEaseAnimationData.h">
      <Filter>MyEngine\.h\Editor\ObjEaseAnimation</Filter>
    </ClInclude>
    <ClInclude Include="Engine\Editor\ObjEaseAnimation\ObjEaseAnimationEditor.h">
      <Filter>MyEngine\.h\Editor\ObjEaseAnimation</Filter>
    </ClInclude>
    <ClInclude Include="Engine\Editor\ParameterEditor\GlobalParameter.h">
      <Filter>MyEngine\.h\Editor\ParameterEditor</Filter>
    </ClInclude>
    <ClInclude Include="Engine\Editor\ParticleEditor\ParticleManager.h">
      <Filter>MyEngine\.h\Editor\ParticleEditor</Filter>
    </ClInclude>
    <ClInclude Include="Engine\Editor\ParticleEditor\ParticleParameter.h">
      <Filter>MyEngine\.h\Editor\ParticleEditor</Filter>
    </ClInclude>
    <ClInclude Include="Engine\Editor\ParticleEditor\ParticleEmitter.h">
      <Filter>MyEngine\.h\Editor\ParticleEditor</Filter>
    </ClInclude>
    <ClInclude Include="Engine\Editor\PostEffectEditor\PostEffectData.h">
      <Filter>MyEngine\.h\Editor\PostEffectEditor</Filter>
    </ClInclude>
    <ClInclude Include="Engine\Editor\PostEffectEditor\PostEffectController.h">
      <Filter>MyEngine\.h\Editor\PostEffectEditor</Filter>
    </ClInclude>
    <ClInclude Include="Engine\Editor\RailEditor\RailManager.h">
      <Filter>MyEngine\.h\Editor\RailEditor</Filter>
    </ClInclude>
    <ClInclude Include="Engine\Editor\RailEditor\RailPlayer.h">
      <Filter>MyEngine\.h\Editor\RailEditor</Filter>
    </ClInclude>
    <ClInclude Include="Engine\Editor\RailEditor\ControlPosManager.h">
      <Filter>MyEngine\.h\Editor\RailEditor</Filter>
    </ClInclude>
    <ClInclude Include="Engine\Editor\RailEditor\Rail.h">
      <Filter>MyEngine\.h\Editor\RailEditor</Filter>
    </ClInclude>
    <ClInclude Include="Engine\Editor\RailEditor\RailControlPoint.h">
      <Filter>MyEngine\.h\Editor\RailEditor</Filter>
    </ClInclude>
    <ClInclude Include="Engine\Editor\RailEditor\RailData.h">
      <Filter>MyEngine\.h\Editor\RailEditor</Filter>
    </ClInclude>
    <ClInclude Include="Engine\Editor\RailEditor\RailEditor.h">
      <Filter>MyEngine\.h\Editor\RailEditor</Filter>
    </ClInclude>
    <ClInclude Include="Engine\Editor\ObjEaseAnimation\ObjEaseAnimationSection.h">
      <Filter>MyEngine\.h\Editor\ObjEaseAnimation</Filter>
    </ClInclude>
    <ClInclude Include="Engine\Editor\BaseEffectEditor\BaseEffectData.h">
      <Filter>MyEngine\.h\Editor\BaseEffectEditor</Filter>
    </ClInclude>
    <ClInclude Include="Engine\Editor\BaseEffectEditor\BaseEffectEditor.h">
      <Filter>MyEngine\.h\Editor\BaseEffectEditor</Filter>
    </ClInclude>
    <ClInclude Include="Engine\Editor\BaseEffectEditor\BaseEffectPlayer.h">
      <Filter>MyEngine\.h\Editor\BaseEffectEditor</Filter>
    </ClInclude>
    <ClInclude Include="Engine\Editor\BaseEffectEditor\BaseSequenceEffectData.h">
      <Filter>MyEngine\.h\Editor\BaseEffectEditor</Filter>
    </ClInclude>
    <ClInclude Include="Engine\Editor\EffectEditorSuite\EffectEditorSuite.h">
      <Filter>MyEngine\.h\Editor\EffectEditorSuite</Filter>
    </ClInclude>
    <ClInclude Include="Engine\utility\TimeModeSelector\TimeModeSelector.h">
      <Filter>MyEngine\.h\utility\TimeModeSelector</Filter>
    </ClInclude>
    <ClInclude Include="Engine\Editor\GPUParticleEditor\GPUParticleData.h">
      <Filter>MyEngine\.h\Editor\GPUParticleEditor</Filter>
    </ClInclude>
    <ClInclude Include="Engine\Editor\GPUParticleEditor\GPUParticleEditor.h">
      <Filter>MyEngine\.h\Editor\GPUParticleEditor</Filter>
    </ClInclude>
    <ClInclude Include="Engine\Editor\GPUParticleEditor\GPUParticlePlayer.h">
      <Filter>MyEngine\.h\Editor\GPUParticleEditor</Filter>
    </ClInclude>
    <ClInclude Include="Engine\Editor\GPUParticleEditor\GPUParticleSection.h">
      <Filter>MyEngine\.h\Editor\GPUParticleEditor</Filter>
    </ClInclude>
    <ClInclude Include="Engine\Editor\ParticleEditor\ParticleData.h">
      <Filter>MyEngine\.h\Editor\ParticleEditor</Filter>
    </ClInclude>
    <ClInclude Include="Engine\Editor\ParticleEditor\ParticleEditor.h">
      <Filter>MyEngine\.h\Editor\ParticleEditor</Filter>
    </ClInclude>
    <ClInclude Include="Engine\Editor\ParticleEditor\ParticlePlayer.h">
      <Filter>MyEngine\.h\Editor\ParticleEditor</Filter>
    </ClInclude>
    <ClInclude Include="Engine\Editor\ParticleEditor\ParticleSection.h">
      <Filter>MyEngine\.h\Editor\ParticleEditor</Filter>
    </ClInclude>
    <ClInclude Include="Engine\Scene\Factory\AbstractSceneFactory.h">
      <Filter>MyEngine\.h\Scene\Factory</Filter>
    </ClInclude>
    <ClInclude Include="Engine\Scene\Factory\SceneFactory.h">
      <Filter>MyEngine\.h\Scene\Factory</Filter>
    </ClInclude>
    <ClInclude Include="Engine\Scene\Manager\SceneManager.h">
      <Filter>MyEngine\.h\Scene\Manager</Filter>
    </ClInclude>
    <ClInclude Include="Engine\Collider\SpatialGrid\SpatialGrid.h">
      <Filter>MyEngine\.h\Collider</Filter>
    </ClInclude>
    <ClInclude Include="Engine\Editor\ParticleEditor\Parameter\ParticleCommonParameters.h">
      <Filter>MyEngine\.h\Editor\ParticleEditor\Parameter</Filter>
    </ClInclude>
    <ClInclude Include="Engine\Primitive\PrimitiveSphere.h">
      <Filter>MyEngine\.h\Primitive</Filter>
    </ClInclude>
    <ClInclude Include="Engine\utility\ObjectFromBlender\ObjectFromBlender.h">
      <Filter>MyEngine\.h\utility\ObjectFromBlender</Filter>
    </ClInclude>
    <ClInclude Include="Engine\Editor\ParticleEditor\SectionParameters\ParticleSectionParameter.h">
      <Filter>MyEngine\.h\Editor\ParticleEditor\SectionParameters</Filter>
    </ClInclude>
    <ClInclude Include="Engine\Editor\ParticleEditor\SectionParameters\SRTParameters.h">
      <Filter>MyEngine\.h\Editor\ParticleEditor\SectionParameters</Filter>
    </ClInclude>
    <ClInclude Include="Engine\Editor\ParticleEditor\SectionParameters\VisualParameters.h">
      <Filter>MyEngine\.h\Editor\ParticleEditor\SectionParameters</Filter>
    </ClInclude>
    <ClInclude Include="Engine\Editor\ParticleEditor\SectionParameters\BehaviorParameters.h">
      <Filter>MyEngine\.h\Editor\ParticleEditor\SectionParameters</Filter>
    </ClInclude>
  </ItemGroup>
  <ItemGroup>
    <None Include=".editorconfig" />
    <None Include="resources\Shader\Object3d.hlsli">
      <Filter>リソースファイル</Filter>
    </None>
    <None Include="resources\Shader\Sprite.hlsli">
      <Filter>リソースファイル</Filter>
    </None>
    <None Include="resources\Shader\SkyBox.hlsli">
      <Filter>リソースファイル</Filter>
    </None>
    <None Include="resources\Shader\Line3D.hlsli">
      <Filter>リソースファイル</Filter>
    </None>
    <None Include="resources\Shader\Lighting\AreaLight.hlsli">
      <Filter>リソースファイル\Lighting</Filter>
    </None>
    <None Include="resources\Shader\Lighting\DirectionalLight.hlsli">
      <Filter>リソースファイル\Lighting</Filter>
    </None>
    <None Include="resources\Shader\Lighting\PointLight.hlsli">
      <Filter>リソースファイル\Lighting</Filter>
    </None>
    <None Include="resources\Shader\Lighting\SpotLight.hlsli">
      <Filter>リソースファイル\Lighting</Filter>
    </None>
    <None Include="resources\Shader\Lighting\AmbientLight.hlsli">
      <Filter>リソースファイル\Lighting</Filter>
    </None>
    <None Include="resources\Shader\Lighting\Light.hlsli">
      <Filter>リソースファイル\Lighting</Filter>
    </None>
    <None Include="resources\Shader\ShadowMap\ShadowMap.hlsli">
      <Filter>リソースファイル\ShadowMap</Filter>
    </None>
    <None Include="resources\Shader\PostEffect\Fullscreen.hlsli">
      <Filter>リソースファイル\PostEffect</Filter>
    </None>
    <None Include="resources\Shader\Skinning\SkinningObject3d.hlsli">
      <Filter>リソースファイル\Skinning</Filter>
    </None>
    <None Include="resources\Shader\Particle\Particle.hlsli">
      <Filter>リソースファイル\Particle</Filter>
    </None>
    <None Include="resources\Shader\Library\PerFrame.hlsli">
      <Filter>リソースファイル\Library</Filter>
    </None>
    <None Include="resources\Shader\Library\Random.hlsli">
      <Filter>リソースファイル\Library</Filter>
    </None>
    <None Include="resources\Shader\Library\Matrix4x4.hlsli">
      <Filter>リソースファイル\Library</Filter>
    </None>
  </ItemGroup>
  <ItemGroup>
    <FxCompile Include="resources\Shader\Object3d.PS.hlsl">
      <Filter>リソースファイル</Filter>
    </FxCompile>
    <FxCompile Include="resources\Shader\Object3d.VS.hlsl">
      <Filter>リソースファイル</Filter>
    </FxCompile>
    <FxCompile Include="resources\Shader\Sprite.PS.hlsl">
      <Filter>リソースファイル</Filter>
    </FxCompile>
    <FxCompile Include="resources\Shader\Sprite.VS.hlsl">
      <Filter>リソースファイル</Filter>
    </FxCompile>
    <FxCompile Include="resources\Shader\SkyBox.PS.hlsl">
      <Filter>リソースファイル</Filter>
    </FxCompile>
    <FxCompile Include="resources\Shader\SkyBox.VS.hlsl">
      <Filter>リソースファイル</Filter>
    </FxCompile>
    <FxCompile Include="resources\Shader\Line3D.PS.hlsl">
      <Filter>リソースファイル</Filter>
    </FxCompile>
    <FxCompile Include="resources\Shader\Line3D.VS.hlsl">
      <Filter>リソースファイル</Filter>
    </FxCompile>
    <FxCompile Include="resources\Shader\PostEffect\Random.PS.hlsl">
      <Filter>リソースファイル\PostEffect</Filter>
    </FxCompile>
    <FxCompile Include="resources\Shader\PostEffect\Vignette.PS.hlsl">
      <Filter>リソースファイル\PostEffect</Filter>
    </FxCompile>
    <FxCompile Include="resources\Shader\PostEffect\BoxFilter.PS.hlsl">
      <Filter>リソースファイル\PostEffect</Filter>
    </FxCompile>
    <FxCompile Include="resources\Shader\PostEffect\DepthBasedOutline.PS.hlsl">
      <Filter>リソースファイル\PostEffect</Filter>
    </FxCompile>
    <FxCompile Include="resources\Shader\PostEffect\Dissolve.PS.hlsl">
      <Filter>リソースファイル\PostEffect</Filter>
    </FxCompile>
    <FxCompile Include="resources\Shader\PostEffect\Fullscreen.PS.hlsl">
      <Filter>リソースファイル\PostEffect</Filter>
    </FxCompile>
    <FxCompile Include="resources\Shader\PostEffect\Fullscreen.VS.hlsl">
      <Filter>リソースファイル\PostEffect</Filter>
    </FxCompile>
    <FxCompile Include="resources\Shader\PostEffect\GaussianFilter.PS.hlsl">
      <Filter>リソースファイル\PostEffect</Filter>
    </FxCompile>
    <FxCompile Include="resources\Shader\PostEffect\Grayscale.PS.hlsl">
      <Filter>リソースファイル\PostEffect</Filter>
    </FxCompile>
    <FxCompile Include="resources\Shader\PostEffect\LuminanceBasedOutline.PS.hlsl">
      <Filter>リソースファイル\PostEffect</Filter>
    </FxCompile>
    <FxCompile Include="resources\Shader\PostEffect\RadialBlur.PS.hlsl">
      <Filter>リソースファイル\PostEffect</Filter>
    </FxCompile>
    <FxCompile Include="resources\Shader\ShadowMap\ShadowMap.PS.hlsl">
      <Filter>リソースファイル\ShadowMap</Filter>
    </FxCompile>
    <FxCompile Include="resources\Shader\ShadowMap\ShadowMap.VS.hlsl">
      <Filter>リソースファイル\ShadowMap</Filter>
    </FxCompile>
    <FxCompile Include="resources\Shader\Skinning\Skinning.CS.hlsl">
      <Filter>リソースファイル\Skinning</Filter>
    </FxCompile>
    <FxCompile Include="resources\Shader\Skinning\SkinningObject3d.VS.hlsl">
      <Filter>リソースファイル\Skinning</Filter>
    </FxCompile>
    <FxCompile Include="resources\Shader\Particle\Particle.PS.hlsl">
      <Filter>リソースファイル\Particle</Filter>
    </FxCompile>
    <FxCompile Include="resources\Shader\Particle\Particle.VS.hlsl">
      <Filter>リソースファイル\Particle</Filter>
    </FxCompile>
    <FxCompile Include="resources\Shader\Particle\CS\EmitParticle.CS.hlsl">
      <Filter>リソースファイル\Particle\CS</Filter>
    </FxCompile>
    <FxCompile Include="resources\Shader\Particle\CS\InitParticle.CS.hlsl">
      <Filter>リソースファイル\Particle\CS</Filter>
    </FxCompile>
    <FxCompile Include="resources\Shader\Particle\GPUParticle.VS.hlsl">
      <Filter>リソースファイル\Particle</Filter>
    </FxCompile>
    <FxCompile Include="resources\Shader\Particle\GPUParticle.PS.hlsl">
      <Filter>リソースファイル\Particle</Filter>
    </FxCompile>
    <FxCompile Include="resources\Shader\Particle\CS\UpdateParticle.CS.hlsl">
      <Filter>リソースファイル\Particle\CS</Filter>
    </FxCompile>
  </ItemGroup>
</Project>