<?xml version="1.0" encoding="utf-8"?>
<Project ToolsVersion="4.0" xmlns="http://schemas.microsoft.com/developer/msbuild/2003">
  <ItemGroup>
    <Filter Include="MyEngine">
      <UniqueIdentifier>{d0c548e8-1e8d-4fa8-af3e-514db00c514c}</UniqueIdentifier>
    </Filter>
    <Filter Include="リソースファイル">
      <UniqueIdentifier>{c2339910-3950-41dd-b9f7-ea5e25aeeb2e}</UniqueIdentifier>
    </Filter>
    <Filter Include="Game">
      <UniqueIdentifier>{adacdffd-d6a9-4d0b-884a-77c132a957b8}</UniqueIdentifier>
    </Filter>
    <Filter Include="MyEngine\.cpp">
      <UniqueIdentifier>{1e67bb20-3562-4679-8c7d-458c14e08be0}</UniqueIdentifier>
    </Filter>
    <Filter Include="MyEngine\.cpp\2d">
      <UniqueIdentifier>{5dcb23b3-f528-445a-8d42-15128d79d561}</UniqueIdentifier>
    </Filter>
    <Filter Include="MyEngine\.cpp\3d">
      <UniqueIdentifier>{78571433-9ad5-43f2-b220-1fc58f13b48f}</UniqueIdentifier>
    </Filter>
    <Filter Include="MyEngine\.cpp\audio">
      <UniqueIdentifier>{91a80052-ed7e-4720-9c49-d32679f21c8c}</UniqueIdentifier>
    </Filter>
    <Filter Include="MyEngine\.cpp\base">
      <UniqueIdentifier>{b81a7c3b-ec8e-4436-a843-f092a6639246}</UniqueIdentifier>
    </Filter>
    <Filter Include="MyEngine\.cpp\function">
      <UniqueIdentifier>{7affc605-8391-44b2-9ee0-8036a209cc43}</UniqueIdentifier>
    </Filter>
    <Filter Include="MyEngine\.cpp\input">
      <UniqueIdentifier>{ad63e3c9-e19c-4445-b7d7-07349a5183ef}</UniqueIdentifier>
    </Filter>
    <Filter Include="MyEngine\.h">
      <UniqueIdentifier>{6b2f8646-1513-4eb8-b7ab-91b2754e232d}</UniqueIdentifier>
    </Filter>
    <Filter Include="MyEngine\.h\2d">
      <UniqueIdentifier>{efa403df-dc30-4839-9c95-529f5eb288e1}</UniqueIdentifier>
    </Filter>
    <Filter Include="MyEngine\.h\3d">
      <UniqueIdentifier>{50134a3f-02fa-4ca4-b41c-ba321129c8f3}</UniqueIdentifier>
    </Filter>
    <Filter Include="MyEngine\.h\base">
      <UniqueIdentifier>{b1ba5475-800f-4254-a92a-8b0253724e38}</UniqueIdentifier>
    </Filter>
    <Filter Include="MyEngine\.h\audio">
      <UniqueIdentifier>{0e02dec0-79f4-4a98-bb17-13f5f059d318}</UniqueIdentifier>
    </Filter>
    <Filter Include="MyEngine\.h\input">
      <UniqueIdentifier>{d5aea933-7fdb-4b37-9f21-73a197e150ea}</UniqueIdentifier>
    </Filter>
    <Filter Include="MyEngine\.h\function">
      <UniqueIdentifier>{cf6f3ae1-1c73-4b3c-862b-18eb24d951f9}</UniqueIdentifier>
    </Filter>
    <Filter Include="MyEngine\.h\struct">
      <UniqueIdentifier>{652ad917-7098-4697-8956-5714f98e5ed8}</UniqueIdentifier>
    </Filter>
    <Filter Include="liberary">
      <UniqueIdentifier>{93a5209c-1414-4f22-87c2-dfbef50762c0}</UniqueIdentifier>
    </Filter>
    <Filter Include="liberary\.cpp">
      <UniqueIdentifier>{96a774f6-d531-4f64-b2be-54499da5d154}</UniqueIdentifier>
    </Filter>
    <Filter Include="liberary\.h">
      <UniqueIdentifier>{5cf3dd84-f1f4-4d11-b337-2e269c86331e}</UniqueIdentifier>
    </Filter>
    <Filter Include="MyEngine\.cpp\Frame">
      <UniqueIdentifier>{cf59ecf4-d58d-4e27-87b7-73bca57fcde7}</UniqueIdentifier>
    </Filter>
    <Filter Include="MyEngine\.h\Frame">
      <UniqueIdentifier>{ec415833-3b92-41b0-ae0c-fe524996c0ed}</UniqueIdentifier>
    </Filter>
    <Filter Include="Game\Scene">
      <UniqueIdentifier>{0ad7b046-7871-4240-ada7-d821a24ed507}</UniqueIdentifier>
    </Filter>
    <Filter Include="MyEngine\.cpp\Collider">
      <UniqueIdentifier>{31794c82-90f5-4d92-8da2-666292754e5b}</UniqueIdentifier>
    </Filter>
    <Filter Include="MyEngine\.cpp\Core">
      <UniqueIdentifier>{b79d053e-0a76-457f-9fe2-ce730fecf455}</UniqueIdentifier>
    </Filter>
    <Filter Include="MyEngine\.h\Core">
      <UniqueIdentifier>{b3d46e0a-491e-4e47-a811-29112d68ed2c}</UniqueIdentifier>
    </Filter>
    <Filter Include="MyEngine\.cpp\utility">
      <UniqueIdentifier>{84912fec-8032-437b-8169-b12e5883cda4}</UniqueIdentifier>
    </Filter>
    <Filter Include="MyEngine\.cpp\utility\Debug">
      <UniqueIdentifier>{8c4bbc4a-e367-4978-b4c5-734f1ee6cb61}</UniqueIdentifier>
    </Filter>
    <Filter Include="MyEngine\.h\utility">
      <UniqueIdentifier>{ba7b0919-2c62-43e1-b233-9024bf672fdf}</UniqueIdentifier>
    </Filter>
    <Filter Include="MyEngine\.h\utility\Debug">
      <UniqueIdentifier>{20818b80-a58e-4c65-84c7-f8fe2b0bdb85}</UniqueIdentifier>
    </Filter>
    <Filter Include="Game\Scene\Factory">
      <UniqueIdentifier>{33f429d3-39ce-4d12-9f0a-521b426150fd}</UniqueIdentifier>
    </Filter>
    <Filter Include="Game\GameCamera">
      <UniqueIdentifier>{bfdbb484-9e65-4a8a-af2e-0ef01be0733a}</UniqueIdentifier>
    </Filter>
    <Filter Include="Game\BaseObject">
      <UniqueIdentifier>{832ab39a-2d4b-4fe4-8856-94b07328ddf2}</UniqueIdentifier>
    </Filter>
    <Filter Include="Game\Field">
      <UniqueIdentifier>{dadd7790-843c-4680-92b4-e67a4786f1af}</UniqueIdentifier>
    </Filter>
    <Filter Include="Game\LockOn">
      <UniqueIdentifier>{2dbf6ab4-b342-4a0c-bd73-1841d2da805a}</UniqueIdentifier>
    </Filter>
    <Filter Include="Game\Enemy">
      <UniqueIdentifier>{e50a6726-f665-4727-8499-eab58c410ec3}</UniqueIdentifier>
    </Filter>
    <Filter Include="Game\SkyDome">
      <UniqueIdentifier>{be115c28-99db-4631-90c5-48e4db1bce50}</UniqueIdentifier>
    </Filter>
    <Filter Include="Game\Enemy\core">
      <UniqueIdentifier>{acd7df78-4aff-4ea7-bee3-3255835cbd89}</UniqueIdentifier>
    </Filter>
    <Filter Include="Game\Enemy\Manager">
      <UniqueIdentifier>{4ec20f46-29f9-433f-80de-43dc9f16cb67}</UniqueIdentifier>
    </Filter>
    <Filter Include="Game\CollisionBox">
      <UniqueIdentifier>{95fdcb87-3d52-42b9-957c-8a29c004140d}</UniqueIdentifier>
    </Filter>
    <Filter Include="Game\Enemy\Behevior">
      <UniqueIdentifier>{980998d2-8fc8-49fa-8ebd-747b3b8183d7}</UniqueIdentifier>
    </Filter>
    <Filter Include="Game\Enemy\HPBsr">
      <UniqueIdentifier>{c80a07fc-a6fa-4934-a64f-d533cf749ad6}</UniqueIdentifier>
    </Filter>
    <Filter Include="Game\UI">
      <UniqueIdentifier>{87049752-476b-4d24-840f-3b5ba8a3170f}</UniqueIdentifier>
    </Filter>
    <Filter Include="Game\UI\HowToOperate">
      <UniqueIdentifier>{eba982c5-fc14-4c04-b2b6-bbbd2cc2b653}</UniqueIdentifier>
    </Filter>
    <Filter Include="MyEngine\.h\Light">
      <UniqueIdentifier>{628ab431-7495-4a04-bd50-fe846b42960d}</UniqueIdentifier>
    </Filter>
    <Filter Include="MyEngine\.cpp\Light">
      <UniqueIdentifier>{5396bc61-e016-4b3e-8707-c28cc9c03b94}</UniqueIdentifier>
    </Filter>
    <Filter Include="Game\MonsterBall">
      <UniqueIdentifier>{0fe76578-dd93-4ebc-a7b1-ff86299b8b82}</UniqueIdentifier>
    </Filter>
    <Filter Include="Game\Player">
      <UniqueIdentifier>{17bc6e81-f103-4b8a-895b-a16298dcba9e}</UniqueIdentifier>
    </Filter>
    <Filter Include="Game\Player\Behavior">
      <UniqueIdentifier>{fa87dd0d-508a-4164-9fe9-b239a2dc26e5}</UniqueIdentifier>
    </Filter>
    <Filter Include="Game\Player\Behavior\TitleBehavior">
      <UniqueIdentifier>{b01ecc97-be49-417c-b138-660a6158c88c}</UniqueIdentifier>
    </Filter>
    <Filter Include="Game\Enemy\Behevior\Base">
      <UniqueIdentifier>{1746ae5f-60db-477d-aa9e-b09ea00862c4}</UniqueIdentifier>
    </Filter>
    <Filter Include="Game\Enemy\Behevior\MoveBehavior">
      <UniqueIdentifier>{e99abf53-21bf-4374-907f-ce66abce6461}</UniqueIdentifier>
    </Filter>
    <Filter Include="Game\Player\Behavior\Base">
      <UniqueIdentifier>{566bf61f-7694-4068-9d7b-8bd02d70ef3f}</UniqueIdentifier>
    </Filter>
    <Filter Include="Game\Player\Behavior\ComboBehavior">
      <UniqueIdentifier>{b716b7ec-c13b-49ad-9c4b-07471c4c9782}</UniqueIdentifier>
    </Filter>
    <Filter Include="Game\Player\Behavior\ComboBehavior\Normal">
      <UniqueIdentifier>{fffcf07a-76a3-443b-9184-ae0f9224713e}</UniqueIdentifier>
    </Filter>
    <Filter Include="Game\Player\Behavior\ComboBehavior\Jump">
      <UniqueIdentifier>{7a626b88-685f-48d5-93f8-d3026437db2d}</UniqueIdentifier>
    </Filter>
    <Filter Include="Game\Player\Behavior\Base\Atacck">
      <UniqueIdentifier>{b2fb692f-a018-4f1b-b2d5-15d9f559adf9}</UniqueIdentifier>
    </Filter>
    <Filter Include="Game\Player\Behavior\Base\Title">
      <UniqueIdentifier>{e327e147-a821-4473-90ce-64cbd5002fd4}</UniqueIdentifier>
    </Filter>
    <Filter Include="Game\Player\Behavior\Base\Normal">
      <UniqueIdentifier>{599452ed-ae64-4940-9c36-8113d6eb7c0c}</UniqueIdentifier>
    </Filter>
    <Filter Include="Game\Player\Behavior\NormalBehavior">
      <UniqueIdentifier>{cf9a79e5-c843-492f-9a28-30d2c3517ba4}</UniqueIdentifier>
    </Filter>
    <Filter Include="Game\Player\core">
      <UniqueIdentifier>{d3e51b1b-0df3-4fb3-bd66-3f185b05cfcd}</UniqueIdentifier>
    </Filter>
    <Filter Include="Game\Enemy\Behevior\Damage">
      <UniqueIdentifier>{d269b1c9-4fa2-49cd-99e9-ef7cc1bcd7fc}</UniqueIdentifier>
    </Filter>
    <Filter Include="Game\Scene\Manager">
      <UniqueIdentifier>{20578600-268f-441b-8c4f-b9fd3cd175ca}</UniqueIdentifier>
    </Filter>
    <Filter Include="Game\Enemy\Spawner">
      <UniqueIdentifier>{56719232-7938-486e-b2c4-15494f312b10}</UniqueIdentifier>
    </Filter>
    <Filter Include="MyEngine\.cpp\utility\RailEditor">
      <UniqueIdentifier>{51a8756f-630b-4731-a137-18eb9e2bad0e}</UniqueIdentifier>
    </Filter>
    <Filter Include="MyEngine\.h\utility\RailEditor">
      <UniqueIdentifier>{a1a4d21c-afb7-499c-938c-549c4c6ef567}</UniqueIdentifier>
    </Filter>
    <Filter Include="MyEngine\.cpp\utility\ParticleEditor">
      <UniqueIdentifier>{ef4cf453-ddc8-44a4-8472-d26f34bd117a}</UniqueIdentifier>
    </Filter>
    <Filter Include="MyEngine\.h\utility\ParticleEditor">
      <UniqueIdentifier>{faf4888a-672e-4301-bb40-9621257e786a}</UniqueIdentifier>
    </Filter>
    <Filter Include="MyEngine\.h\utility\RailEditor">
      <UniqueIdentifier>{fd8669ab-e586-4603-8989-fde63074b7f4}</UniqueIdentifier>
    </Filter>
    <Filter Include="MyEngine\.cpp\utility\RailEditor">
      <UniqueIdentifier>{38b63eec-6feb-456d-8ec6-809cc5cedf01}</UniqueIdentifier>
    </Filter>
    <Filter Include="MyEngine\.cpp\utility\ParticleEditor">
      <UniqueIdentifier>{e160a169-d446-4008-85cf-77b40545199e}</UniqueIdentifier>
    </Filter>
    <Filter Include="MyEngine\.h\utility\ParticleEditor">
      <UniqueIdentifier>{4b1e989d-a14e-4aab-8692-e2fbb2059019}</UniqueIdentifier>
    </Filter>
    <Filter Include="MyEngine\.cpp\utility\ParameterEditor">
      <UniqueIdentifier>{c77b02e3-7e6e-47c2-96b6-027952dccbc6}</UniqueIdentifier>
    </Filter>
    <Filter Include="MyEngine\.cpp\utility\ParameterEditor">
      <UniqueIdentifier>{68cc7c40-2b21-43d7-9461-36612c85f182}</UniqueIdentifier>
    </Filter>
    <Filter Include="MyEngine\.h\utility\ParameterEditor">
      <UniqueIdentifier>{6045dc64-7d52-4582-b49c-567e7f5074bc}</UniqueIdentifier>
    </Filter>
    <Filter Include="MyEngine\.cpp\Primitive">
      <UniqueIdentifier>{a660c6f0-a988-46d1-bca0-d2fc5408ee78}</UniqueIdentifier>
    </Filter>
    <Filter Include="MyEngine\.h\Primitive">
      <UniqueIdentifier>{0015d049-85db-4bcb-ab82-220bbf98f1a9}</UniqueIdentifier>
    </Filter>
    <Filter Include="Game\UI\TitleRogo">
      <UniqueIdentifier>{26f2b0d5-af5f-4226-8a18-93999703de7c}</UniqueIdentifier>
    </Filter>
    <Filter Include="Game\Enemy\SearchingSprite">
      <UniqueIdentifier>{cbcd6471-36ea-4075-8b41-9533db6e6f52}</UniqueIdentifier>
    </Filter>
    <Filter Include="Game\Player\Parts">
      <UniqueIdentifier>{f3bc0200-2166-4ea3-88ff-c1d3bbfce8e3}</UniqueIdentifier>
    </Filter>
    <Filter Include="Game\Player\Effects">
      <UniqueIdentifier>{c8e009d6-cbe8-4e23-8466-e7f2b439882f}</UniqueIdentifier>
    </Filter>
    <Filter Include="Game\Player\SpecialAttackGauge">
      <UniqueIdentifier>{e40948bb-b17b-4f46-88ad-430c746cb5e7}</UniqueIdentifier>
    </Filter>
    <Filter Include="Game\Player\Parameter">
      <UniqueIdentifier>{eb7abc08-efa1-40a0-a060-7e06d58e66f1}</UniqueIdentifier>
    </Filter>
    <Filter Include="Game\SkyBox">
      <UniqueIdentifier>{37d72426-8966-414e-a747-609fe8e27581}</UniqueIdentifier>
    </Filter>
    <Filter Include="MyEngine\.cpp\Dx">
      <UniqueIdentifier>{34ce3bfb-c05b-4164-b44d-fc55288d76bd}</UniqueIdentifier>
    </Filter>
    <Filter Include="MyEngine\.h\Dx">
      <UniqueIdentifier>{5c4df9ce-5898-4e5a-904d-92a5d05b34f1}</UniqueIdentifier>
    </Filter>
    <Filter Include="Game\Combo">
      <UniqueIdentifier>{dabf037e-ffb4-41ce-bbec-fd291971c624}</UniqueIdentifier>
    </Filter>
    <Filter Include="MyEngine\.cpp\utility\PutObjForBlender">
      <UniqueIdentifier>{5a7933a1-28a8-444f-a670-3cdef98bd738}</UniqueIdentifier>
    </Filter>
    <Filter Include="MyEngine\.h\utility\PutObjForBlender">
      <UniqueIdentifier>{62c9232b-f990-4975-bd38-e118668e5483}</UniqueIdentifier>
    </Filter>
    <Filter Include="Game\Combo\UIBehavior">
      <UniqueIdentifier>{6482a217-db8f-4dd2-9188-4fd6fb9978b1}</UniqueIdentifier>
    </Filter>
    <Filter Include="MyEngine\.h\utility\EasingCreator">
      <UniqueIdentifier>{fd45ac81-3519-4403-ad3b-c42be8a0eed2}</UniqueIdentifier>
    </Filter>
    <Filter Include="MyEngine\.cpp\utility\EasingCreator">
      <UniqueIdentifier>{407ebb1a-3954-4162-b7ea-af0d1db90731}</UniqueIdentifier>
    </Filter>
    <Filter Include="Game\EasingTestObj">
      <UniqueIdentifier>{a383ecc6-f375-4bf7-9b58-7f4ba9f98f42}</UniqueIdentifier>
    </Filter>
    <Filter Include="Game\ComboCreate">
      <UniqueIdentifier>{84b3c227-9d01-4f00-aa9d-03f155fdbb2c}</UniqueIdentifier>
    </Filter>
    <Filter Include="MyEngine\.cpp\Animation">
      <UniqueIdentifier>{f84405b2-ba15-4fcd-9d2f-c731c2e277d1}</UniqueIdentifier>
    </Filter>
    <Filter Include="MyEngine\.h\Animation">
      <UniqueIdentifier>{f713b9a0-da3f-43be-b0fa-f9350a0b4541}</UniqueIdentifier>
    </Filter>
    <Filter Include="MyEngine\.cpp\Pipeline">
      <UniqueIdentifier>{2d147451-6345-4e6b-b8ac-bfea1e2c4367}</UniqueIdentifier>
    </Filter>
    <Filter Include="MyEngine\.h\Pipeline">
      <UniqueIdentifier>{fb35dccb-ddef-41e1-bed8-659a307f0c10}</UniqueIdentifier>
    </Filter>
    <Filter Include="Game\BackGroundObject">
      <UniqueIdentifier>{9c8a0421-d9ab-4941-8ba6-eff9ec6458cf}</UniqueIdentifier>
    </Filter>
    <Filter Include="リソースファイル\Lighting">
      <UniqueIdentifier>{d46e4630-16da-4bbb-b721-ea22f9c06320}</UniqueIdentifier>
    </Filter>
    <Filter Include="リソースファイル\ShadowMap">
      <UniqueIdentifier>{94a13b1b-2318-4ca0-b545-9919bc8fb376}</UniqueIdentifier>
    </Filter>
    <Filter Include="MyEngine\.cpp\ShadowMap">
      <UniqueIdentifier>{894a6aae-3db2-473e-b754-d02e1b291d06}</UniqueIdentifier>
    </Filter>
    <Filter Include="MyEngine\.h\ShadowMap">
      <UniqueIdentifier>{be7dc1d9-2066-4322-9d22-0b7e1ff7be19}</UniqueIdentifier>
    </Filter>
    <Filter Include="MyEngine\.cpp\Material">
      <UniqueIdentifier>{7779383f-1ab1-4d1c-8bef-41c69101e697}</UniqueIdentifier>
    </Filter>
    <Filter Include="MyEngine\.h\Material">
      <UniqueIdentifier>{ac3b0ce8-5003-4ba0-ade7-feb53bf1b6c1}</UniqueIdentifier>
    </Filter>
    <Filter Include="MyEngine\.cpp\PostEffect">
      <UniqueIdentifier>{e38b2556-769e-4783-b129-5409cf0747e8}</UniqueIdentifier>
    </Filter>
    <Filter Include="リソースファイル\PostEffect">
      <UniqueIdentifier>{3bf652c4-db9d-4e96-aa0f-177270e2226e}</UniqueIdentifier>
    </Filter>
    <Filter Include="MyEngine\.h\PostEffect">
      <UniqueIdentifier>{0e04b71b-66a2-4664-b8b2-e3e21a1ebbb6}</UniqueIdentifier>
    </Filter>
    <Filter Include="Game\ComboScene">
      <UniqueIdentifier>{38a10d10-b231-4bc9-bf94-53dd26410c5b}</UniqueIdentifier>
    </Filter>
    <Filter Include="MyEngine\.cpp\Easing">
      <UniqueIdentifier>{9e9bcedc-e4e5-4c3a-96e8-a00f997096a0}</UniqueIdentifier>
    </Filter>
    <Filter Include="MyEngine\.h\Easing">
      <UniqueIdentifier>{8f585426-d020-4a52-b5fe-ba4f621a60be}</UniqueIdentifier>
    </Filter>
    <Filter Include="MyEngine\.h\utility\CameraEditor">
      <UniqueIdentifier>{86745219-1af0-46bf-8773-dc4c8f0b1461}</UniqueIdentifier>
    </Filter>
    <Filter Include="MyEngine\.h\utility\ShakeEditor">
      <UniqueIdentifier>{b598867d-1557-4204-8949-7f620bc285d1}</UniqueIdentifier>
    </Filter>
    <Filter Include="MyEngine\.cpp\utility\ShakeEditor">
      <UniqueIdentifier>{54cd1afe-91ee-4208-8d44-5e3f9d0d2fc1}</UniqueIdentifier>
    </Filter>
    <Filter Include="MyEngine\.cpp\utility\TimeScaleEditor">
      <UniqueIdentifier>{db86007f-edfe-471b-9800-4bb32187b5fa}</UniqueIdentifier>
    </Filter>
    <Filter Include="MyEngine\.h\utility\TileScaleEditor">
      <UniqueIdentifier>{c8105416-44b0-458b-b1d0-784486d97837}</UniqueIdentifier>
    </Filter>
    <Filter Include="MyEngine\.h\utility\PostEffectEditor">
      <UniqueIdentifier>{f328784d-1054-4768-b123-548a56e9d88f}</UniqueIdentifier>
    </Filter>
    <Filter Include="MyEngine\.cpp\utility\PostEffectEditor">
      <UniqueIdentifier>{bf8ac9e4-f43b-41fe-bf88-7e8b65d23b95}</UniqueIdentifier>
    </Filter>
    <Filter Include="Game\AttackEffect">
      <UniqueIdentifier>{e59252d0-c8a8-40b8-89ff-a6b2dd6c3a3a}</UniqueIdentifier>
    </Filter>
    <Filter Include="Game\GameIntro">
      <UniqueIdentifier>{92588cd3-ec6f-4fcf-b2e7-4b261419bf32}</UniqueIdentifier>
    </Filter>
    <Filter Include="MyEngine\.h\utility\DissolveEditor">
      <UniqueIdentifier>{409b413e-b3ca-43a6-80e4-09e2600ca98e}</UniqueIdentifier>
    </Filter>
    <Filter Include="MyEngine\.cpp\utility\DissolveEditor">
      <UniqueIdentifier>{78acc7c9-b041-45d7-a84f-a85e75e2755f}</UniqueIdentifier>
    </Filter>
    <Filter Include="Game\FireInjectors">
      <UniqueIdentifier>{0b7b5e54-0d48-470f-91bf-bfc9c50b2e86}</UniqueIdentifier>
    </Filter>
    <Filter Include="MyEngine\.cpp\utility\CameraEditor">
      <UniqueIdentifier>{32855cfa-547f-4fc0-8cfe-602053ee4b6b}</UniqueIdentifier>
    </Filter>
    <Filter Include="リソースファイル\Skinning">
      <UniqueIdentifier>{15836091-162c-440d-9b7f-062994c31720}</UniqueIdentifier>
    </Filter>
    <Filter Include="MyEngine\.h\Pipeline\Skinning">
      <UniqueIdentifier>{867a20e9-e469-424a-b5e4-e91d7432bc9f}</UniqueIdentifier>
    </Filter>
    <Filter Include="MyEngine\.h\Pipeline\Line3D">
      <UniqueIdentifier>{8e48f525-48d0-48b1-967a-e73c384d8adb}</UniqueIdentifier>
    </Filter>
    <Filter Include="MyEngine\.h\Pipeline\Sprite">
      <UniqueIdentifier>{dbfa1082-6913-4de7-890a-736053fb72ef}</UniqueIdentifier>
    </Filter>
    <Filter Include="MyEngine\.h\Pipeline\ShadowMap">
      <UniqueIdentifier>{7185db5c-c011-4bed-8272-2659e9d38186}</UniqueIdentifier>
    </Filter>
    <Filter Include="MyEngine\.h\Pipeline\Particle">
      <UniqueIdentifier>{1fd60901-89e0-4f20-84f6-44a03af70679}</UniqueIdentifier>
    </Filter>
    <Filter Include="MyEngine\.h\Pipeline\Object3D">
      <UniqueIdentifier>{04a2f136-8d68-4619-b049-b4aa822d1f21}</UniqueIdentifier>
    </Filter>
    <Filter Include="MyEngine\.cpp\Pipeline\Line3D">
      <UniqueIdentifier>{4cc469bb-ab09-4fca-88c9-376f63b44487}</UniqueIdentifier>
    </Filter>
    <Filter Include="MyEngine\.cpp\Pipeline\Object3D">
      <UniqueIdentifier>{c74a0a8e-89cb-42ea-903d-5f769323c546}</UniqueIdentifier>
    </Filter>
    <Filter Include="MyEngine\.cpp\Pipeline\ShadowMap">
      <UniqueIdentifier>{01200718-3ec7-4e45-b5c7-196a2930f8b2}</UniqueIdentifier>
    </Filter>
    <Filter Include="MyEngine\.cpp\Pipeline\Particle">
      <UniqueIdentifier>{c2d13b05-ad9f-4685-a8e0-20361e6229c6}</UniqueIdentifier>
    </Filter>
    <Filter Include="MyEngine\.cpp\Pipeline\Skinning">
      <UniqueIdentifier>{0f9249f0-eefc-4544-b24f-b77627e85108}</UniqueIdentifier>
    </Filter>
    <Filter Include="MyEngine\.cpp\Pipeline\Sprite">
      <UniqueIdentifier>{97e25e22-2e54-48f6-841a-2e55242d72ef}</UniqueIdentifier>
    </Filter>
    <Filter Include="リソースファイル\Particle">
      <UniqueIdentifier>{22f1abac-a706-47e8-a915-8827c3f81cfe}</UniqueIdentifier>
    </Filter>
    <Filter Include="リソースファイル\Particle\CS">
      <UniqueIdentifier>{1010e4d4-4406-448a-8efe-28d430a3f08e}</UniqueIdentifier>
    </Filter>
    <Filter Include="MyEngine\.cpp\GPUParticle">
      <UniqueIdentifier>{051197de-2a91-4aae-ab14-f617f4b1a001}</UniqueIdentifier>
    </Filter>
    <Filter Include="MyEngine\.h\Collider">
      <UniqueIdentifier>{261d89ef-d3f4-4da1-aa9e-bfd6e260bf1a}</UniqueIdentifier>
    </Filter>
    <Filter Include="MyEngine\.cpp\GPUParticle\ResourceCreator">
      <UniqueIdentifier>{340244ac-4add-4b95-bc0d-743d48896fbd}</UniqueIdentifier>
    </Filter>
    <Filter Include="MyEngine\.h\Pipeline\Particle\CS">
      <UniqueIdentifier>{ce505e37-05b2-45a2-89c7-c84d80609328}</UniqueIdentifier>
    </Filter>
    <Filter Include="MyEngine\.h\GPUParticle">
      <UniqueIdentifier>{aa8b0c32-c9be-42e4-8baf-99d6d906a8ba}</UniqueIdentifier>
    </Filter>
    <Filter Include="MyEngine\.h\GPUParticle\Data">
      <UniqueIdentifier>{8f64a725-dbc0-4270-8781-dc3c43090878}</UniqueIdentifier>
    </Filter>
    <Filter Include="MyEngine\.h\GPUParticle\ResourceCreator">
      <UniqueIdentifier>{00ef74a7-6b08-427e-8cd8-e40d2599bd7a}</UniqueIdentifier>
    </Filter>
    <Filter Include="MyEngine\.cpp\Pipeline\Particle\CS">
      <UniqueIdentifier>{2891f6ed-d6b6-4d6f-af69-a03fdf4e788c}</UniqueIdentifier>
    </Filter>
    <Filter Include="Game\BackGroundObject\ComboLevel">
      <UniqueIdentifier>{c094f561-3bc0-4506-ac52-7363b27c4f08}</UniqueIdentifier>
    </Filter>
    <Filter Include="リソースファイル\Random">
      <UniqueIdentifier>{06914a50-77df-4e36-9100-2bfef8813310}</UniqueIdentifier>
    </Filter>
    <Filter Include="MyEngine\.cpp\Pipeline\SkyBox">
      <UniqueIdentifier>{d2c5c7b4-7eb9-4751-8b7f-27522fca7e01}</UniqueIdentifier>
    </Filter>
    <Filter Include="MyEngine\.h\Pipeline\SkyBox">
      <UniqueIdentifier>{647a01ef-6a48-46ff-840f-f1b296205edd}</UniqueIdentifier>
    </Filter>
    <Filter Include="Game\Player\JumpAttackUI">
      <UniqueIdentifier>{2a057082-9dd0-48a1-983c-2389abf8a682}</UniqueIdentifier>
    </Filter>
  </ItemGroup>
  <ItemGroup>
    <ClCompile Include="Engine\2d\ImGuiManager.cpp">
      <Filter>MyEngine\.cpp\2d</Filter>
    </ClCompile>
    <ClCompile Include="Engine\2d\Sprite.cpp">
      <Filter>MyEngine\.cpp\2d</Filter>
    </ClCompile>
    <ClCompile Include="Engine\3d\Model.cpp">
      <Filter>MyEngine\.cpp\3d</Filter>
    </ClCompile>
    <ClCompile Include="Engine\3d\ViewProjection.cpp">
      <Filter>MyEngine\.cpp\3d</Filter>
    </ClCompile>
    <ClCompile Include="Engine\3d\WorldTransform.cpp">
      <Filter>MyEngine\.cpp\3d</Filter>
    </ClCompile>
    <ClCompile Include="Engine\3d\Object3d.cpp">
      <Filter>MyEngine\.cpp\3d</Filter>
    </ClCompile>
    <ClCompile Include="Engine\3d\BaseObject3d.cpp">
      <Filter>MyEngine\.cpp\3d</Filter>
    </ClCompile>
    <ClCompile Include="Engine\3d\ModelManager.cpp">
      <Filter>MyEngine\.cpp\3d</Filter>
    </ClCompile>
    <ClCompile Include="Engine\base\TextureManager.cpp">
      <Filter>MyEngine\.cpp\base</Filter>
    </ClCompile>
    <ClCompile Include="Engine\base\WinApp.cpp">
      <Filter>MyEngine\.cpp\base</Filter>
    </ClCompile>
    <ClCompile Include="Engine\input\Input.cpp">
      <Filter>MyEngine\.cpp\input</Filter>
    </ClCompile>
    <ClCompile Include="Engine\Function\Convert.cpp">
      <Filter>MyEngine\.cpp\function</Filter>
    </ClCompile>
    <ClCompile Include="Engine\audio\Audio.cpp">
      <Filter>MyEngine\.cpp\audio</Filter>
    </ClCompile>
    <ClCompile Include="Game\Scene\GameScene.cpp">
      <Filter>Game\Scene</Filter>
    </ClCompile>
    <ClCompile Include="Engine\input\Mouse.cpp">
      <Filter>MyEngine\.cpp\input</Filter>
    </ClCompile>
    <ClCompile Include="math\MathFunction.cpp">
      <Filter>liberary\.cpp</Filter>
    </ClCompile>
    <ClCompile Include="math\Matrix3x3.cpp">
      <Filter>liberary\.cpp</Filter>
    </ClCompile>
    <ClCompile Include="math\Matrix4x4.cpp">
      <Filter>liberary\.cpp</Filter>
    </ClCompile>
    <ClCompile Include="math\random.cpp">
      <Filter>liberary\.cpp</Filter>
    </ClCompile>
    <ClCompile Include="math\Vector3.cpp">
      <Filter>liberary\.cpp</Filter>
    </ClCompile>
    <ClCompile Include="math\Vector4.cpp">
      <Filter>liberary\.cpp</Filter>
    </ClCompile>
    <ClCompile Include="math\Box.cpp">
      <Filter>liberary\.cpp</Filter>
    </ClCompile>
    <ClCompile Include="Engine\3d\ObjectColor.cpp">
      <Filter>MyEngine\.cpp\3d</Filter>
    </ClCompile>
    <ClCompile Include="Engine\base\SpriteMaterial.cpp">
      <Filter>MyEngine\.cpp\base</Filter>
    </ClCompile>
    <ClCompile Include="Engine\Frame\Frame.cpp">
      <Filter>MyEngine\.cpp\Frame</Filter>
    </ClCompile>
    <ClCompile Include="main.cpp" />
    <ClCompile Include="Engine\Collider\AABBCollider.cpp">
      <Filter>MyEngine\.cpp\Collider</Filter>
    </ClCompile>
    <ClCompile Include="Engine\Collider\BaseCollider.cpp">
      <Filter>MyEngine\.cpp\Collider</Filter>
    </ClCompile>
    <ClCompile Include="Engine\Collider\CollisionManager.cpp">
      <Filter>MyEngine\.cpp\Collider</Filter>
    </ClCompile>
    <ClCompile Include="Engine\Collider\OBBCollider.cpp">
      <Filter>MyEngine\.cpp\Collider</Filter>
    </ClCompile>
    <ClCompile Include="Engine\Core\KTGame.cpp">
      <Filter>MyEngine\.cpp\Core</Filter>
    </ClCompile>
    <ClCompile Include="Engine\Core\KTFramework.cpp">
      <Filter>MyEngine\.cpp\Core</Filter>
    </ClCompile>
    <ClCompile Include="Engine\base\SrvManager.cpp">
      <Filter>MyEngine\.cpp\base</Filter>
    </ClCompile>
    <ClCompile Include="Engine\utility\Debug\DebugCamera.cpp">
      <Filter>MyEngine\.cpp\utility\Debug</Filter>
    </ClCompile>
    <ClCompile Include="Game\Scene\TitleScene.cpp">
      <Filter>Game\Scene</Filter>
    </ClCompile>
    <ClCompile Include="Game\Scene\BaseScene.cpp">
      <Filter>Game\Scene</Filter>
    </ClCompile>
    <ClCompile Include="Game\Scene\Manager\SceneManager.cpp">
      <Filter>Game\Scene\Manager</Filter>
    </ClCompile>
    <ClCompile Include="Game\Scene\Factory\SceneFactory.cpp">
      <Filter>Game\Scene\Factory</Filter>
    </ClCompile>
    <ClCompile Include="Game\Player\ComboAttackBehavior\RoringUpper.cpp">
      <Filter>Game\Player\Behavior\ComboBehavior\Normal</Filter>
    </ClCompile>
    <ClCompile Include="Game\CollisionBox\BaseAABBCollisionBox.cpp">
      <Filter>Game\CollisionBox</Filter>
    </ClCompile>
    <ClCompile Include="Game\CollisionBox\PlayerAttackController.cpp">
      <Filter>Game\CollisionBox</Filter>
    </ClCompile>
    <ClCompile Include="Game\Player\ComboAttackBehavior\ThrustPunch.cpp">
      <Filter>Game\Player\Behavior\ComboBehavior\Normal</Filter>
    </ClCompile>
    <ClCompile Include="Game\Enemy\HPBar\EnemyHPBar.cpp">
      <Filter>Game\Enemy\HPBsr</Filter>
    </ClCompile>
    <ClCompile Include="Game\Player\ComboAttackBehavior\RushAttack.cpp">
      <Filter>Game\Player\Behavior\ComboBehavior\Jump</Filter>
    </ClCompile>
    <ClCompile Include="Game\Enemy\StrongEnemy.cpp">
      <Filter>Game\Enemy\core</Filter>
    </ClCompile>
    <ClCompile Include="math\Shake.cpp">
      <Filter>liberary\.cpp</Filter>
    </ClCompile>
    <ClCompile Include="math\Quaternion.cpp">
      <Filter>liberary\.cpp</Filter>
    </ClCompile>
    <ClCompile Include="Game\Enemy\Behavior\EnemyWait.cpp">
      <Filter>Game\Enemy\Behevior\MoveBehavior</Filter>
    </ClCompile>
    <ClCompile Include="Game\Enemy\Behavior\EnemyChasePlayer.cpp">
      <Filter>Game\Enemy\Behevior\MoveBehavior</Filter>
    </ClCompile>
    <ClCompile Include="Game\Enemy\Behavior\EnemySpawn.cpp">
      <Filter>Game\Enemy\Behevior\MoveBehavior</Filter>
    </ClCompile>
    <ClCompile Include="Engine\Lighrt\Light.cpp">
      <Filter>MyEngine\.cpp\Light</Filter>
    </ClCompile>
    <ClCompile Include="Engine\Lighrt\DirectionalLight.cpp">
      <Filter>MyEngine\.cpp\Light</Filter>
    </ClCompile>
    <ClCompile Include="Engine\Lighrt\PointLight.cpp">
      <Filter>MyEngine\.cpp\Light</Filter>
    </ClCompile>
    <ClCompile Include="Engine\Lighrt\SpotLight.cpp">
      <Filter>MyEngine\.cpp\Light</Filter>
    </ClCompile>
    <ClCompile Include="Engine\Lighrt\PointLightManager.cpp">
      <Filter>MyEngine\.cpp\Light</Filter>
    </ClCompile>
    <ClCompile Include="Engine\Lighrt\SpotLightManager.cpp">
      <Filter>MyEngine\.cpp\Light</Filter>
    </ClCompile>
    <ClCompile Include="Game\Player\TitleBehavior\TitleFirstFall.cpp">
      <Filter>Game\Player\Behavior\TitleBehavior</Filter>
    </ClCompile>
    <ClCompile Include="Game\Player\TitleBehavior\TitleRightPunch.cpp">
      <Filter>Game\Player\Behavior\TitleBehavior</Filter>
    </ClCompile>
    <ClCompile Include="Game\Player\TitleBehavior\TitleLeftPunch.cpp">
      <Filter>Game\Player\Behavior\TitleBehavior</Filter>
    </ClCompile>
    <ClCompile Include="Game\Player\TitleBehavior\TitleWait.cpp">
      <Filter>Game\Player\Behavior\TitleBehavior</Filter>
    </ClCompile>
    <ClCompile Include="Engine\Lighrt\AreaLightManager.cpp">
      <Filter>MyEngine\.cpp\Light</Filter>
    </ClCompile>
    <ClCompile Include="Engine\Lighrt\AreaLight.cpp">
      <Filter>MyEngine\.cpp\Light</Filter>
    </ClCompile>
    <ClCompile Include="Game\MonsterBall\MonsterBall.cpp">
      <Filter>Game\MonsterBall</Filter>
    </ClCompile>
    <ClCompile Include="Engine\Lighrt\AmbientLight.cpp">
      <Filter>MyEngine\.cpp\Light</Filter>
    </ClCompile>
    <ClCompile Include="Game\SkyDome\SkyDome.cpp">
      <Filter>Game\SkyDome</Filter>
    </ClCompile>
    <ClCompile Include="Game\UI\TitleRogo.cpp">
      <Filter>Game\UI\TitleRogo</Filter>
    </ClCompile>
    <ClCompile Include="Game\UI\HowToOperate.cpp">
      <Filter>Game\UI\HowToOperate</Filter>
    </ClCompile>
    <ClCompile Include="Game\Player\ComboAttackBehavior\RightJobPunch.cpp">
      <Filter>Game\Player\Behavior\ComboBehavior\Normal</Filter>
    </ClCompile>
    <ClCompile Include="Game\Player\ComboAttackBehavior\FallAttack.cpp">
      <Filter>Game\Player\Behavior\ComboBehavior\Jump</Filter>
    </ClCompile>
    <ClCompile Include="Game\Player\ComboAttackBehavior\LeftJobPunch.cpp">
      <Filter>Game\Player\Behavior\ComboBehavior\Normal</Filter>
    </ClCompile>
    <ClCompile Include="Game\Player\ComboAttackBehavior\ComboAttackRoot.cpp">
      <Filter>Game\Player\Behavior\ComboBehavior\Normal</Filter>
    </ClCompile>
    <ClCompile Include="Game\Player\PlayerBehavior\PlayerJump.cpp">
      <Filter>Game\Player\Behavior\NormalBehavior</Filter>
    </ClCompile>
    <ClCompile Include="Game\Player\PlayerBehavior\PlayerMove.cpp">
      <Filter>Game\Player\Behavior\NormalBehavior</Filter>
    </ClCompile>
    <ClCompile Include="Game\Player\Player.cpp">
      <Filter>Game\Player\core</Filter>
    </ClCompile>
    <ClCompile Include="Game\LockOn\LockOn.cpp">
      <Filter>Game\LockOn</Filter>
    </ClCompile>
    <ClCompile Include="Game\BaseObject\BaseObject.cpp">
      <Filter>Game\BaseObject</Filter>
    </ClCompile>
    <ClCompile Include="Game\Field\Field.cpp">
      <Filter>Game\Field</Filter>
    </ClCompile>
    <ClCompile Include="Game\GameCamera\GameCamera.cpp">
      <Filter>Game\GameCamera</Filter>
    </ClCompile>
    <ClCompile Include="Game\Enemy\EnemyManager.cpp">
      <Filter>Game\Enemy\Manager</Filter>
    </ClCompile>
    <ClCompile Include="Game\Enemy\Behavior\BaseEnemyBehavior.cpp">
      <Filter>Game\Enemy\Behevior\Base</Filter>
    </ClCompile>
    <ClCompile Include="Game\Enemy\Behavior\BaseEnemyMoveBehavior.cpp">
      <Filter>Game\Enemy\Behevior\Base</Filter>
    </ClCompile>
    <ClCompile Include="Game\Player\ComboAttackBehavior\BaseComboAattackBehavior.cpp">
      <Filter>Game\Player\Behavior\Base\Atacck</Filter>
    </ClCompile>
    <ClCompile Include="Game\Player\TitleBehavior\BaseTitleBehavior.cpp">
      <Filter>Game\Player\Behavior\Base\Title</Filter>
    </ClCompile>
    <ClCompile Include="Game\Player\PlayerBehavior\BasePlayerBehavior.cpp">
      <Filter>Game\Player\Behavior\Base\Normal</Filter>
    </ClCompile>
    <ClCompile Include="Game\Enemy\BaseEnemy.cpp">
      <Filter>Game\Enemy\core</Filter>
    </ClCompile>
    <ClCompile Include="Game\Enemy\NormalEnemy.cpp">
      <Filter>Game\Enemy\core</Filter>
    </ClCompile>
    <ClCompile Include="Engine\Function\GetFile.cpp">
      <Filter>MyEngine\.cpp\function</Filter>
    </ClCompile>
    <ClCompile Include="Engine\input\GamePad.cpp">
      <Filter>MyEngine\.cpp\input</Filter>
    </ClCompile>
    <ClCompile Include="math\Vector2.cpp">
      <Filter>liberary\.cpp</Filter>
    </ClCompile>
    <ClCompile Include="Game\CollisionBox\EnemyCollisionBox.cpp">
      <Filter>Game\CollisionBox</Filter>
    </ClCompile>
    <ClCompile Include="Game\Enemy\Behavior\EnemyBoundDamage.cpp">
      <Filter>Game\Enemy\Behevior\Damage</Filter>
    </ClCompile>
    <ClCompile Include="Game\Enemy\Behavior\EnemyDamageRoot.cpp">
      <Filter>Game\Enemy\Behevior\Damage</Filter>
    </ClCompile>
    <ClCompile Include="Game\Enemy\Behavior\EnemyDeath.cpp">
      <Filter>Game\Enemy\Behevior\Damage</Filter>
    </ClCompile>
    <ClCompile Include="Game\Enemy\Behavior\EnemyHitBackDamage.cpp">
      <Filter>Game\Enemy\Behevior\Damage</Filter>
    </ClCompile>
    <ClCompile Include="Game\Enemy\Behavior\EnemyStopDamage.cpp">
      <Filter>Game\Enemy\Behevior\Damage</Filter>
    </ClCompile>
    <ClCompile Include="Game\Enemy\Behavior\EnemyThrustDamage.cpp">
      <Filter>Game\Enemy\Behevior\Damage</Filter>
    </ClCompile>
    <ClCompile Include="Game\Enemy\Behavior\EnemyUpperDamage.cpp">
      <Filter>Game\Enemy\Behevior\Damage</Filter>
    </ClCompile>
    <ClCompile Include="Game\Player\ComboAttackBehavior\JumpRush.cpp">
      <Filter>Game\Player\Behavior\ComboBehavior\Normal</Filter>
    </ClCompile>
    <ClCompile Include="Game\Enemy\Spawner\EnemySpawner.cpp">
      <Filter>Game\Enemy\Spawner</Filter>
    </ClCompile>
    <ClCompile Include="Engine\utility\RailEditor\ControlPosManager.cpp">
      <Filter>MyEngine\.cpp\utility\RailEditor</Filter>
    </ClCompile>
    <ClCompile Include="Engine\utility\RailEditor\Rail.cpp">
      <Filter>MyEngine\.cpp\utility\RailEditor</Filter>
    </ClCompile>
    <ClCompile Include="Engine\utility\RailEditor\RailManager.cpp">
      <Filter>MyEngine\.cpp\utility\RailEditor</Filter>
    </ClCompile>
    <ClCompile Include="Engine\utility\ParticleEditor\ParticleEmitter.cpp">
      <Filter>MyEngine\.cpp\utility\ParticleEditor</Filter>
    </ClCompile>
    <ClCompile Include="Engine\utility\ParticleEditor\ParticleManager.cpp">
      <Filter>MyEngine\.cpp\utility\ParticleEditor</Filter>
    </ClCompile>
    <ClCompile Include="Engine\utility\ParameterEditor\GlobalParameter.cpp">
      <Filter>MyEngine\.cpp\utility\ParameterEditor</Filter>
    </ClCompile>
    <ClCompile Include="Engine\utility\ParticleEditor\ParticleParameter.cpp">
      <Filter>MyEngine\.cpp\utility\ParticleEditor</Filter>
    </ClCompile>
    <ClCompile Include="Engine\Primitive\PrimitivePlane.cpp">
      <Filter>MyEngine\.cpp\Primitive</Filter>
    </ClCompile>
    <ClCompile Include="Engine\Primitive\IPrimitive.cpp">
      <Filter>MyEngine\.cpp\Primitive</Filter>
    </ClCompile>
    <ClCompile Include="Engine\3d\Mesh.cpp">
      <Filter>MyEngine\.cpp\3d</Filter>
    </ClCompile>
    <ClCompile Include="Engine\Primitive\PrimitiveRing.cpp">
      <Filter>MyEngine\.cpp\Primitive</Filter>
    </ClCompile>
    <ClCompile Include="Engine\Primitive\PrimitiveCylinder.cpp">
      <Filter>MyEngine\.cpp\Primitive</Filter>
    </ClCompile>
    <ClCompile Include="Game\Enemy\SearchingSprite\FindSprite.cpp">
      <Filter>Game\Enemy\SearchingSprite</Filter>
    </ClCompile>
    <ClCompile Include="Game\Enemy\SearchingSprite\NotFindSprite.cpp">
      <Filter>Game\Enemy\SearchingSprite</Filter>
    </ClCompile>
    <ClCompile Include="Game\Player\Parts\BasePlayerHand.cpp">
      <Filter>Game\Player\Parts</Filter>
    </ClCompile>
    <ClCompile Include="Game\Player\Parts\PlayerHandLeft.cpp">
      <Filter>Game\Player\Parts</Filter>
    </ClCompile>
    <ClCompile Include="Game\Player\Parts\PlayerHandRight.cpp">
      <Filter>Game\Player\Parts</Filter>
    </ClCompile>
    <ClCompile Include="Engine\Primitive\PrimitiveBox.cpp">
      <Filter>MyEngine\.cpp\Primitive</Filter>
    </ClCompile>
    <ClCompile Include="Game\Player\Effect\PlayerEffects.cpp">
      <Filter>Game\Player\Effects</Filter>
    </ClCompile>
    <ClCompile Include="Game\Player\SpecialAttackGauge\SpecialAttackGauge.cpp">
      <Filter>Game\Player\SpecialAttackGauge</Filter>
    </ClCompile>
    <ClCompile Include="Game\Player\Parameter\PlayerParameter.cpp">
      <Filter>Game\Player\Parameter</Filter>
    </ClCompile>
    <ClCompile Include="Game\SkyBox\SkyBox.cpp">
      <Filter>Game\SkyBox</Filter>
    </ClCompile>
    <ClCompile Include="Engine\Dx\DxReleaseChecker.cpp">
      <Filter>MyEngine\.cpp\Dx</Filter>
    </ClCompile>
    <ClCompile Include="Engine\Dx\DirectXCommon.cpp">
      <Filter>MyEngine\.cpp\Dx</Filter>
    </ClCompile>
    <ClCompile Include="Game\Player\ComboAttackBehavior\RoolingPunchAttack.cpp">
      <Filter>Game\Player\Behavior\ComboBehavior\Normal</Filter>
    </ClCompile>
    <ClCompile Include="Engine\Core\EngineCore.cpp">
      <Filter>MyEngine\.cpp\Core</Filter>
    </ClCompile>
    <ClCompile Include="Game\Combo\Combo.cpp">
      <Filter>Game\Combo</Filter>
    </ClCompile>
    <ClCompile Include="Game\Combo\ComboUIController.cpp">
      <Filter>Game\Combo</Filter>
    </ClCompile>
    <ClCompile Include="Game\Combo\ComboUI.cpp">
      <Filter>Game\Combo</Filter>
    </ClCompile>
    <ClCompile Include="Engine\utility\PutObjForBlender\PutObjForBlender.cpp">
      <Filter>MyEngine\.cpp\utility\PutObjForBlender</Filter>
    </ClCompile>
    <ClCompile Include="Game\Combo\Behavior\BaseComboUIBehavior.cpp">
      <Filter>Game\Combo\UIBehavior</Filter>
    </ClCompile>
    <ClCompile Include="Game\Combo\Behavior\ComboCountUp.cpp">
      <Filter>Game\Combo\UIBehavior</Filter>
    </ClCompile>
    <ClCompile Include="Game\Combo\Behavior\ComboWait.cpp">
      <Filter>Game\Combo\UIBehavior</Filter>
    </ClCompile>
    <ClCompile Include="Game\Scene\EditorScene.cpp">
      <Filter>Game\Scene</Filter>
    </ClCompile>
    <ClCompile Include="Engine\utility\EasingCreator\EasingCreator.cpp">
      <Filter>MyEngine\.cpp\utility\EasingCreator</Filter>
    </ClCompile>
    <ClCompile Include="Engine\utility\EasingCreator\EasingParameterData.cpp">
      <Filter>MyEngine\.cpp\utility\EasingCreator</Filter>
    </ClCompile>
    <ClCompile Include="Engine\utility\EasingCreator\EasingEditor.cpp">
      <Filter>MyEngine\.cpp\utility\EasingCreator</Filter>
    </ClCompile>
    <ClCompile Include="math\Vector2Proxy.cpp">
      <Filter>liberary\.cpp</Filter>
    </ClCompile>
    <ClCompile Include="Game\EasingTestObj\EasingTestObj.cpp">
      <Filter>Game\EasingTestObj</Filter>
    </ClCompile>
    <ClCompile Include="Game\ComboCreate\ComboCreateEditor.cpp">
      <Filter>Game\ComboCreate</Filter>
    </ClCompile>
    <ClCompile Include="Engine\Animation\ModelAnimation.cpp">
      <Filter>MyEngine\.cpp\Animation</Filter>
    </ClCompile>
    <ClCompile Include="Game\FireInjectors\FireInjectors.cpp">
      <Filter>Game\FireInjectors</Filter>
    </ClCompile>
    <ClCompile Include="Engine\3d\Line3d.cpp">
      <Filter>MyEngine\.cpp\3d</Filter>
    </ClCompile>
    <ClCompile Include="Engine\base\RtvManager.cpp">
      <Filter>MyEngine\.cpp\base</Filter>
    </ClCompile>
    <ClCompile Include="Game\BackGroundObject\BaseBackGroundObject.cpp">
      <Filter>Game\BackGroundObject</Filter>
    </ClCompile>
    <ClCompile Include="Game\BackGroundObject\GameBackGroundObject.cpp">
      <Filter>Game\BackGroundObject</Filter>
    </ClCompile>
    <ClCompile Include="Engine\Dx\DxCommand.cpp">
      <Filter>MyEngine\.cpp\Dx</Filter>
    </ClCompile>
    <ClCompile Include="Engine\Dx\DxSwapChain.cpp">
      <Filter>MyEngine\.cpp\Dx</Filter>
    </ClCompile>
    <ClCompile Include="Engine\Dx\DxRenderTarget.cpp">
      <Filter>MyEngine\.cpp\Dx</Filter>
    </ClCompile>
    <ClCompile Include="Engine\Dx\DxCompiler.cpp">
      <Filter>MyEngine\.cpp\Dx</Filter>
    </ClCompile>
    <ClCompile Include="Engine\Dx\DxDevice.cpp">
      <Filter>MyEngine\.cpp\Dx</Filter>
    </ClCompile>
    <ClCompile Include="Engine\ShadowMap\ShadowMap.cpp">
      <Filter>MyEngine\.cpp\ShadowMap</Filter>
    </ClCompile>
    <ClCompile Include="Engine\base\DsvManager.cpp">
      <Filter>MyEngine\.cpp\base</Filter>
    </ClCompile>
    <ClCompile Include="Engine\Dx\DxDepthBuffer.cpp">
      <Filter>MyEngine\.cpp\Dx</Filter>
    </ClCompile>
    <ClCompile Include="Game\Player\PlayerBehavior\PlayerSpawn.cpp">
      <Filter>Game\Player\Behavior\NormalBehavior</Filter>
    </ClCompile>
    <ClCompile Include="Engine\Material\BaseMaterial.cpp">
      <Filter>MyEngine\.cpp\Material</Filter>
    </ClCompile>
    <ClCompile Include="Engine\Material\MeshMaterial.cpp">
      <Filter>MyEngine\.cpp\Material</Filter>
    </ClCompile>
    <ClCompile Include="Engine\Material\ModelMaterial.cpp">
      <Filter>MyEngine\.cpp\Material</Filter>
    </ClCompile>
    <ClCompile Include="Engine\Material\ParticleMaterial.cpp">
      <Filter>MyEngine\.cpp\Material</Filter>
    </ClCompile>
    <ClCompile Include="Engine\Material\SkyBoxMaterial.cpp">
      <Filter>MyEngine\.cpp\Material</Filter>
    </ClCompile>
    <ClCompile Include="Engine\PostEffect\BasePostEffect.cpp">
      <Filter>MyEngine\.cpp\PostEffect</Filter>
    </ClCompile>
    <ClCompile Include="Engine\PostEffect\BoxFilter.cpp">
      <Filter>MyEngine\.cpp\PostEffect</Filter>
    </ClCompile>
    <ClCompile Include="Engine\PostEffect\Dissolve.cpp">
      <Filter>MyEngine\.cpp\PostEffect</Filter>
    </ClCompile>
    <ClCompile Include="Engine\PostEffect\GaussianFilter.cpp">
      <Filter>MyEngine\.cpp\PostEffect</Filter>
    </ClCompile>
    <ClCompile Include="Engine\PostEffect\LuminanceBasedOutline.cpp">
      <Filter>MyEngine\.cpp\PostEffect</Filter>
    </ClCompile>
    <ClCompile Include="Engine\PostEffect\GrayScale.cpp">
      <Filter>MyEngine\.cpp\PostEffect</Filter>
    </ClCompile>
    <ClCompile Include="Engine\PostEffect\NormalScreen.cpp">
      <Filter>MyEngine\.cpp\PostEffect</Filter>
    </ClCompile>
    <ClCompile Include="Engine\PostEffect\Outline.cpp">
      <Filter>MyEngine\.cpp\PostEffect</Filter>
    </ClCompile>
    <ClCompile Include="Engine\PostEffect\PostEffectRenderer.cpp">
      <Filter>MyEngine\.cpp\PostEffect</Filter>
    </ClCompile>
    <ClCompile Include="Engine\PostEffect\RadialBlur.cpp">
      <Filter>MyEngine\.cpp\PostEffect</Filter>
    </ClCompile>
    <ClCompile Include="Engine\PostEffect\RandomNoize.cpp">
      <Filter>MyEngine\.cpp\PostEffect</Filter>
    </ClCompile>
    <ClCompile Include="Engine\PostEffect\Vignette.cpp">
      <Filter>MyEngine\.cpp\PostEffect</Filter>
    </ClCompile>
    <ClCompile Include="Engine\3d\Object3DRegistry.cpp">
      <Filter>MyEngine\.cpp\3d</Filter>
    </ClCompile>
    <ClCompile Include="Engine\Animation\AnimationRegistry.cpp">
      <Filter>MyEngine\.cpp\Animation</Filter>
    </ClCompile>
    <ClCompile Include="Engine\Animation\Object3DAnimation.cpp">
      <Filter>MyEngine\.cpp\Animation</Filter>
    </ClCompile>
    <ClCompile Include="Game\ComboScene\ComboScene.cpp">
      <Filter>Game\ComboScene</Filter>
    </ClCompile>
    <ClCompile Include="Engine\Easing\Easing.cpp">
      <Filter>MyEngine\.cpp\Easing</Filter>
    </ClCompile>
    <ClCompile Include="Engine\Easing\EasingFunction.cpp">
      <Filter>MyEngine\.cpp\Easing</Filter>
    </ClCompile>
    <ClCompile Include="Engine\Easing\EasingSequence.cpp">
      <Filter>MyEngine\.cpp\Easing</Filter>
    </ClCompile>
    <ClCompile Include="Engine\Easing\EasingStep.cpp">
      <Filter>MyEngine\.cpp\Easing</Filter>
    </ClCompile>
    <ClCompile Include="Game\GameCamera\CameraRendition.cpp">
      <Filter>Game\GameCamera</Filter>
    </ClCompile>
    <ClCompile Include="Engine\utility\ShakeEditor\ShakeEditor.cpp">
      <Filter>MyEngine\.cpp\utility\ShakeEditor</Filter>
    </ClCompile>
    <ClCompile Include="Engine\utility\ShakeEditor\ShakePlayer.cpp">
      <Filter>MyEngine\.cpp\utility\ShakeEditor</Filter>
    </ClCompile>
    <ClCompile Include="Engine\utility\ShakeEditor\ShakeData.cpp">
      <Filter>MyEngine\.cpp\utility\ShakeEditor</Filter>
    </ClCompile>
    <ClCompile Include="Engine\utility\TimeScaleEditor\TimeScaleData.cpp">
      <Filter>MyEngine\.cpp\utility\TimeScaleEditor</Filter>
    </ClCompile>
    <ClCompile Include="Engine\utility\TimeScaleEditor\TimeScaleController.cpp">
      <Filter>MyEngine\.cpp\utility\TimeScaleEditor</Filter>
    </ClCompile>
    <ClCompile Include="Engine\utility\PostEffectEditor\PostEffectController.cpp">
      <Filter>MyEngine\.cpp\utility\PostEffectEditor</Filter>
    </ClCompile>
    <ClCompile Include="Engine\utility\PostEffectEditor\PostEffectData.cpp">
      <Filter>MyEngine\.cpp\utility\PostEffectEditor</Filter>
    </ClCompile>
    <ClCompile Include="Game\AttackEffect\AttackEffect.cpp">
      <Filter>Game\AttackEffect</Filter>
    </ClCompile>
    <ClCompile Include="Game\GameIntro\IntroSpawnField.cpp">
      <Filter>Game\GameIntro</Filter>
    </ClCompile>
    <ClCompile Include="Engine\utility\DissolveEditor\DissolvePlayer.cpp">
      <Filter>MyEngine\.cpp\utility\DissolveEditor</Filter>
    </ClCompile>
    <ClCompile Include="Engine\utility\DissolveEditor\DissolveEditor.cpp">
      <Filter>MyEngine\.cpp\utility\DissolveEditor</Filter>
    </ClCompile>
    <ClCompile Include="Engine\utility\DissolveEditor\DissolveData.cpp">
      <Filter>MyEngine\.cpp\utility\DissolveEditor</Filter>
    </ClCompile>
    <ClCompile Include="Game\GameIntro\MovieLine.cpp">
      <Filter>Game\GameIntro</Filter>
    </ClCompile>
    <ClCompile Include="Engine\utility\CameraEditor\CameraAnimation.cpp">
      <Filter>MyEngine\.cpp\utility\CameraEditor</Filter>
    </ClCompile>
    <ClCompile Include="Engine\utility\CameraEditor\CameraAnimationData.cpp">
      <Filter>MyEngine\.cpp\utility\CameraEditor</Filter>
    </ClCompile>
    <ClCompile Include="Engine\utility\CameraEditor\CameraEditor.cpp">
      <Filter>MyEngine\.cpp\utility\CameraEditor</Filter>
    </ClCompile>
    <ClCompile Include="Engine\utility\CameraEditor\CameraKeyFrame.cpp">
      <Filter>MyEngine\.cpp\utility\CameraEditor</Filter>
    </ClCompile>
    <ClCompile Include="Game\LockOn\LockOnController.cpp">
      <Filter>Game\LockOn</Filter>
    </ClCompile>
    <ClCompile Include="Game\GameIntro\GameIntroManager.cpp">
      <Filter>Game\GameIntro</Filter>
    </ClCompile>
    <ClCompile Include="Game\GameIntro\BaseGameIntro.cpp">
      <Filter>Game\GameIntro</Filter>
    </ClCompile>
    <ClCompile Include="Game\GameIntro\IntroPurposeCutIn.cpp">
      <Filter>Game\GameIntro</Filter>
    </ClCompile>
    <ClCompile Include="Engine\Pipeline\Line3D\Line3DPipeline.cpp">
      <Filter>MyEngine\.cpp\Pipeline\Line3D</Filter>
    </ClCompile>
    <ClCompile Include="Engine\Pipeline\ShadowMap\ShadowMapPipeline.cpp">
      <Filter>MyEngine\.cpp\Pipeline\ShadowMap</Filter>
    </ClCompile>
    <ClCompile Include="Engine\Pipeline\Particle\ParticlePipeline.cpp">
      <Filter>MyEngine\.cpp\Pipeline\Particle</Filter>
    </ClCompile>
    <ClCompile Include="Engine\Pipeline\Skinning\SkinningCSPipeline.cpp">
      <Filter>MyEngine\.cpp\Pipeline\Skinning</Filter>
    </ClCompile>
    <ClCompile Include="Engine\Pipeline\Skinning\SkinningObject3DPipeline.cpp">
      <Filter>MyEngine\.cpp\Pipeline\Skinning</Filter>
    </ClCompile>
    <ClCompile Include="Engine\Pipeline\Sprite\SpritePipeline.cpp">
      <Filter>MyEngine\.cpp\Pipeline\Sprite</Filter>
    </ClCompile>
    <ClCompile Include="Engine\Pipeline\Object3D\Object3DPipeline.cpp">
      <Filter>MyEngine\.cpp\Pipeline\Object3D</Filter>
    </ClCompile>
    <ClCompile Include="Engine\Pipeline\PipelineManager.cpp">
      <Filter>MyEngine\.cpp\Pipeline</Filter>
    </ClCompile>
    <ClCompile Include="Engine\Pipeline\BasePipeline.cpp">
      <Filter>MyEngine\.cpp\Pipeline</Filter>
    </ClCompile>
    <ClCompile Include="Engine\Pipeline\BaseCSPipeline.cpp">
      <Filter>MyEngine\.cpp\Pipeline</Filter>
    </ClCompile>
    <ClCompile Include="Engine\Pipeline\CSPipelineManager.cpp">
      <Filter>MyEngine\.cpp\Pipeline</Filter>
    </ClCompile>
    <ClCompile Include="Engine\2d\SpriteRegistry.cpp">
      <Filter>MyEngine\.cpp\2d</Filter>
    </ClCompile>
    <ClCompile Include="Engine\GPUParticle\GPUParticleEmitter.cpp">
      <Filter>MyEngine\.cpp\GPUParticle</Filter>
    </ClCompile>
    <ClCompile Include="Engine\GPUParticle\ResourceCreator\GPUParticleResourceCreator.cpp">
      <Filter>MyEngine\.cpp\GPUParticle\ResourceCreator</Filter>
    </ClCompile>
    <ClCompile Include="Engine\GPUParticle\GPUParticleManager.cpp">
      <Filter>MyEngine\.cpp\GPUParticle</Filter>
    </ClCompile>
    <ClCompile Include="Engine\Material\GPUParticleMaterial.cpp">
      <Filter>MyEngine\.cpp\Material</Filter>
    </ClCompile>
    <ClCompile Include="Engine\Pipeline\Particle\CS\EmitParticlePipeline.cpp">
      <Filter>MyEngine\.cpp\Pipeline\Particle\CS</Filter>
    </ClCompile>
    <ClCompile Include="Engine\Pipeline\Particle\GPUParticlePipeline.cpp">
      <Filter>MyEngine\.cpp\Pipeline\Particle</Filter>
    </ClCompile>
    <ClCompile Include="Engine\Pipeline\Particle\CS\InitParticlePipeline.cpp">
      <Filter>MyEngine\.cpp\Pipeline\Particle\CS</Filter>
    </ClCompile>
    <ClCompile Include="Game\BackGroundObject\ComboLeve\StadiumLightEffect.cpp">
      <Filter>Game\BackGroundObject\ComboLevel</Filter>
    </ClCompile>
    <ClCompile Include="Game\BackGroundObject\ComboLeve\BaseComboLevelBackObj.cpp">
      <Filter>Game\BackGroundObject\ComboLevel</Filter>
    </ClCompile>
    <ClCompile Include="Game\BackGroundObject\ComboLeve\ComboLevelObjHolder.cpp">
      <Filter>Game\BackGroundObject\ComboLevel</Filter>
    </ClCompile>
    <ClCompile Include="Game\BackGroundObject\ComboLeve\SpeakerEffect.cpp">
      <Filter>Game\BackGroundObject\ComboLevel</Filter>
    </ClCompile>
    <ClCompile Include="Engine\Pipeline\SkyBox\SkyBoxPipeline.cpp">
      <Filter>MyEngine\.cpp\Pipeline\SkyBox</Filter>
    </ClCompile>
    <ClCompile Include="Game\Player\JumpAttackUI\JumpAttackUI.cpp">
      <Filter>Game\Player\JumpAttackUI</Filter>
    </ClCompile>
  </ItemGroup>
  <ItemGroup>
    <ClInclude Include="Engine\struct\D3DResourceLeakCheck.h">
      <Filter>MyEngine\.h\struct</Filter>
    </ClInclude>
    <ClInclude Include="Engine\struct\MaterialData.h">
      <Filter>MyEngine\.h\struct</Filter>
    </ClInclude>
    <ClInclude Include="Engine\struct\ModelData.h">
      <Filter>MyEngine\.h\struct</Filter>
    </ClInclude>
    <ClInclude Include="Engine\struct\SoundData.h">
      <Filter>MyEngine\.h\struct</Filter>
    </ClInclude>
    <ClInclude Include="Engine\struct\Transform.h">
      <Filter>MyEngine\.h\struct</Filter>
    </ClInclude>
    <ClInclude Include="Engine\struct\TransformationMatrix.h">
      <Filter>MyEngine\.h\struct</Filter>
    </ClInclude>
    <ClInclude Include="Engine\struct\VertexData.h">
      <Filter>MyEngine\.h\struct</Filter>
    </ClInclude>
    <ClInclude Include="Engine\struct\ParticleForGPU.h">
      <Filter>MyEngine\.h\struct</Filter>
    </ClInclude>
    <ClInclude Include="Engine\2d\ImGuiManager.h">
      <Filter>MyEngine\.h\2d</Filter>
    </ClInclude>
    <ClInclude Include="Engine\2d\Sprite.h">
      <Filter>MyEngine\.h\2d</Filter>
    </ClInclude>
    <ClInclude Include="Engine\3d\BaseObject3d.h">
      <Filter>MyEngine\.h\3d</Filter>
    </ClInclude>
    <ClInclude Include="Engine\3d\Mesh.h">
      <Filter>MyEngine\.h\3d</Filter>
    </ClInclude>
    <ClInclude Include="Engine\3d\Model.h">
      <Filter>MyEngine\.h\3d</Filter>
    </ClInclude>
    <ClInclude Include="Engine\3d\Object3d.h">
      <Filter>MyEngine\.h\3d</Filter>
    </ClInclude>
    <ClInclude Include="Engine\3d\ModelManager.h">
      <Filter>MyEngine\.h\3d</Filter>
    </ClInclude>
    <ClInclude Include="Engine\3d\WorldTransform.h">
      <Filter>MyEngine\.h\3d</Filter>
    </ClInclude>
    <ClInclude Include="Engine\audio\Audio.h">
      <Filter>MyEngine\.h\audio</Filter>
    </ClInclude>
    <ClInclude Include="Engine\base\TextureManager.h">
      <Filter>MyEngine\.h\base</Filter>
    </ClInclude>
    <ClInclude Include="Engine\base\WinApp.h">
      <Filter>MyEngine\.h\base</Filter>
    </ClInclude>
    <ClInclude Include="Engine\input\Input.h">
      <Filter>MyEngine\.h\input</Filter>
    </ClInclude>
    <ClInclude Include="Engine\Function\Convert.h">
      <Filter>MyEngine\.h\function</Filter>
    </ClInclude>
    <ClInclude Include="Engine\Function\Log.h">
      <Filter>MyEngine\.h\function</Filter>
    </ClInclude>
    <ClInclude Include="Engine\3d\ViewProjection.h">
      <Filter>MyEngine\.h\3d</Filter>
    </ClInclude>
    <ClInclude Include="Engine\input\Mouse.h">
      <Filter>MyEngine\.h\input</Filter>
    </ClInclude>
    <ClInclude Include="math\MinMax.h">
      <Filter>liberary\.h</Filter>
    </ClInclude>
    <ClInclude Include="math\MathFunction.h">
      <Filter>liberary\.h</Filter>
    </ClInclude>
    <ClInclude Include="math\Matrix3x3.h">
      <Filter>liberary\.h</Filter>
    </ClInclude>
    <ClInclude Include="math\Matrix4x4.h">
      <Filter>liberary\.h</Filter>
    </ClInclude>
    <ClInclude Include="math\random.h">
      <Filter>liberary\.h</Filter>
    </ClInclude>
    <ClInclude Include="math\Vector2.h">
      <Filter>liberary\.h</Filter>
    </ClInclude>
    <ClInclude Include="math\Vector3.h">
      <Filter>liberary\.h</Filter>
    </ClInclude>
    <ClInclude Include="math\Vector4.h">
      <Filter>liberary\.h</Filter>
    </ClInclude>
    <ClInclude Include="math\Box.h">
      <Filter>liberary\.h</Filter>
    </ClInclude>
    <ClInclude Include="Engine\3d\ObjectColor.h">
      <Filter>MyEngine\.h\3d</Filter>
    </ClInclude>
    <ClInclude Include="Engine\base\SpriteMaterial.h">
      <Filter>MyEngine\.h\base</Filter>
    </ClInclude>
    <ClInclude Include="Engine\Frame\Frame.h">
      <Filter>MyEngine\.h\Frame</Filter>
    </ClInclude>
    <ClInclude Include="Game\Scene\GameScene.h">
      <Filter>Game\Scene</Filter>
    </ClInclude>
    <ClInclude Include="Engine\Collider\OBBCollider.h">
      <Filter>MyEngine\.h\Collider</Filter>
    </ClInclude>
    <ClInclude Include="Engine\Collider\AABBCollider.h">
      <Filter>MyEngine\.h\Collider</Filter>
    </ClInclude>
    <ClInclude Include="Engine\Collider\BaseCollider.h">
      <Filter>MyEngine\.h\Collider</Filter>
    </ClInclude>
    <ClInclude Include="Engine\Collider\CollisionManager.h">
      <Filter>MyEngine\.h\Collider</Filter>
    </ClInclude>
    <ClInclude Include="Engine\Core\KTGame.h">
      <Filter>MyEngine\.h\Core</Filter>
    </ClInclude>
    <ClInclude Include="Engine\Core\KTFramework.h">
      <Filter>MyEngine\.h\Core</Filter>
    </ClInclude>
    <ClInclude Include="Engine\base\SrvManager.h">
      <Filter>MyEngine\.h\base</Filter>
    </ClInclude>
    <ClInclude Include="Engine\utility\Debug\DebugCamera.h">
      <Filter>MyEngine\.h\utility\Debug</Filter>
    </ClInclude>
    <ClInclude Include="Game\Scene\TitleScene.h">
      <Filter>Game\Scene</Filter>
    </ClInclude>
    <ClInclude Include="Game\Scene\BaseScene.h">
      <Filter>Game\Scene</Filter>
    </ClInclude>
    <ClInclude Include="Game\Scene\Manager\SceneManager.h">
      <Filter>Game\Scene\Manager</Filter>
    </ClInclude>
    <ClInclude Include="Game\Scene\Factory\AbstractSceneFactory.h">
      <Filter>Game\Scene\Factory</Filter>
    </ClInclude>
    <ClInclude Include="Game\Scene\Factory\SceneFactory.h">
      <Filter>Game\Scene\Factory</Filter>
    </ClInclude>
    <ClInclude Include="Game\Player\ComboAttackBehavior\RoringUpper.h">
      <Filter>Game\Player\Behavior\ComboBehavior\Normal</Filter>
    </ClInclude>
    <ClInclude Include="Game\CollisionBox\BaseAABBCollisionBox.h">
      <Filter>Game\CollisionBox</Filter>
    </ClInclude>
    <ClInclude Include="Game\CollisionBox\PlayerAttackController.h">
      <Filter>Game\CollisionBox</Filter>
    </ClInclude>
    <ClInclude Include="Game\Player\ComboAttackBehavior\ThrustPunch.h">
      <Filter>Game\Player\Behavior\ComboBehavior\Normal</Filter>
    </ClInclude>
    <ClInclude Include="Game\Enemy\HPBar\EnemyHPBar.h">
      <Filter>Game\Enemy\HPBsr</Filter>
    </ClInclude>
    <ClInclude Include="Game\Player\ComboAttackBehavior\RushAttack.h">
      <Filter>Game\Player\Behavior\ComboBehavior\Jump</Filter>
    </ClInclude>
    <ClInclude Include="Game\Enemy\StrongEnemy.h">
      <Filter>Game\Enemy\core</Filter>
    </ClInclude>
    <ClInclude Include="math\Shake.h">
      <Filter>liberary\.h</Filter>
    </ClInclude>
    <ClInclude Include="math\Quaternion.h">
      <Filter>liberary\.h</Filter>
    </ClInclude>
    <ClInclude Include="Game\Enemy\Behavior\EnemyWait.h">
      <Filter>Game\Enemy\Behevior\MoveBehavior</Filter>
    </ClInclude>
    <ClInclude Include="Game\Enemy\Behavior\EnemyChasePlayer.h">
      <Filter>Game\Enemy\Behevior\MoveBehavior</Filter>
    </ClInclude>
    <ClInclude Include="Game\Enemy\Behavior\EnemySpawn.h">
      <Filter>Game\Enemy\Behevior\MoveBehavior</Filter>
    </ClInclude>
    <ClInclude Include="Engine\Lighrt\PointLight.h">
      <Filter>MyEngine\.h\Light</Filter>
    </ClInclude>
    <ClInclude Include="Engine\Lighrt\SpotLight.h">
      <Filter>MyEngine\.h\Light</Filter>
    </ClInclude>
    <ClInclude Include="Engine\Lighrt\DirectionalLight.h">
      <Filter>MyEngine\.h\Light</Filter>
    </ClInclude>
    <ClInclude Include="Engine\Lighrt\Light.h">
      <Filter>MyEngine\.h\Light</Filter>
    </ClInclude>
    <ClInclude Include="Engine\Lighrt\PointLightManager.h">
      <Filter>MyEngine\.h\Light</Filter>
    </ClInclude>
    <ClInclude Include="Engine\Lighrt\SpotLightManager.h">
      <Filter>MyEngine\.h\Light</Filter>
    </ClInclude>
    <ClInclude Include="Game\Player\TitleBehavior\TitleFirstFall.h">
      <Filter>Game\Player\Behavior\TitleBehavior</Filter>
    </ClInclude>
    <ClInclude Include="Game\Player\TitleBehavior\TitleRightPunch.h">
      <Filter>Game\Player\Behavior\TitleBehavior</Filter>
    </ClInclude>
    <ClInclude Include="Game\Player\TitleBehavior\TitleLeftPunch.h">
      <Filter>Game\Player\Behavior\TitleBehavior</Filter>
    </ClInclude>
    <ClInclude Include="Game\Player\TitleBehavior\TitleWait.h">
      <Filter>Game\Player\Behavior\TitleBehavior</Filter>
    </ClInclude>
    <ClInclude Include="Engine\Lighrt\AreaLightManager.h">
      <Filter>MyEngine\.h\Light</Filter>
    </ClInclude>
    <ClInclude Include="Engine\Lighrt\AreaLight.h">
      <Filter>MyEngine\.h\Light</Filter>
    </ClInclude>
    <ClInclude Include="Game\MonsterBall\MonsterBall.h">
      <Filter>Game\MonsterBall</Filter>
    </ClInclude>
    <ClInclude Include="Engine\Lighrt\AmbientLight.h">
      <Filter>MyEngine\.h\Light</Filter>
    </ClInclude>
    <ClInclude Include="Game\SkyDome\SkyDome.h">
      <Filter>Game\SkyDome</Filter>
    </ClInclude>
    <ClInclude Include="Game\UI\TitleRogo.h">
      <Filter>Game\UI\TitleRogo</Filter>
    </ClInclude>
    <ClInclude Include="Game\UI\HowToOperate.h">
      <Filter>Game\UI\HowToOperate</Filter>
    </ClInclude>
    <ClInclude Include="Game\Player\ComboAttackBehavior\FallAttack.h">
      <Filter>Game\Player\Behavior\ComboBehavior\Jump</Filter>
    </ClInclude>
    <ClInclude Include="Game\Player\ComboAttackBehavior\LeftJobPunch.h">
      <Filter>Game\Player\Behavior\ComboBehavior\Normal</Filter>
    </ClInclude>
    <ClInclude Include="Game\Player\ComboAttackBehavior\ComboAttackRoot.h">
      <Filter>Game\Player\Behavior\ComboBehavior\Normal</Filter>
    </ClInclude>
    <ClInclude Include="Game\Player\PlayerBehavior\PlayerJump.h">
      <Filter>Game\Player\Behavior\NormalBehavior</Filter>
    </ClInclude>
    <ClInclude Include="Game\Player\PlayerBehavior\PlayerMove.h">
      <Filter>Game\Player\Behavior\NormalBehavior</Filter>
    </ClInclude>
    <ClInclude Include="Game\Player\Player.h">
      <Filter>Game\Player\core</Filter>
    </ClInclude>
    <ClInclude Include="Game\LockOn\LockOn.h">
      <Filter>Game\LockOn</Filter>
    </ClInclude>
    <ClInclude Include="Game\BaseObject\BaseObject.h">
      <Filter>Game\BaseObject</Filter>
    </ClInclude>
    <ClInclude Include="Game\Field\Field.h">
      <Filter>Game\Field</Filter>
    </ClInclude>
    <ClInclude Include="Game\GameCamera\GameCamera.h">
      <Filter>Game\GameCamera</Filter>
    </ClInclude>
    <ClInclude Include="Game\Enemy\EnemyManager.h">
      <Filter>Game\Enemy\Manager</Filter>
    </ClInclude>
    <ClInclude Include="Game\Enemy\Behavior\BaseEnemyBehavior.h">
      <Filter>Game\Enemy\Behevior\Base</Filter>
    </ClInclude>
    <ClInclude Include="Game\Enemy\Behavior\BaseEnemyMoveBehavior.h">
      <Filter>Game\Enemy\Behevior\Base</Filter>
    </ClInclude>
    <ClInclude Include="Game\Player\ComboAttackBehavior\BaseComboAattackBehavior.h">
      <Filter>Game\Player\Behavior\Base\Atacck</Filter>
    </ClInclude>
    <ClInclude Include="Game\Player\TitleBehavior\BaseTitleBehavior.h">
      <Filter>Game\Player\Behavior\Base\Title</Filter>
    </ClInclude>
    <ClInclude Include="Game\Player\PlayerBehavior\BasePlayerBehavior.h">
      <Filter>Game\Player\Behavior\Base\Normal</Filter>
    </ClInclude>
    <ClInclude Include="Game\Enemy\BaseEnemy.h">
      <Filter>Game\Enemy\core</Filter>
    </ClInclude>
    <ClInclude Include="Game\Enemy\NormalEnemy.h">
      <Filter>Game\Enemy\core</Filter>
    </ClInclude>
    <ClInclude Include="Engine\Function\GetFile.h">
      <Filter>MyEngine\.h\function</Filter>
    </ClInclude>
    <ClInclude Include="Engine\input\GamePad.h">
      <Filter>MyEngine\.h\input</Filter>
    </ClInclude>
    <ClInclude Include="Game\CollisionBox\EnemyCollisionBox.h">
      <Filter>Game\CollisionBox</Filter>
    </ClInclude>
    <ClInclude Include="Game\Enemy\Behavior\EnemyBoundDamage.h">
      <Filter>Game\Enemy\Behevior\Damage</Filter>
    </ClInclude>
    <ClInclude Include="Game\Enemy\Behavior\EnemyDamageRoot.h">
      <Filter>Game\Enemy\Behevior\Damage</Filter>
    </ClInclude>
    <ClInclude Include="Game\Enemy\Behavior\EnemyDeath.h">
      <Filter>Game\Enemy\Behevior\Damage</Filter>
    </ClInclude>
    <ClInclude Include="Game\Enemy\Behavior\EnemyHitBackDamage.h">
      <Filter>Game\Enemy\Behevior\Damage</Filter>
    </ClInclude>
    <ClInclude Include="Game\Enemy\Behavior\EnemyStopDamage.h">
      <Filter>Game\Enemy\Behevior\Damage</Filter>
    </ClInclude>
    <ClInclude Include="Game\Enemy\Behavior\EnemyThrustDamage.h">
      <Filter>Game\Enemy\Behevior\Damage</Filter>
    </ClInclude>
    <ClInclude Include="Game\Enemy\Behavior\EnemyUpperDamage.h">
      <Filter>Game\Enemy\Behevior\Damage</Filter>
    </ClInclude>
    <ClInclude Include="Game\Player\ComboAttackBehavior\JumpRush.h">
      <Filter>Game\Player\Behavior\ComboBehavior\Normal</Filter>
    </ClInclude>
    <ClInclude Include="Game\Enemy\Spawner\EnemySpawner.h">
      <Filter>Game\Enemy\Spawner</Filter>
    </ClInclude>
    <ClInclude Include="Engine\utility\RailEditor\Rail.h">
      <Filter>MyEngine\.h\utility\RailEditor</Filter>
    </ClInclude>
    <ClInclude Include="Engine\utility\RailEditor\RailManager.h">
      <Filter>MyEngine\.h\utility\RailEditor</Filter>
    </ClInclude>
    <ClInclude Include="Engine\utility\RailEditor\ControlPosManager.h">
      <Filter>MyEngine\.h\utility\RailEditor</Filter>
    </ClInclude>
    <ClInclude Include="Engine\utility\ParticleEditor\ParticleEmitter.h">
      <Filter>MyEngine\.h\utility\ParticleEditor</Filter>
    </ClInclude>
    <ClInclude Include="Engine\utility\ParticleEditor\ParticleManager.h">
      <Filter>MyEngine\.h\utility\ParticleEditor</Filter>
    </ClInclude>
    <ClInclude Include="Engine\utility\ParameterEditor\GlobalParameter.h">
      <Filter>MyEngine\.h\utility\ParameterEditor</Filter>
    </ClInclude>
    <ClInclude Include="Engine\utility\ParticleEditor\ParticleParameter.h">
      <Filter>MyEngine\.h\utility\ParticleEditor</Filter>
    </ClInclude>
    <ClInclude Include="Engine\Primitive\PrimitivePlane.h">
      <Filter>MyEngine\.h\Primitive</Filter>
    </ClInclude>
    <ClInclude Include="Engine\Primitive\IPrimitive.h">
      <Filter>MyEngine\.h\Primitive</Filter>
    </ClInclude>
    <ClInclude Include="Engine\Primitive\PrimitiveRing.h">
      <Filter>MyEngine\.h\Primitive</Filter>
    </ClInclude>
    <ClInclude Include="Engine\Primitive\PrimitiveCylinder.h">
      <Filter>MyEngine\.h\Primitive</Filter>
    </ClInclude>
    <ClInclude Include="Game\Player\ComboAttackBehavior\RightJobPunch.h">
      <Filter>Game\Player\Behavior\ComboBehavior\Normal</Filter>
    </ClInclude>
    <ClInclude Include="Game\Enemy\SearchingSprite\FindSprite.h">
      <Filter>Game\Enemy\SearchingSprite</Filter>
    </ClInclude>
    <ClInclude Include="Game\Enemy\SearchingSprite\NotFindSprite.h">
      <Filter>Game\Enemy\SearchingSprite</Filter>
    </ClInclude>
    <ClInclude Include="Game\Player\Parts\BasePlayerHand.h">
      <Filter>Game\Player\Parts</Filter>
    </ClInclude>
    <ClInclude Include="Game\Player\Parts\PlayerHandLeft.h">
      <Filter>Game\Player\Parts</Filter>
    </ClInclude>
    <ClInclude Include="Game\Player\Parts\PlayerHandRight.h">
      <Filter>Game\Player\Parts</Filter>
    </ClInclude>
    <ClInclude Include="Engine\Primitive\PrimitiveBox.h">
      <Filter>MyEngine\.h\Primitive</Filter>
    </ClInclude>
    <ClInclude Include="Game\Player\Effect\PlayerEffects.h">
      <Filter>Game\Player\Effects</Filter>
    </ClInclude>
    <ClInclude Include="Game\Player\SpecialAttackGauge\SpecialAttackGauge.h">
      <Filter>Game\Player\SpecialAttackGauge</Filter>
    </ClInclude>
    <ClInclude Include="Game\Player\Parameter\PlayerParameter.h">
      <Filter>Game\Player\Parameter</Filter>
    </ClInclude>
    <ClInclude Include="Game\SkyBox\SkyBox.h">
      <Filter>Game\SkyBox</Filter>
    </ClInclude>
    <ClInclude Include="Engine\Dx\DxReleaseChecker.h">
      <Filter>MyEngine\.h\Dx</Filter>
    </ClInclude>
    <ClInclude Include="Engine\Dx\DirectXCommon.h">
      <Filter>MyEngine\.h\Dx</Filter>
    </ClInclude>
    <ClInclude Include="Game\Player\ComboAttackBehavior\RoolingPunchAttack.h">
      <Filter>Game\Player\Behavior\ComboBehavior\Normal</Filter>
    </ClInclude>
    <ClInclude Include="Engine\Core\EngineCore.h">
      <Filter>MyEngine\.h\Core</Filter>
    </ClInclude>
    <ClInclude Include="Game\Combo\Combo.h">
      <Filter>Game\Combo</Filter>
    </ClInclude>
    <ClInclude Include="Game\Combo\ComboUIController.h">
      <Filter>Game\Combo</Filter>
    </ClInclude>
    <ClInclude Include="Game\Combo\ComboUI.h">
      <Filter>Game\Combo</Filter>
    </ClInclude>
    <ClInclude Include="Engine\utility\PutObjForBlender\PutObjForBlender.h">
      <Filter>MyEngine\.h\utility\PutObjForBlender</Filter>
    </ClInclude>
    <ClInclude Include="Game\Combo\Behavior\BaseComboUIBehavior.h">
      <Filter>Game\Combo\UIBehavior</Filter>
    </ClInclude>
    <ClInclude Include="Game\Combo\Behavior\ComboCountUp.h">
      <Filter>Game\Combo\UIBehavior</Filter>
    </ClInclude>
    <ClInclude Include="Game\Combo\Behavior\ComboWait.h">
      <Filter>Game\Combo\UIBehavior</Filter>
    </ClInclude>
    <ClInclude Include="Game\Scene\EditorScene.h">
      <Filter>Game\Scene</Filter>
    </ClInclude>
    <ClInclude Include="Engine\utility\EasingCreator\EasingParameterData.h">
      <Filter>MyEngine\.h\utility\EasingCreator</Filter>
    </ClInclude>
    <ClInclude Include="Engine\utility\EasingCreator\EasingCreator.h">
      <Filter>MyEngine\.h\utility\EasingCreator</Filter>
    </ClInclude>
    <ClInclude Include="Engine\utility\EasingCreator\EasingEditor.h">
      <Filter>MyEngine\.h\utility\EasingCreator</Filter>
    </ClInclude>
    <ClInclude Include="math\Vector2Proxy.h">
      <Filter>liberary\.h</Filter>
    </ClInclude>
    <ClInclude Include="Game\EasingTestObj\EasingTestObj.h">
      <Filter>Game\EasingTestObj</Filter>
    </ClInclude>
    <ClInclude Include="Game\ComboCreate\ComboCreateEditor.h">
      <Filter>Game\ComboCreate</Filter>
    </ClInclude>
    <ClInclude Include="Engine\Animation\AnimationData.h">
      <Filter>MyEngine\.h\Animation</Filter>
    </ClInclude>
    <ClInclude Include="Engine\Animation\ModelAnimation.h">
      <Filter>MyEngine\.h\Animation</Filter>
    </ClInclude>
    <ClInclude Include="Game\FireInjectors\FireInjectors.h">
      <Filter>Game\FireInjectors</Filter>
    </ClInclude>
    <ClInclude Include="Engine\Animation\SkeletonData.h">
      <Filter>MyEngine\.h\Animation</Filter>
    </ClInclude>
    <ClInclude Include="Engine\3d\Line3d.h">
      <Filter>MyEngine\.h\3d</Filter>
    </ClInclude>
    <ClInclude Include="Engine\base\RtvManager.h">
      <Filter>MyEngine\.h\base</Filter>
    </ClInclude>
    <ClInclude Include="Engine\Animation\SkinCluster.h">
      <Filter>MyEngine\.h\Animation</Filter>
    </ClInclude>
    <ClInclude Include="Game\BackGroundObject\BaseBackGroundObject.h">
      <Filter>Game\BackGroundObject</Filter>
    </ClInclude>
    <ClInclude Include="Game\BackGroundObject\GameBackGroundObject.h">
      <Filter>Game\BackGroundObject</Filter>
    </ClInclude>
    <ClInclude Include="Engine\ShadowMap\ShadowMapData.h">
      <Filter>MyEngine\.h\ShadowMap</Filter>
    </ClInclude>
    <ClInclude Include="Engine\Dx\DxSwapChain.h">
      <Filter>MyEngine\.h\Dx</Filter>
    </ClInclude>
    <ClInclude Include="Engine\Dx\DxRenderTarget.h">
      <Filter>MyEngine\.h\Dx</Filter>
    </ClInclude>
    <ClInclude Include="Engine\Dx\DxCompiler.h">
      <Filter>MyEngine\.h\Dx</Filter>
    </ClInclude>
    <ClInclude Include="Engine\Dx\DxDevice.h">
      <Filter>MyEngine\.h\Dx</Filter>
    </ClInclude>
    <ClInclude Include="Engine\Dx\DxCommand.h">
      <Filter>MyEngine\.h\Dx</Filter>
    </ClInclude>
    <ClInclude Include="Engine\ShadowMap\ShadowMap.h">
      <Filter>MyEngine\.h\ShadowMap</Filter>
    </ClInclude>
    <ClInclude Include="Engine\base\DsvManager.h">
      <Filter>MyEngine\.h\base</Filter>
    </ClInclude>
    <ClInclude Include="Engine\Dx\DxDepthBuffer.h">
      <Filter>MyEngine\.h\Dx</Filter>
    </ClInclude>
    <ClInclude Include="Game\Player\PlayerBehavior\PlayerSpawn.h">
      <Filter>Game\Player\Behavior\NormalBehavior</Filter>
    </ClInclude>
    <ClInclude Include="Engine\Material\ParticleMaterial.h">
      <Filter>MyEngine\.h\Material</Filter>
    </ClInclude>
    <ClInclude Include="Engine\Material\SkyBoxMaterial.h">
      <Filter>MyEngine\.h\Material</Filter>
    </ClInclude>
    <ClInclude Include="Engine\Material\ModelMaterial.h">
      <Filter>MyEngine\.h\Material</Filter>
    </ClInclude>
    <ClInclude Include="Engine\Material\MeshMaterial.h">
      <Filter>MyEngine\.h\Material</Filter>
    </ClInclude>
    <ClInclude Include="Engine\Material\BaseMaterial.h">
      <Filter>MyEngine\.h\Material</Filter>
    </ClInclude>
    <ClInclude Include="Engine\PostEffect\RandomNoize.h">
      <Filter>MyEngine\.h\PostEffect</Filter>
    </ClInclude>
    <ClInclude Include="Engine\PostEffect\Vignette.h">
      <Filter>MyEngine\.h\PostEffect</Filter>
    </ClInclude>
    <ClInclude Include="Engine\PostEffect\BasePostEffect.h">
      <Filter>MyEngine\.h\PostEffect</Filter>
    </ClInclude>
    <ClInclude Include="Engine\PostEffect\BoxFilter.h">
      <Filter>MyEngine\.h\PostEffect</Filter>
    </ClInclude>
    <ClInclude Include="Engine\PostEffect\Dissolve.h">
      <Filter>MyEngine\.h\PostEffect</Filter>
    </ClInclude>
    <ClInclude Include="Engine\PostEffect\GaussianFilter.h">
      <Filter>MyEngine\.h\PostEffect</Filter>
    </ClInclude>
    <ClInclude Include="Engine\PostEffect\GrayScale.h">
      <Filter>MyEngine\.h\PostEffect</Filter>
    </ClInclude>
    <ClInclude Include="Engine\PostEffect\LuminanceBasedOutline.h">
      <Filter>MyEngine\.h\PostEffect</Filter>
    </ClInclude>
    <ClInclude Include="Engine\PostEffect\NormalScreen.h">
      <Filter>MyEngine\.h\PostEffect</Filter>
    </ClInclude>
    <ClInclude Include="Engine\PostEffect\Outline.h">
      <Filter>MyEngine\.h\PostEffect</Filter>
    </ClInclude>
    <ClInclude Include="Engine\PostEffect\PostEffectRenderer.h">
      <Filter>MyEngine\.h\PostEffect</Filter>
    </ClInclude>
    <ClInclude Include="Engine\PostEffect\RadialBlur.h">
      <Filter>MyEngine\.h\PostEffect</Filter>
    </ClInclude>
    <ClInclude Include="Engine\3d\Object3DRegistry.h">
      <Filter>MyEngine\.h\3d</Filter>
    </ClInclude>
    <ClInclude Include="Engine\Animation\Object3DAnimation.h">
      <Filter>MyEngine\.h\Animation</Filter>
    </ClInclude>
    <ClInclude Include="Engine\Animation\AnimationRegistry.h">
      <Filter>MyEngine\.h\Animation</Filter>
    </ClInclude>
    <ClInclude Include="Game\ComboScene\ComboScene.h">
      <Filter>Game\ComboScene</Filter>
    </ClInclude>
    <ClInclude Include="Engine\Easing\Easing.h">
      <Filter>MyEngine\.h\Easing</Filter>
    </ClInclude>
    <ClInclude Include="Engine\Easing\EasingFunction.h">
      <Filter>MyEngine\.h\Easing</Filter>
    </ClInclude>
    <ClInclude Include="Engine\Easing\EasingSequence.h">
      <Filter>MyEngine\.h\Easing</Filter>
    </ClInclude>
    <ClInclude Include="Engine\Easing\EasingStep.h">
      <Filter>MyEngine\.h\Easing</Filter>
    </ClInclude>
    <ClInclude Include="Engine\utility\CameraEditor\CameraKeyFrame.h">
      <Filter>MyEngine\.h\utility\CameraEditor</Filter>
    </ClInclude>
    <ClInclude Include="Engine\utility\CameraEditor\CameraEditor.h">
      <Filter>MyEngine\.h\utility\CameraEditor</Filter>
    </ClInclude>
    <ClInclude Include="Engine\utility\CameraEditor\CameraAnimationData.h">
      <Filter>MyEngine\.h\utility\CameraEditor</Filter>
    </ClInclude>
    <ClInclude Include="Engine\utility\CameraEditor\CameraAnimation.h">
      <Filter>MyEngine\.h\utility\CameraEditor</Filter>
    </ClInclude>
    <ClInclude Include="Game\GameCamera\CameraRendition.h">
      <Filter>Game\GameCamera</Filter>
    </ClInclude>
    <ClInclude Include="Engine\utility\ShakeEditor\ShakePlayer.h">
      <Filter>MyEngine\.h\utility\ShakeEditor</Filter>
    </ClInclude>
    <ClInclude Include="Engine\utility\ShakeEditor\ShakeEditor.h">
      <Filter>MyEngine\.h\utility\ShakeEditor</Filter>
    </ClInclude>
    <ClInclude Include="Engine\utility\ShakeEditor\ShakeData.h">
      <Filter>MyEngine\.h\utility\ShakeEditor</Filter>
    </ClInclude>
    <ClInclude Include="Engine\utility\TimeScaleEditor\TimeScaleController.h">
      <Filter>MyEngine\.h\utility\TileScaleEditor</Filter>
    </ClInclude>
    <ClInclude Include="Engine\utility\TimeScaleEditor\TimeScaleData.h">
      <Filter>MyEngine\.h\utility\TileScaleEditor</Filter>
    </ClInclude>
    <ClInclude Include="Engine\utility\PostEffectEditor\PostEffectController.h">
      <Filter>MyEngine\.h\utility\PostEffectEditor</Filter>
    </ClInclude>
    <ClInclude Include="Engine\utility\PostEffectEditor\PostEffectData.h">
      <Filter>MyEngine\.h\utility\PostEffectEditor</Filter>
    </ClInclude>
    <ClInclude Include="Game\AttackEffect\AttackEffect.h">
      <Filter>Game\AttackEffect</Filter>
    </ClInclude>
    <ClInclude Include="Game\GameIntro\IntroSpawnField.h">
      <Filter>Game\GameIntro</Filter>
    </ClInclude>
    <ClInclude Include="Engine\utility\DissolveEditor\DissolvePlayer.h">
      <Filter>MyEngine\.h\utility\DissolveEditor</Filter>
    </ClInclude>
    <ClInclude Include="Engine\utility\DissolveEditor\DissolveEditor.h">
      <Filter>MyEngine\.h\utility\DissolveEditor</Filter>
    </ClInclude>
    <ClInclude Include="Engine\utility\DissolveEditor\DissolveData.h">
      <Filter>MyEngine\.h\utility\DissolveEditor</Filter>
    </ClInclude>
    <ClInclude Include="Game\GameIntro\MovieLine.h">
      <Filter>Game\GameIntro</Filter>
    </ClInclude>
    <ClInclude Include="Game\LockOn\LockOnController.h">
      <Filter>Game\LockOn</Filter>
    </ClInclude>
    <ClInclude Include="Game\GameIntro\GameIntroManager.h">
      <Filter>Game\GameIntro</Filter>
    </ClInclude>
    <ClInclude Include="Game\GameIntro\BaseGameIntro.h">
      <Filter>Game\GameIntro</Filter>
    </ClInclude>
    <ClInclude Include="Game\GameIntro\IntroPurposeCutIn.h">
      <Filter>Game\GameIntro</Filter>
    </ClInclude>
    <ClInclude Include="Engine\Pipeline\Line3D\Line3DPipeline.h">
      <Filter>MyEngine\.h\Pipeline\Line3D</Filter>
    </ClInclude>
    <ClInclude Include="Engine\Pipeline\ShadowMap\ShadowMapPipeline.h">
      <Filter>MyEngine\.h\Pipeline\ShadowMap</Filter>
    </ClInclude>
    <ClInclude Include="Engine\Pipeline\Skinning\SkinningObject3DPipeline.h">
      <Filter>MyEngine\.h\Pipeline\Skinning</Filter>
    </ClInclude>
    <ClInclude Include="Engine\Pipeline\Skinning\SkinningCSPipeline.h">
      <Filter>MyEngine\.h\Pipeline\Skinning</Filter>
    </ClInclude>
    <ClInclude Include="Engine\Pipeline\Sprite\SpritePipeline.h">
      <Filter>MyEngine\.h\Pipeline\Sprite</Filter>
    </ClInclude>
    <ClInclude Include="Engine\Pipeline\Particle\ParticlePipeline.h">
      <Filter>MyEngine\.h\Pipeline\Particle</Filter>
    </ClInclude>
    <ClInclude Include="Engine\Pipeline\Object3D\Object3DPipeline.h">
      <Filter>MyEngine\.h\Pipeline\Object3D</Filter>
    </ClInclude>
    <ClInclude Include="Engine\Pipeline\PipelineManager.h">
      <Filter>MyEngine\.h\Pipeline</Filter>
    </ClInclude>
    <ClInclude Include="Engine\Pipeline\BasePipeline.h">
      <Filter>MyEngine\.h\Pipeline</Filter>
    </ClInclude>
    <ClInclude Include="Engine\Pipeline\BaseCSPipeline.h">
      <Filter>MyEngine\.h\Pipeline</Filter>
    </ClInclude>
    <ClInclude Include="Engine\Pipeline\CSPipelineManager.h">
      <Filter>MyEngine\.h\Pipeline</Filter>
    </ClInclude>
    <ClInclude Include="Engine\2d\SpriteRegistry.h">
      <Filter>MyEngine\.h\2d</Filter>
    </ClInclude>
    <ClInclude Include="Engine\GPUParticle\GPUParticleEmitter.h">
      <Filter>MyEngine\.h\GPUParticle</Filter>
    </ClInclude>
    <ClInclude Include="Engine\GPUParticle\Data\GPUParticleEmitterData.h">
      <Filter>MyEngine\.h\GPUParticle\Data</Filter>
    </ClInclude>
    <ClInclude Include="Engine\GPUParticle\Data\ParticleCSData.h">
      <Filter>MyEngine\.h\GPUParticle\Data</Filter>
    </ClInclude>
    <ClInclude Include="Engine\GPUParticle\ResourceCreator\GPUParticleResourceCreator.h">
      <Filter>MyEngine\.h\GPUParticle\ResourceCreator</Filter>
    </ClInclude>
    <ClInclude Include="Engine\Pipeline\Particle\CS\EmitParticlePipeline.h">
      <Filter>MyEngine\.h\Pipeline\Particle\CS</Filter>
    </ClInclude>
    <ClInclude Include="Engine\Pipeline\Particle\CS\InitParticlePipeline.h">
      <Filter>MyEngine\.h\Pipeline\Particle\CS</Filter>
    </ClInclude>
    <ClInclude Include="Engine\Pipeline\Particle\GPUParticlePipeline.h">
      <Filter>MyEngine\.h\Pipeline\Particle</Filter>
    </ClInclude>
    <ClInclude Include="Engine\GPUParticle\GPUParticleManager.h">
      <Filter>MyEngine\.h\GPUParticle</Filter>
    </ClInclude>
    <ClInclude Include="Engine\Material\GPUParticleMaterial.h">
      <Filter>MyEngine\.h\Material</Filter>
    </ClInclude>
    <ClInclude Include="Game\BackGroundObject\ComboLeve\StadiumLightEffect.h">
      <Filter>Game\BackGroundObject\ComboLevel</Filter>
    </ClInclude>
    <ClInclude Include="Game\BackGroundObject\ComboLeve\BaseComboLevelBackObj.h">
      <Filter>Game\BackGroundObject\ComboLevel</Filter>
    </ClInclude>
    <ClInclude Include="Game\BackGroundObject\ComboLeve\ComboLevelObjHolder.h">
      <Filter>Game\BackGroundObject\ComboLevel</Filter>
    </ClInclude>
    <ClInclude Include="Game\BackGroundObject\ComboLeve\SpeakerEffect.h">
      <Filter>Game\BackGroundObject\ComboLevel</Filter>
    </ClInclude>
    <ClInclude Include="Engine\Pipeline\SkyBox\SkyBoxPipeline.h">
      <Filter>MyEngine\.h\Pipeline\SkyBox</Filter>
    </ClInclude>
    <ClInclude Include="Game\Player\JumpAttackUI\JumpAttackUI.h">
      <Filter>Game\Player\JumpAttackUI</Filter>
    </ClInclude>
  </ItemGroup>
  <ItemGroup>
    <None Include=".editorconfig" />
    <None Include="resources\Shader\Object3d.hlsli">
      <Filter>リソースファイル</Filter>
    </None>
    <None Include="resources\Shader\Sprite.hlsli">
      <Filter>リソースファイル</Filter>
    </None>
    <None Include="resources\Shader\SkyBox.hlsli">
      <Filter>リソースファイル</Filter>
    </None>
    <None Include="resources\Shader\Line3D.hlsli">
      <Filter>リソースファイル</Filter>
    </None>
    <None Include="resources\Shader\Lighting\AreaLight.hlsli">
      <Filter>リソースファイル\Lighting</Filter>
    </None>
    <None Include="resources\Shader\Lighting\DirectionalLight.hlsli">
      <Filter>リソースファイル\Lighting</Filter>
    </None>
    <None Include="resources\Shader\Lighting\PointLight.hlsli">
      <Filter>リソースファイル\Lighting</Filter>
    </None>
    <None Include="resources\Shader\Lighting\SpotLight.hlsli">
      <Filter>リソースファイル\Lighting</Filter>
    </None>
    <None Include="resources\Shader\Lighting\AmbientLight.hlsli">
      <Filter>リソースファイル\Lighting</Filter>
    </None>
    <None Include="resources\Shader\Lighting\Light.hlsli">
      <Filter>リソースファイル\Lighting</Filter>
    </None>
    <None Include="resources\Shader\ShadowMap\ShadowMap.hlsli">
      <Filter>リソースファイル\ShadowMap</Filter>
    </None>
    <None Include="resources\Shader\PostEffect\Fullscreen.hlsli">
      <Filter>リソースファイル\PostEffect</Filter>
    </None>
    <None Include="resources\Shader\Skinning\SkinningObject3d.hlsli">
      <Filter>リソースファイル\Skinning</Filter>
    </None>
    <None Include="resources\Shader\Particle\Particle.hlsli">
      <Filter>リソースファイル\Particle</Filter>
    </None>
    <None Include="resources\Shader\Random\Random.hlsli">
      <Filter>リソースファイル\Random</Filter>
    </None>
  </ItemGroup>
  <ItemGroup>
    <FxCompile Include="resources\Shader\Object3d.PS.hlsl">
      <Filter>リソースファイル</Filter>
    </FxCompile>
    <FxCompile Include="resources\Shader\Object3d.VS.hlsl">
      <Filter>リソースファイル</Filter>
    </FxCompile>
    <FxCompile Include="resources\Shader\Sprite.PS.hlsl">
      <Filter>リソースファイル</Filter>
    </FxCompile>
    <FxCompile Include="resources\Shader\Sprite.VS.hlsl">
      <Filter>リソースファイル</Filter>
    </FxCompile>
    <FxCompile Include="resources\Shader\SkyBox.PS.hlsl">
      <Filter>リソースファイル</Filter>
    </FxCompile>
    <FxCompile Include="resources\Shader\SkyBox.VS.hlsl">
      <Filter>リソースファイル</Filter>
    </FxCompile>
    <FxCompile Include="resources\Shader\Line3D.PS.hlsl">
      <Filter>リソースファイル</Filter>
    </FxCompile>
    <FxCompile Include="resources\Shader\Line3D.VS.hlsl">
      <Filter>リソースファイル</Filter>
    </FxCompile>
    <FxCompile Include="resources\Shader\PostEffect\Random.PS.hlsl">
      <Filter>リソースファイル\PostEffect</Filter>
    </FxCompile>
    <FxCompile Include="resources\Shader\PostEffect\Vignette.PS.hlsl">
      <Filter>リソースファイル\PostEffect</Filter>
    </FxCompile>
    <FxCompile Include="resources\Shader\PostEffect\BoxFilter.PS.hlsl">
      <Filter>リソースファイル\PostEffect</Filter>
    </FxCompile>
    <FxCompile Include="resources\Shader\PostEffect\DepthBasedOutline.PS.hlsl">
      <Filter>リソースファイル\PostEffect</Filter>
    </FxCompile>
    <FxCompile Include="resources\Shader\PostEffect\Dissolve.PS.hlsl">
      <Filter>リソースファイル\PostEffect</Filter>
    </FxCompile>
    <FxCompile Include="resources\Shader\PostEffect\Fullscreen.PS.hlsl">
      <Filter>リソースファイル\PostEffect</Filter>
    </FxCompile>
    <FxCompile Include="resources\Shader\PostEffect\Fullscreen.VS.hlsl">
      <Filter>リソースファイル\PostEffect</Filter>
    </FxCompile>
    <FxCompile Include="resources\Shader\PostEffect\GaussianFilter.PS.hlsl">
      <Filter>リソースファイル\PostEffect</Filter>
    </FxCompile>
    <FxCompile Include="resources\Shader\PostEffect\Grayscale.PS.hlsl">
      <Filter>リソースファイル\PostEffect</Filter>
    </FxCompile>
    <FxCompile Include="resources\Shader\PostEffect\LuminanceBasedOutline.PS.hlsl">
      <Filter>リソースファイル\PostEffect</Filter>
    </FxCompile>
    <FxCompile Include="resources\Shader\PostEffect\RadialBlur.PS.hlsl">
      <Filter>リソースファイル\PostEffect</Filter>
    </FxCompile>
    <FxCompile Include="resources\Shader\ShadowMap\ShadowMap.PS.hlsl">
      <Filter>リソースファイル\ShadowMap</Filter>
    </FxCompile>
    <FxCompile Include="resources\Shader\ShadowMap\ShadowMap.VS.hlsl">
      <Filter>リソースファイル\ShadowMap</Filter>
    </FxCompile>
    <FxCompile Include="resources\Shader\Skinning\Skinning.CS.hlsl">
      <Filter>リソースファイル\Skinning</Filter>
    </FxCompile>
    <FxCompile Include="resources\Shader\Skinning\SkinningObject3d.VS.hlsl">
      <Filter>リソースファイル\Skinning</Filter>
    </FxCompile>
    <FxCompile Include="resources\Shader\Particle\Particle.PS.hlsl">
      <Filter>リソースファイル\Particle</Filter>
    </FxCompile>
    <FxCompile Include="resources\Shader\Particle\Particle.VS.hlsl">
      <Filter>リソースファイル\Particle</Filter>
    </FxCompile>
    <FxCompile Include="resources\Shader\Particle\CS\EmitParticle.CS.hlsl">
      <Filter>リソースファイル\Particle\CS</Filter>
    </FxCompile>
    <FxCompile Include="resources\Shader\Particle\CS\InitParticle.CS.hlsl">
      <Filter>リソースファイル\Particle\CS</Filter>
    </FxCompile>
    <FxCompile Include="resources\Shader\Particle\GPUParticle.VS.hlsl">
      <Filter>リソースファイル\Particle</Filter>
    </FxCompile>
    <FxCompile Include="resources\Shader\Particle\GPUParticle.PS.hlsl">
      <Filter>リソースファイル\Particle</Filter>
    </FxCompile>
  </ItemGroup>
</Project>